<?xml version="1.0" encoding="UTF-8"?>
<Project ToolsVersion="14.0" xmlns="http://schemas.microsoft.com/developer/msbuild/2003">
  <ItemGroup>
    <ClCompile Include="D:\Development\Git\LibVertexPerfect\Libs\bulletphysics\examples\ThirdPartyLibs\Glew\glew.c">
      <Filter>Source Files</Filter>
    </ClCompile>
    <ClCompile Include="D:\Development\Git\LibVertexPerfect\Libs\bulletphysics\examples\OpenGLWindow\Win32OpenGLWindow.cpp">
      <Filter>Source Files</Filter>
    </ClCompile>
    <ClCompile Include="D:\Development\Git\LibVertexPerfect\Libs\bulletphysics\examples\OpenGLWindow\Win32Window.cpp">
      <Filter>Source Files</Filter>
    </ClCompile>
    <ClCompile Include="D:\Development\Git\LibVertexPerfect\Libs\bulletphysics\examples\OpenGLWindow\EGLOpenGLWindow.cpp">
      <Filter>Source Files</Filter>
    </ClCompile>
    <ClCompile Include="D:\Development\Git\LibVertexPerfect\Libs\bulletphysics\examples\OpenGLWindow\GLInstancingRenderer.cpp">
      <Filter>Source Files</Filter>
    </ClCompile>
    <ClCompile Include="D:\Development\Git\LibVertexPerfect\Libs\bulletphysics\examples\OpenGLWindow\GLPrimitiveRenderer.cpp">
      <Filter>Source Files</Filter>
    </ClCompile>
    <ClCompile Include="D:\Development\Git\LibVertexPerfect\Libs\bulletphysics\examples\OpenGLWindow\GLRenderToTexture.cpp">
      <Filter>Source Files</Filter>
    </ClCompile>
    <ClCompile Include="D:\Development\Git\LibVertexPerfect\Libs\bulletphysics\examples\OpenGLWindow\LoadShader.cpp">
      <Filter>Source Files</Filter>
    </ClCompile>
    <ClCompile Include="D:\Development\Git\LibVertexPerfect\Libs\bulletphysics\examples\OpenGLWindow\OpenSans.cpp">
      <Filter>Source Files</Filter>
    </ClCompile>
    <ClCompile Include="D:\Development\Git\LibVertexPerfect\Libs\bulletphysics\examples\OpenGLWindow\SimpleCamera.cpp">
      <Filter>Source Files</Filter>
    </ClCompile>
    <ClCompile Include="D:\Development\Git\LibVertexPerfect\Libs\bulletphysics\examples\OpenGLWindow\SimpleOpenGL2App.cpp">
      <Filter>Source Files</Filter>
    </ClCompile>
    <ClCompile Include="D:\Development\Git\LibVertexPerfect\Libs\bulletphysics\examples\OpenGLWindow\SimpleOpenGL2Renderer.cpp">
      <Filter>Source Files</Filter>
    </ClCompile>
    <ClCompile Include="D:\Development\Git\LibVertexPerfect\Libs\bulletphysics\examples\OpenGLWindow\SimpleOpenGL3App.cpp">
      <Filter>Source Files</Filter>
    </ClCompile>
    <ClCompile Include="D:\Development\Git\LibVertexPerfect\Libs\bulletphysics\examples\OpenGLWindow\TwFonts.cpp">
      <Filter>Source Files</Filter>
    </ClCompile>
    <ClCompile Include="D:\Development\Git\LibVertexPerfect\Libs\bulletphysics\examples\OpenGLWindow\fontstash.cpp">
      <Filter>Source Files</Filter>
    </ClCompile>
    <ClCompile Include="D:\Development\Git\LibVertexPerfect\Libs\bulletphysics\examples\OpenGLWindow\opengl_fontstashcallbacks.cpp">
      <Filter>Source Files</Filter>
    </ClCompile>
  </ItemGroup>
  <ItemGroup>
    <ClInclude Include="D:\Development\Git\LibVertexPerfect\Libs\bulletphysics\examples\OpenGLWindow\EGLOpenGLWindow.h">
      <Filter>Header Files</Filter>
    </ClInclude>
    <ClInclude Include="D:\Development\Git\LibVertexPerfect\Libs\bulletphysics\examples\OpenGLWindow\GLInstanceGraphicsShape.h">
      <Filter>Header Files</Filter>
    </ClInclude>
    <ClInclude Include="D:\Development\Git\LibVertexPerfect\Libs\bulletphysics\examples\OpenGLWindow\GLInstanceRendererInternalData.h">
      <Filter>Header Files</Filter>
    </ClInclude>
    <ClInclude Include="D:\Development\Git\LibVertexPerfect\Libs\bulletphysics\examples\OpenGLWindow\GLInstancingRenderer.h">
      <Filter>Header Files</Filter>
    </ClInclude>
    <ClInclude Include="D:\Development\Git\LibVertexPerfect\Libs\bulletphysics\examples\OpenGLWindow\GLPrimInternalData.h">
      <Filter>Header Files</Filter>
    </ClInclude>
    <ClInclude Include="D:\Development\Git\LibVertexPerfect\Libs\bulletphysics\examples\OpenGLWindow\GLPrimitiveRenderer.h">
      <Filter>Header Files</Filter>
    </ClInclude>
    <ClInclude Include="D:\Development\Git\LibVertexPerfect\Libs\bulletphysics\examples\OpenGLWindow\GLRenderToTexture.h">
      <Filter>Header Files</Filter>
    </ClInclude>
    <ClInclude Include="D:\Development\Git\LibVertexPerfect\Libs\bulletphysics\examples\OpenGLWindow\GwenOpenGL3CoreRenderer.h">
      <Filter>Header Files</Filter>
    </ClInclude>
    <ClInclude Include="D:\Development\Git\LibVertexPerfect\Libs\bulletphysics\examples\OpenGLWindow\LoadShader.h">
      <Filter>Header Files</Filter>
    </ClInclude>
    <ClInclude Include="D:\Development\Git\LibVertexPerfect\Libs\bulletphysics\examples\OpenGLWindow\MacOpenGLWindow.h">
      <Filter>Header Files</Filter>
    </ClInclude>
    <ClInclude Include="D:\Development\Git\LibVertexPerfect\Libs\bulletphysics\examples\OpenGLWindow\OpenGL2Include.h">
      <Filter>Header Files</Filter>
    </ClInclude>
    <ClInclude Include="D:\Development\Git\LibVertexPerfect\Libs\bulletphysics\examples\OpenGLWindow\OpenGLInclude.h">
      <Filter>Header Files</Filter>
    </ClInclude>
    <ClInclude Include="D:\Development\Git\LibVertexPerfect\Libs\bulletphysics\examples\OpenGLWindow\ShapeData.h">
      <Filter>Header Files</Filter>
    </ClInclude>
    <ClInclude Include="D:\Development\Git\LibVertexPerfect\Libs\bulletphysics\examples\OpenGLWindow\SimpleCamera.h">
      <Filter>Header Files</Filter>
    </ClInclude>
    <ClInclude Include="D:\Development\Git\LibVertexPerfect\Libs\bulletphysics\examples\OpenGLWindow\SimpleOpenGL2App.h">
      <Filter>Header Files</Filter>
    </ClInclude>
    <ClInclude Include="D:\Development\Git\LibVertexPerfect\Libs\bulletphysics\examples\OpenGLWindow\SimpleOpenGL2Renderer.h">
      <Filter>Header Files</Filter>
    </ClInclude>
    <ClInclude Include="D:\Development\Git\LibVertexPerfect\Libs\bulletphysics\examples\OpenGLWindow\SimpleOpenGL3App.h">
      <Filter>Header Files</Filter>
    </ClInclude>
    <ClInclude Include="D:\Development\Git\LibVertexPerfect\Libs\bulletphysics\examples\OpenGLWindow\TwFonts.h">
      <Filter>Header Files</Filter>
    </ClInclude>
    <ClInclude Include="D:\Development\Git\LibVertexPerfect\Libs\bulletphysics\examples\OpenGLWindow\Win32InternalWindowData.h">
      <Filter>Header Files</Filter>
    </ClInclude>
    <ClInclude Include="D:\Development\Git\LibVertexPerfect\Libs\bulletphysics\examples\OpenGLWindow\Win32OpenGLWindow.h">
      <Filter>Header Files</Filter>
    </ClInclude>
    <ClInclude Include="D:\Development\Git\LibVertexPerfect\Libs\bulletphysics\examples\OpenGLWindow\Win32Window.h">
      <Filter>Header Files</Filter>
    </ClInclude>
    <ClInclude Include="D:\Development\Git\LibVertexPerfect\Libs\bulletphysics\examples\OpenGLWindow\X11OpenGLWindow.h">
      <Filter>Header Files</Filter>
    </ClInclude>
    <ClInclude Include="D:\Development\Git\LibVertexPerfect\Libs\bulletphysics\examples\OpenGLWindow\fontstash.h">
      <Filter>Header Files</Filter>
    </ClInclude>
    <ClInclude Include="D:\Development\Git\LibVertexPerfect\Libs\bulletphysics\examples\OpenGLWindow\opengl_fontstashcallbacks.h">
      <Filter>Header Files</Filter>
    </ClInclude>
    <ClInclude Include="D:\Development\Git\LibVertexPerfect\Libs\bulletphysics\examples\OpenGLWindow\stb_image_write.h">
      <Filter>Header Files</Filter>
    </ClInclude>
    <ClInclude Include="D:\Development\Git\LibVertexPerfect\Libs\bulletphysics\examples\OpenGLWindow\stb_truetype.h">
      <Filter>Header Files</Filter>
    </ClInclude>
  </ItemGroup>
  <ItemGroup>
    <CustomBuild Include="D:\Development\Git\LibVertexPerfect\Libs\bulletphysics\examples\OpenGLWindow\CMakeLists.txt" />
  </ItemGroup>
  <ItemGroup>
    <Filter Include="Source Files">
      <UniqueIdentifier>{9EE3D89C-8C82-3903-B8E2-A28D775A59D7}</UniqueIdentifier>
    </Filter>
    <Filter Include="Header Files">
      <UniqueIdentifier>{B9F84514-B438-332A-8DEC-6F55764B6958}</UniqueIdentifier>
    </Filter>
  </ItemGroup>
</Project>
