<?xml version="1.0" encoding="UTF-8"?>
<Project ToolsVersion="14.0" xmlns="http://schemas.microsoft.com/developer/msbuild/2003">
  <ItemGroup>
    <ClCompile Include="D:\Development\Git\LibVertexPerfect\Libs\bulletphysics\src\LinearMath\btAlignedAllocator.cpp">
      <Filter>Source Files</Filter>
    </ClCompile>
    <ClCompile Include="D:\Development\Git\LibVertexPerfect\Libs\bulletphysics\src\LinearMath\btConvexHull.cpp">
      <Filter>Source Files</Filter>
    </ClCompile>
    <ClCompile Include="D:\Development\Git\LibVertexPerfect\Libs\bulletphysics\src\LinearMath\btConvexHullComputer.cpp">
      <Filter>Source Files</Filter>
    </ClCompile>
    <ClCompile Include="D:\Development\Git\LibVertexPerfect\Libs\bulletphysics\src\LinearMath\btGeometryUtil.cpp">
      <Filter>Source Files</Filter>
    </ClCompile>
    <ClCompile Include="D:\Development\Git\LibVertexPerfect\Libs\bulletphysics\src\LinearMath\btPolarDecomposition.cpp">
      <Filter>Source Files</Filter>
    </ClCompile>
    <ClCompile Include="D:\Development\Git\LibVertexPerfect\Libs\bulletphysics\src\LinearMath\btQuickprof.cpp">
      <Filter>Source Files</Filter>
    </ClCompile>
    <ClCompile Include="D:\Development\Git\LibVertexPerfect\Libs\bulletphysics\src\LinearMath\btSerializer.cpp">
      <Filter>Source Files</Filter>
    </ClCompile>
    <ClCompile Include="D:\Development\Git\LibVertexPerfect\Libs\bulletphysics\src\LinearMath\btThreads.cpp">
      <Filter>Source Files</Filter>
    </ClCompile>
    <ClCompile Include="D:\Development\Git\LibVertexPerfect\Libs\bulletphysics\src\LinearMath\btVector3.cpp">
      <Filter>Source Files</Filter>
    </ClCompile>
  </ItemGroup>
  <ItemGroup>
    <ClInclude Include="D:\Development\Git\LibVertexPerfect\Libs\bulletphysics\src\LinearMath\btAabbUtil2.h">
      <Filter>Header Files</Filter>
    </ClInclude>
    <ClInclude Include="D:\Development\Git\LibVertexPerfect\Libs\bulletphysics\src\LinearMath\btAlignedAllocator.h">
      <Filter>Header Files</Filter>
    </ClInclude>
    <ClInclude Include="D:\Development\Git\LibVertexPerfect\Libs\bulletphysics\src\LinearMath\btAlignedObjectArray.h">
      <Filter>Header Files</Filter>
    </ClInclude>
    <ClInclude Include="D:\Development\Git\LibVertexPerfect\Libs\bulletphysics\src\LinearMath\btConvexHull.h">
      <Filter>Header Files</Filter>
    </ClInclude>
    <ClInclude Include="D:\Development\Git\LibVertexPerfect\Libs\bulletphysics\src\LinearMath\btConvexHullComputer.h">
      <Filter>Header Files</Filter>
    </ClInclude>
    <ClInclude Include="D:\Development\Git\LibVertexPerfect\Libs\bulletphysics\src\LinearMath\btDefaultMotionState.h">
      <Filter>Header Files</Filter>
    </ClInclude>
    <ClInclude Include="D:\Development\Git\LibVertexPerfect\Libs\bulletphysics\src\LinearMath\btGeometryUtil.h">
      <Filter>Header Files</Filter>
    </ClInclude>
    <ClInclude Include="D:\Development\Git\LibVertexPerfect\Libs\bulletphysics\src\LinearMath\btGrahamScan2dConvexHull.h">
      <Filter>Header Files</Filter>
    </ClInclude>
    <ClInclude Include="D:\Development\Git\LibVertexPerfect\Libs\bulletphysics\src\LinearMath\btHashMap.h">
      <Filter>Header Files</Filter>
    </ClInclude>
    <ClInclude Include="D:\Development\Git\LibVertexPerfect\Libs\bulletphysics\src\LinearMath\btIDebugDraw.h">
      <Filter>Header Files</Filter>
    </ClInclude>
    <ClInclude Include="D:\Development\Git\LibVertexPerfect\Libs\bulletphysics\src\LinearMath\btList.h">
      <Filter>Header Files</Filter>
    </ClInclude>
    <ClInclude Include="D:\Development\Git\LibVertexPerfect\Libs\bulletphysics\src\LinearMath\btMatrix3x3.h">
      <Filter>Header Files</Filter>
    </ClInclude>
    <ClInclude Include="D:\Development\Git\LibVertexPerfect\Libs\bulletphysics\src\LinearMath\btMinMax.h">
      <Filter>Header Files</Filter>
    </ClInclude>
    <ClInclude Include="D:\Development\Git\LibVertexPerfect\Libs\bulletphysics\src\LinearMath\btMotionState.h">
      <Filter>Header Files</Filter>
    </ClInclude>
    <ClInclude Include="D:\Development\Git\LibVertexPerfect\Libs\bulletphysics\src\LinearMath\btPolarDecomposition.h">
      <Filter>Header Files</Filter>
    </ClInclude>
    <ClInclude Include="D:\Development\Git\LibVertexPerfect\Libs\bulletphysics\src\LinearMath\btPoolAllocator.h">
      <Filter>Header Files</Filter>
    </ClInclude>
    <ClInclude Include="D:\Development\Git\LibVertexPerfect\Libs\bulletphysics\src\LinearMath\btQuadWord.h">
      <Filter>Header Files</Filter>
    </ClInclude>
    <ClInclude Include="D:\Development\Git\LibVertexPerfect\Libs\bulletphysics\src\LinearMath\btQuaternion.h">
      <Filter>Header Files</Filter>
    </ClInclude>
    <ClInclude Include="D:\Development\Git\LibVertexPerfect\Libs\bulletphysics\src\LinearMath\btQuickprof.h">
      <Filter>Header Files</Filter>
    </ClInclude>
    <ClInclude Include="D:\Development\Git\LibVertexPerfect\Libs\bulletphysics\src\LinearMath\btRandom.h">
      <Filter>Header Files</Filter>
    </ClInclude>
    <ClInclude Include="D:\Development\Git\LibVertexPerfect\Libs\bulletphysics\src\LinearMath\btScalar.h">
      <Filter>Header Files</Filter>
    </ClInclude>
    <ClInclude Include="D:\Development\Git\LibVertexPerfect\Libs\bulletphysics\src\LinearMath\btSerializer.h">
      <Filter>Header Files</Filter>
    </ClInclude>
    <ClInclude Include="D:\Development\Git\LibVertexPerfect\Libs\bulletphysics\src\LinearMath\btStackAlloc.h">
      <Filter>Header Files</Filter>
    </ClInclude>
    <ClInclude Include="D:\Development\Git\LibVertexPerfect\Libs\bulletphysics\src\LinearMath\btThreads.h">
      <Filter>Header Files</Filter>
    </ClInclude>
    <ClInclude Include="D:\Development\Git\LibVertexPerfect\Libs\bulletphysics\src\LinearMath\btTransform.h">
      <Filter>Header Files</Filter>
    </ClInclude>
    <ClInclude Include="D:\Development\Git\LibVertexPerfect\Libs\bulletphysics\src\LinearMath\btTransformUtil.h">
      <Filter>Header Files</Filter>
    </ClInclude>
    <ClInclude Include="D:\Development\Git\LibVertexPerfect\Libs\bulletphysics\src\LinearMath\btVector3.h">
      <Filter>Header Files</Filter>
    </ClInclude>
  </ItemGroup>
  <ItemGroup>
    <CustomBuild Include="D:\Development\Git\LibVertexPerfect\Libs\bulletphysics\src\LinearMath\CMakeLists.txt" />
  </ItemGroup>
  <ItemGroup>
    <Filter Include="Source Files">
      <UniqueIdentifier>{9EE3D89C-8C82-3903-B8E2-A28D775A59D7}</UniqueIdentifier>
    </Filter>
    <Filter Include="Header Files">
      <UniqueIdentifier>{B9F84514-B438-332A-8DEC-6F55764B6958}</UniqueIdentifier>
    </Filter>
  </ItemGroup>
</Project>
