Microsoft Visual Studio Solution File, Format Version 12.00
# Visual Studio 14
Project("{2150E333-8FDC-42A3-9474-1A3956D46DE8}") = "CMakePredefinedTargets", "CMakePredefinedTargets", "{4EA9F601-BB12-3D90-A00E-3B2BC9813C03}"
EndProject
Project("{2150E333-8FDC-42A3-9474-1A3956D46DE8}") = "entityx", "entityx", "{845D53BF-10B4-3402-BB38-C2A8A72EB667}"
EndProject
Project("{2150E333-8FDC-42A3-9474-1A3956D46DE8}") = "tests", "entityx\tests", "{B729375C-CC08-3C5E-B68D-993F18C4C7C7}"
EndProject
Project("{8BC9CEB8-8B4A-11D0-8D11-00A0C91BC942}") = "ALL_BUILD", "ALL_BUILD.vcxproj", "{8B06A0DB-5030-3155-A6D0-85D9C12C97E0}"
	ProjectSection(ProjectDependencies) = postProject
		{DAF35872-7FBF-38EB-B3B9-9B54AAD27782} = {DAF35872-7FBF-38EB-B3B9-9B54AAD27782}
		{DF5A3F00-AAA7-37E4-A63D-7FA6C90FDCCE} = {DF5A3F00-AAA7-37E4-A63D-7FA6C90FDCCE}
		{66D75DED-0CEE-31FA-AA19-6DDC09C28984} = {66D75DED-0CEE-31FA-AA19-6DDC09C28984}
		{96FE7BA2-7DB7-3DFA-B2F4-25630223EA12} = {96FE7BA2-7DB7-3DFA-B2F4-25630223EA12}
		{0CC7FD2A-D864-3B5A-8912-25BEF65C668F} = {0CC7FD2A-D864-3B5A-8912-25BEF65C668F}
		{AAF816DA-5080-35AB-B22D-98F1044F2769} = {AAF816DA-5080-35AB-B22D-98F1044F2769}
		{BFAA1AE0-3E39-37A0-85A7-2D33A97D5153} = {BFAA1AE0-3E39-37A0-85A7-2D33A97D5153}
		{9EAF5D1A-2E80-3C83-9BD6-8F380312C2BE} = {9EAF5D1A-2E80-3C83-9BD6-8F380312C2BE}
		{BC66C3CF-C3B7-377B-B296-9B12AFFA94E9} = {BC66C3CF-C3B7-377B-B296-9B12AFFA94E9}
	EndProjectSection
EndProject
Project("{8BC9CEB8-8B4A-11D0-8D11-00A0C91BC942}") = "INSTALL", "INSTALL.vcxproj", "{74A02A8F-2A70-3F55-84B8-21ED167616CA}"
	ProjectSection(ProjectDependencies) = postProject
		{8B06A0DB-5030-3155-A6D0-85D9C12C97E0} = {8B06A0DB-5030-3155-A6D0-85D9C12C97E0}
		{DAF35872-7FBF-38EB-B3B9-9B54AAD27782} = {DAF35872-7FBF-38EB-B3B9-9B54AAD27782}
	EndProjectSection
EndProject
Project("{8BC9CEB8-8B4A-11D0-8D11-00A0C91BC942}") = "RUN_TESTS", "RUN_TESTS.vcxproj", "{5B11B532-D443-32CB-A9AE-374D29C415AF}"
	ProjectSection(ProjectDependencies) = postProject
		{DAF35872-7FBF-38EB-B3B9-9B54AAD27782} = {DAF35872-7FBF-38EB-B3B9-9B54AAD27782}
	EndProjectSection
EndProject
Project("{8BC9CEB8-8B4A-11D0-8D11-00A0C91BC942}") = "ZERO_CHECK", "ZERO_CHECK.vcxproj", "{DAF35872-7FBF-38EB-B3B9-9B54AAD27782}"
	ProjectSection(ProjectDependencies) = postProject
	EndProjectSection
EndProject
Project("{8BC9CEB8-8B4A-11D0-8D11-00A0C91BC942}") = "benchmarks_test", "benchmarks_test.vcxproj", "{DF5A3F00-AAA7-37E4-A63D-7FA6C90FDCCE}"
	ProjectSection(ProjectDependencies) = postProject
		{DAF35872-7FBF-38EB-B3B9-9B54AAD27782} = {DAF35872-7FBF-38EB-B3B9-9B54AAD27782}
		{0CC7FD2A-D864-3B5A-8912-25BEF65C668F} = {0CC7FD2A-D864-3B5A-8912-25BEF65C668F}
	EndProjectSection
EndProject
Project("{8BC9CEB8-8B4A-11D0-8D11-00A0C91BC942}") = "dependencies_test", "dependencies_test.vcxproj", "{66D75DED-0CEE-31FA-AA19-6DDC09C28984}"
	ProjectSection(ProjectDependencies) = postProject
		{DAF35872-7FBF-38EB-B3B9-9B54AAD27782} = {DAF35872-7FBF-38EB-B3B9-9B54AAD27782}
		{0CC7FD2A-D864-3B5A-8912-25BEF65C668F} = {0CC7FD2A-D864-3B5A-8912-25BEF65C668F}
	EndProjectSection
EndProject
Project("{8BC9CEB8-8B4A-11D0-8D11-00A0C91BC942}") = "entity_test", "entity_test.vcxproj", "{96FE7BA2-7DB7-3DFA-B2F4-25630223EA12}"
	ProjectSection(ProjectDependencies) = postProject
		{DAF35872-7FBF-38EB-B3B9-9B54AAD27782} = {DAF35872-7FBF-38EB-B3B9-9B54AAD27782}
		{0CC7FD2A-D864-3B5A-8912-25BEF65C668F} = {0CC7FD2A-D864-3B5A-8912-25BEF65C668F}
	EndProjectSection
EndProject
Project("{8BC9CEB8-8B4A-11D0-8D11-00A0C91BC942}") = "entityx", "entityx.vcxproj", "{0CC7FD2A-D864-3B5A-8912-25BEF65C668F}"
	ProjectSection(ProjectDependencies) = postProject
		{DAF35872-7FBF-38EB-B3B9-9B54AAD27782} = {DAF35872-7FBF-38EB-B3B9-9B54AAD27782}
	EndProjectSection
EndProject
Project("{8BC9CEB8-8B4A-11D0-8D11-00A0C91BC942}") = "event_test", "event_test.vcxproj", "{AAF816DA-5080-35AB-B22D-98F1044F2769}"
	ProjectSection(ProjectDependencies) = postProject
		{DAF35872-7FBF-38EB-B3B9-9B54AAD27782} = {DAF35872-7FBF-38EB-B3B9-9B54AAD27782}
		{0CC7FD2A-D864-3B5A-8912-25BEF65C668F} = {0CC7FD2A-D864-3B5A-8912-25BEF65C668F}
	EndProjectSection
EndProject
Project("{8BC9CEB8-8B4A-11D0-8D11-00A0C91BC942}") = "pool_test", "pool_test.vcxproj", "{BFAA1AE0-3E39-37A0-85A7-2D33A97D5153}"
	ProjectSection(ProjectDependencies) = postProject
		{DAF35872-7FBF-38EB-B3B9-9B54AAD27782} = {DAF35872-7FBF-38EB-B3B9-9B54AAD27782}
		{0CC7FD2A-D864-3B5A-8912-25BEF65C668F} = {0CC7FD2A-D864-3B5A-8912-25BEF65C668F}
	EndProjectSection
EndProject
Project("{8BC9CEB8-8B4A-11D0-8D11-00A0C91BC942}") = "system_test", "system_test.vcxproj", "{9EAF5D1A-2E80-3C83-9BD6-8F380312C2BE}"
	ProjectSection(ProjectDependencies) = postProject
		{DAF35872-7FBF-38EB-B3B9-9B54AAD27782} = {DAF35872-7FBF-38EB-B3B9-9B54AAD27782}
		{0CC7FD2A-D864-3B5A-8912-25BEF65C668F} = {0CC7FD2A-D864-3B5A-8912-25BEF65C668F}
	EndProjectSection
EndProject
Project("{8BC9CEB8-8B4A-11D0-8D11-00A0C91BC942}") = "tags_component_test", "tags_component_test.vcxproj", "{BC66C3CF-C3B7-377B-B296-9B12AFFA94E9}"
	ProjectSection(ProjectDependencies) = postProject
		{DAF35872-7FBF-38EB-B3B9-9B54AAD27782} = {DAF35872-7FBF-38EB-B3B9-9B54AAD27782}
		{0CC7FD2A-D864-3B5A-8912-25BEF65C668F} = {0CC7FD2A-D864-3B5A-8912-25BEF65C668F}
	EndProjectSection
EndProject
Global
	GlobalSection(SolutionConfigurationPlatforms) = preSolution
		Debug|Win32 = Debug|Win32
		Release|Win32 = Release|Win32
		MinSizeRel|Win32 = MinSizeRel|Win32
		RelWithDebInfo|Win32 = RelWithDebInfo|Win32
	EndGlobalSection
	GlobalSection(ProjectConfigurationPlatforms) = postSolution
		{8B06A0DB-5030-3155-A6D0-85D9C12C97E0}.Debug|Win32.ActiveCfg = Debug|Win32
		{8B06A0DB-5030-3155-A6D0-85D9C12C97E0}.Debug|Win32.Build.0 = Debug|Win32
		{8B06A0DB-5030-3155-A6D0-85D9C12C97E0}.Release|Win32.ActiveCfg = Release|Win32
		{8B06A0DB-5030-3155-A6D0-85D9C12C97E0}.Release|Win32.Build.0 = Release|Win32
		{8B06A0DB-5030-3155-A6D0-85D9C12C97E0}.MinSizeRel|Win32.ActiveCfg = MinSizeRel|Win32
		{8B06A0DB-5030-3155-A6D0-85D9C12C97E0}.MinSizeRel|Win32.Build.0 = MinSizeRel|Win32
		{8B06A0DB-5030-3155-A6D0-85D9C12C97E0}.RelWithDebInfo|Win32.ActiveCfg = RelWithDebInfo|Win32
		{8B06A0DB-5030-3155-A6D0-85D9C12C97E0}.RelWithDebInfo|Win32.Build.0 = RelWithDebInfo|Win32
		{74A02A8F-2A70-3F55-84B8-21ED167616CA}.Debug|Win32.ActiveCfg = Debug|Win32
		{74A02A8F-2A70-3F55-84B8-21ED167616CA}.Release|Win32.ActiveCfg = Release|Win32
		{74A02A8F-2A70-3F55-84B8-21ED167616CA}.MinSizeRel|Win32.ActiveCfg = MinSizeRel|Win32
		{74A02A8F-2A70-3F55-84B8-21ED167616CA}.RelWithDebInfo|Win32.ActiveCfg = RelWithDebInfo|Win32
		{5B11B532-D443-32CB-A9AE-374D29C415AF}.Debug|Win32.ActiveCfg = Debug|Win32
		{5B11B532-D443-32CB-A9AE-374D29C415AF}.Release|Win32.ActiveCfg = Release|Win32
		{5B11B532-D443-32CB-A9AE-374D29C415AF}.MinSizeRel|Win32.ActiveCfg = MinSizeRel|Win32
		{5B11B532-D443-32CB-A9AE-374D29C415AF}.RelWithDebInfo|Win32.ActiveCfg = RelWithDebInfo|Win32
		{DAF35872-7FBF-38EB-B3B9-9B54AAD27782}.Debug|Win32.ActiveCfg = Debug|Win32
		{DAF35872-7FBF-38EB-B3B9-9B54AAD27782}.Debug|Win32.Build.0 = Debug|Win32
		{DAF35872-7FBF-38EB-B3B9-9B54AAD27782}.Release|Win32.ActiveCfg = Release|Win32
		{DAF35872-7FBF-38EB-B3B9-9B54AAD27782}.Release|Win32.Build.0 = Release|Win32
		{DAF35872-7FBF-38EB-B3B9-9B54AAD27782}.MinSizeRel|Win32.ActiveCfg = MinSizeRel|Win32
		{DAF35872-7FBF-38EB-B3B9-9B54AAD27782}.MinSizeRel|Win32.Build.0 = MinSizeRel|Win32
		{DAF35872-7FBF-38EB-B3B9-9B54AAD27782}.RelWithDebInfo|Win32.ActiveCfg = RelWithDebInfo|Win32
		{DAF35872-7FBF-38EB-B3B9-9B54AAD27782}.RelWithDebInfo|Win32.Build.0 = RelWithDebInfo|Win32
		{DF5A3F00-AAA7-37E4-A63D-7FA6C90FDCCE}.Debug|Win32.ActiveCfg = Debug|Win32
		{DF5A3F00-AAA7-37E4-A63D-7FA6C90FDCCE}.Debug|Win32.Build.0 = Debug|Win32
		{DF5A3F00-AAA7-37E4-A63D-7FA6C90FDCCE}.Release|Win32.ActiveCfg = Release|Win32
		{DF5A3F00-AAA7-37E4-A63D-7FA6C90FDCCE}.Release|Win32.Build.0 = Release|Win32
		{DF5A3F00-AAA7-37E4-A63D-7FA6C90FDCCE}.MinSizeRel|Win32.ActiveCfg = MinSizeRel|Win32
		{DF5A3F00-AAA7-37E4-A63D-7FA6C90FDCCE}.MinSizeRel|Win32.Build.0 = MinSizeRel|Win32
		{DF5A3F00-AAA7-37E4-A63D-7FA6C90FDCCE}.RelWithDebInfo|Win32.ActiveCfg = RelWithDebInfo|Win32
		{DF5A3F00-AAA7-37E4-A63D-7FA6C90FDCCE}.RelWithDebInfo|Win32.Build.0 = RelWithDebInfo|Win32
		{66D75DED-0CEE-31FA-AA19-6DDC09C28984}.Debug|Win32.ActiveCfg = Debug|Win32
		{66D75DED-0CEE-31FA-AA19-6DDC09C28984}.Debug|Win32.Build.0 = Debug|Win32
		{66D75DED-0CEE-31FA-AA19-6DDC09C28984}.Release|Win32.ActiveCfg = Release|Win32
		{66D75DED-0CEE-31FA-AA19-6DDC09C28984}.Release|Win32.Build.0 = Release|Win32
		{66D75DED-0CEE-31FA-AA19-6DDC09C28984}.MinSizeRel|Win32.ActiveCfg = MinSizeRel|Win32
		{66D75DED-0CEE-31FA-AA19-6DDC09C28984}.MinSizeRel|Win32.Build.0 = MinSizeRel|Win32
		{66D75DED-0CEE-31FA-AA19-6DDC09C28984}.RelWithDebInfo|Win32.ActiveCfg = RelWithDebInfo|Win32
		{66D75DED-0CEE-31FA-AA19-6DDC09C28984}.RelWithDebInfo|Win32.Build.0 = RelWithDebInfo|Win32
		{96FE7BA2-7DB7-3DFA-B2F4-25630223EA12}.Debug|Win32.ActiveCfg = Debug|Win32
		{96FE7BA2-7DB7-3DFA-B2F4-25630223EA12}.Debug|Win32.Build.0 = Debug|Win32
		{96FE7BA2-7DB7-3DFA-B2F4-25630223EA12}.Release|Win32.ActiveCfg = Release|Win32
		{96FE7BA2-7DB7-3DFA-B2F4-25630223EA12}.Release|Win32.Build.0 = Release|Win32
		{96FE7BA2-7DB7-3DFA-B2F4-25630223EA12}.MinSizeRel|Win32.ActiveCfg = MinSizeRel|Win32
		{96FE7BA2-7DB7-3DFA-B2F4-25630223EA12}.MinSizeRel|Win32.Build.0 = MinSizeRel|Win32
		{96FE7BA2-7DB7-3DFA-B2F4-25630223EA12}.RelWithDebInfo|Win32.ActiveCfg = RelWithDebInfo|Win32
		{96FE7BA2-7DB7-3DFA-B2F4-25630223EA12}.RelWithDebInfo|Win32.Build.0 = RelWithDebInfo|Win32
		{0CC7FD2A-D864-3B5A-8912-25BEF65C668F}.Debug|Win32.ActiveCfg = Debug|Win32
		{0CC7FD2A-D864-3B5A-8912-25BEF65C668F}.Debug|Win32.Build.0 = Debug|Win32
		{0CC7FD2A-D864-3B5A-8912-25BEF65C668F}.Release|Win32.ActiveCfg = Release|Win32
		{0CC7FD2A-D864-3B5A-8912-25BEF65C668F}.Release|Win32.Build.0 = Release|Win32
		{0CC7FD2A-D864-3B5A-8912-25BEF65C668F}.MinSizeRel|Win32.ActiveCfg = MinSizeRel|Win32
		{0CC7FD2A-D864-3B5A-8912-25BEF65C668F}.MinSizeRel|Win32.Build.0 = MinSizeRel|Win32
		{0CC7FD2A-D864-3B5A-8912-25BEF65C668F}.RelWithDebInfo|Win32.ActiveCfg = RelWithDebInfo|Win32
		{0CC7FD2A-D864-3B5A-8912-25BEF65C668F}.RelWithDebInfo|Win32.Build.0 = RelWithDebInfo|Win32
		{AAF816DA-5080-35AB-B22D-98F1044F2769}.Debug|Win32.ActiveCfg = Debug|Win32
		{AAF816DA-5080-35AB-B22D-98F1044F2769}.Debug|Win32.Build.0 = Debug|Win32
		{AAF816DA-5080-35AB-B22D-98F1044F2769}.Release|Win32.ActiveCfg = Release|Win32
		{AAF816DA-5080-35AB-B22D-98F1044F2769}.Release|Win32.Build.0 = Release|Win32
		{AAF816DA-5080-35AB-B22D-98F1044F2769}.MinSizeRel|Win32.ActiveCfg = MinSizeRel|Win32
		{AAF816DA-5080-35AB-B22D-98F1044F2769}.MinSizeRel|Win32.Build.0 = MinSizeRel|Win32
		{AAF816DA-5080-35AB-B22D-98F1044F2769}.RelWithDebInfo|Win32.ActiveCfg = RelWithDebInfo|Win32
		{AAF816DA-5080-35AB-B22D-98F1044F2769}.RelWithDebInfo|Win32.Build.0 = RelWithDebInfo|Win32
		{BFAA1AE0-3E39-37A0-85A7-2D33A97D5153}.Debug|Win32.ActiveCfg = Debug|Win32
		{BFAA1AE0-3E39-37A0-85A7-2D33A97D5153}.Debug|Win32.Build.0 = Debug|Win32
		{BFAA1AE0-3E39-37A0-85A7-2D33A97D5153}.Release|Win32.ActiveCfg = Release|Win32
		{BFAA1AE0-3E39-37A0-85A7-2D33A97D5153}.Release|Win32.Build.0 = Release|Win32
		{BFAA1AE0-3E39-37A0-85A7-2D33A97D5153}.MinSizeRel|Win32.ActiveCfg = MinSizeRel|Win32
		{BFAA1AE0-3E39-37A0-85A7-2D33A97D5153}.MinSizeRel|Win32.Build.0 = MinSizeRel|Win32
		{BFAA1AE0-3E39-37A0-85A7-2D33A97D5153}.RelWithDebInfo|Win32.ActiveCfg = RelWithDebInfo|Win32
		{BFAA1AE0-3E39-37A0-85A7-2D33A97D5153}.RelWithDebInfo|Win32.Build.0 = RelWithDebInfo|Win32
		{9EAF5D1A-2E80-3C83-9BD6-8F380312C2BE}.Debug|Win32.ActiveCfg = Debug|Win32
		{9EAF5D1A-2E80-3C83-9BD6-8F380312C2BE}.Debug|Win32.Build.0 = Debug|Win32
		{9EAF5D1A-2E80-3C83-9BD6-8F380312C2BE}.Release|Win32.ActiveCfg = Release|Win32
		{9EAF5D1A-2E80-3C83-9BD6-8F380312C2BE}.Release|Win32.Build.0 = Release|Win32
		{9EAF5D1A-2E80-3C83-9BD6-8F380312C2BE}.MinSizeRel|Win32.ActiveCfg = MinSizeRel|Win32
		{9EAF5D1A-2E80-3C83-9BD6-8F380312C2BE}.MinSizeRel|Win32.Build.0 = MinSizeRel|Win32
		{9EAF5D1A-2E80-3C83-9BD6-8F380312C2BE}.RelWithDebInfo|Win32.ActiveCfg = RelWithDebInfo|Win32
		{9EAF5D1A-2E80-3C83-9BD6-8F380312C2BE}.RelWithDebInfo|Win32.Build.0 = RelWithDebInfo|Win32
		{BC66C3CF-C3B7-377B-B296-9B12AFFA94E9}.Debug|Win32.ActiveCfg = Debug|Win32
		{BC66C3CF-C3B7-377B-B296-9B12AFFA94E9}.Debug|Win32.Build.0 = Debug|Win32
		{BC66C3CF-C3B7-377B-B296-9B12AFFA94E9}.Release|Win32.ActiveCfg = Release|Win32
		{BC66C3CF-C3B7-377B-B296-9B12AFFA94E9}.Release|Win32.Build.0 = Release|Win32
		{BC66C3CF-C3B7-377B-B296-9B12AFFA94E9}.MinSizeRel|Win32.ActiveCfg = MinSizeRel|Win32
		{BC66C3CF-C3B7-377B-B296-9B12AFFA94E9}.MinSizeRel|Win32.Build.0 = MinSizeRel|Win32
		{BC66C3CF-C3B7-377B-B296-9B12AFFA94E9}.RelWithDebInfo|Win32.ActiveCfg = RelWithDebInfo|Win32
		{BC66C3CF-C3B7-377B-B296-9B12AFFA94E9}.RelWithDebInfo|Win32.Build.0 = RelWithDebInfo|Win32
	EndGlobalSection
	GlobalSection(NestedProjects) = preSolution
		{8B06A0DB-5030-3155-A6D0-85D9C12C97E0} = {4EA9F601-BB12-3D90-A00E-3B2BC9813C03}
		{74A02A8F-2A70-3F55-84B8-21ED167616CA} = {4EA9F601-BB12-3D90-A00E-3B2BC9813C03}
		{5B11B532-D443-32CB-A9AE-374D29C415AF} = {4EA9F601-BB12-3D90-A00E-3B2BC9813C03}
		{DAF35872-7FBF-38EB-B3B9-9B54AAD27782} = {4EA9F601-BB12-3D90-A00E-3B2BC9813C03}
		{B729375C-CC08-3C5E-B68D-993F18C4C7C7} = {845D53BF-10B4-3402-BB38-C2A8A72EB667}
		{0CC7FD2A-D864-3B5A-8912-25BEF65C668F} = {845D53BF-10B4-3402-BB38-C2A8A72EB667}
		{DF5A3F00-AAA7-37E4-A63D-7FA6C90FDCCE} = {B729375C-CC08-3C5E-B68D-993F18C4C7C7}
		{66D75DED-0CEE-31FA-AA19-6DDC09C28984} = {B729375C-CC08-3C5E-B68D-993F18C4C7C7}
		{96FE7BA2-7DB7-3DFA-B2F4-25630223EA12} = {B729375C-CC08-3C5E-B68D-993F18C4C7C7}
		{AAF816DA-5080-35AB-B22D-98F1044F2769} = {B729375C-CC08-3C5E-B68D-993F18C4C7C7}
		{BFAA1AE0-3E39-37A0-85A7-2D33A97D5153} = {B729375C-CC08-3C5E-B68D-993F18C4C7C7}
		{9EAF5D1A-2E80-3C83-9BD6-8F380312C2BE} = {B729375C-CC08-3C5E-B68D-993F18C4C7C7}
		{BC66C3CF-C3B7-377B-B296-9B12AFFA94E9} = {B729375C-CC08-3C5E-B68D-993F18C4C7C7}
	EndGlobalSection
	GlobalSection(ExtensibilityGlobals) = postSolution
	EndGlobalSection
	GlobalSection(ExtensibilityAddIns) = postSolution
	EndGlobalSection
EndGlobal
