<?xml version="1.0" encoding="UTF-8"?>
<Project ToolsVersion="14.0" xmlns="http://schemas.microsoft.com/developer/msbuild/2003">
  <ItemGroup>
    <CustomBuild Include="D:\Development\Git\LibVertexPerfect\Libs\entityxbuild\CMakeFiles\7063233215de1ce8a60e70a150f5c709\INSTALL_force.rule">
      <Filter>CMake Rules</Filter>
    </CustomBuild>
  </ItemGroup>
  <ItemGroup>
    <Filter Include="CMake Rules">
      <UniqueIdentifier>{7F865A93-788F-3978-ADBA-7D76FF3274A4}</UniqueIdentifier>
    </Filter>
  </ItemGroup>
</Project>
