Microsoft Visual Studio Solution File, Format Version 12.00
# Visual Studio 14
Project("{8BC9CEB8-8B4A-11D0-8D11-00A0C91BC942}") = "ALL_BUILD", "ALL_BUILD.vcxproj", "{B94990D3-8D45-385B-8471-DADF62F0E3A2}"
	ProjectSection(ProjectDependencies) = postProject
		{991F9DF0-3492-315F-B9A0-9AA17BDA2A72} = {991F9DF0-3492-315F-B9A0-9AA17BDA2A72}
		{084B6A64-73CC-392E-9EE2-D1C41BC308F0} = {084B6A64-73CC-392E-9EE2-D1C41BC308F0}
		{B00C7A94-BE54-3D25-9302-E53F284D5E3F} = {B00C7A94-BE54-3D25-9302-E53F284D5E3F}
		{9768D9CB-4F84-3AEC-9705-8EB330327C16} = {9768D9CB-4F84-3AEC-9705-8EB330327C16}
		{EA60B348-8A64-3169-AC1F-8CC1556F5356} = {EA60B348-8A64-3169-AC1F-8CC1556F5356}
		{CC416586-1E71-356A-91D9-90422CDB535F} = {CC416586-1E71-356A-91D9-90422CDB535F}
		{A1D8B895-85AC-3810-A133-D333E3AFBC53} = {A1D8B895-85AC-3810-A133-D333E3AFBC53}
		{830D0BF7-FDF0-37CE-B531-8314A0BB2B68} = {830D0BF7-FDF0-37CE-B531-8314A0BB2B68}
		{A8600645-CEBA-3AA5-98C2-F065CA60E7D2} = {A8600645-CEBA-3AA5-98C2-F065CA60E7D2}
		{900F2004-4534-37C8-8C95-87E28ABDEC2D} = {900F2004-4534-37C8-8C95-87E28ABDEC2D}
		{4E5756B4-FFC4-3EE4-B76D-0CD3E097AFF4} = {4E5756B4-FFC4-3EE4-B76D-0CD3E097AFF4}
		{A08376B1-B085-3E21-8BDF-1BAFAECC9F5F} = {A08376B1-B085-3E21-8BDF-1BAFAECC9F5F}
		{AE7B7352-B0A9-3B03-B387-4B78243ECDA7} = {AE7B7352-B0A9-3B03-B387-4B78243ECDA7}
		{41E00968-C8B2-37AE-8F72-EC8D5BA314B9} = {41E00968-C8B2-37AE-8F72-EC8D5BA314B9}
		{22074230-932A-3C0C-9B37-D5558D3B01DA} = {22074230-932A-3C0C-9B37-D5558D3B01DA}
		{51E83CD8-AFBC-31E9-93AE-DCBE9A97887D} = {51E83CD8-AFBC-31E9-93AE-DCBE9A97887D}
		{DA6CF95B-62C0-355C-BF44-0EA9A8AF6932} = {DA6CF95B-62C0-355C-BF44-0EA9A8AF6932}
		{FBDA727C-AD39-3AFE-9C73-D6A7F1093AED} = {FBDA727C-AD39-3AFE-9C73-D6A7F1093AED}
		{D9E263FD-5D82-3D49-BC4E-BE8218F8E0B4} = {D9E263FD-5D82-3D49-BC4E-BE8218F8E0B4}
		{2A5225B8-F68F-349B-90EC-40369E7D1209} = {2A5225B8-F68F-349B-90EC-40369E7D1209}
		{4F2131CF-3040-39BB-AF2F-C498795E19B7} = {4F2131CF-3040-39BB-AF2F-C498795E19B7}
		{A6719663-9E15-35B6-889E-EC88DA235CDC} = {A6719663-9E15-35B6-889E-EC88DA235CDC}
		{0AFF622F-4FFF-3795-BE53-B2953C14CA8D} = {0AFF622F-4FFF-3795-BE53-B2953C14CA8D}
		{89919EDE-51C5-3093-B103-5A94C05F87D6} = {89919EDE-51C5-3093-B103-5A94C05F87D6}
		{58A08D87-8151-3FEB-9B08-338755967AE1} = {58A08D87-8151-3FEB-9B08-338755967AE1}
		{F40FD7A4-9CA0-3E57-8162-938BCDD4BE8A} = {F40FD7A4-9CA0-3E57-8162-938BCDD4BE8A}
		{D0583818-2BEE-357C-9BA4-238B876AFD75} = {D0583818-2BEE-357C-9BA4-238B876AFD75}
		{9662737D-EBF2-383A-A1D4-75BE4756F5A1} = {9662737D-EBF2-383A-A1D4-75BE4756F5A1}
		{D9EB2CC4-9C27-3C06-94C6-353DA59FEC28} = {D9EB2CC4-9C27-3C06-94C6-353DA59FEC28}
		{F1B2C995-D3B5-3D33-89F1-163A6035CE37} = {F1B2C995-D3B5-3D33-89F1-163A6035CE37}
		{D0A8CF35-2331-348D-A618-03B400B3D06C} = {D0A8CF35-2331-348D-A618-03B400B3D06C}
		{E38CB074-138F-3679-A9B8-2E30BA9E5920} = {E38CB074-138F-3679-A9B8-2E30BA9E5920}
		{FDD7EB9E-F126-3C73-97B6-10B111AC8A17} = {FDD7EB9E-F126-3C73-97B6-10B111AC8A17}
		{7F707BC3-CD3D-3879-8F21-A3D387E90021} = {7F707BC3-CD3D-3879-8F21-A3D387E90021}
		{4572D2FD-E14E-3A51-85F5-9284017746FD} = {4572D2FD-E14E-3A51-85F5-9284017746FD}
		{7C5C6409-4926-3768-890F-8906D145EFAB} = {7C5C6409-4926-3768-890F-8906D145EFAB}
		{207572CA-C1F6-3235-AEDE-47C98844515F} = {207572CA-C1F6-3235-AEDE-47C98844515F}
		{9EE2E1F6-025F-3062-AB65-1C40753A8CFE} = {9EE2E1F6-025F-3062-AB65-1C40753A8CFE}
		{F80C4AE5-CE48-38CB-B2F1-09705BB26675} = {F80C4AE5-CE48-38CB-B2F1-09705BB26675}
		{247657E9-B680-3BD9-885A-AEBA3DFD7785} = {247657E9-B680-3BD9-885A-AEBA3DFD7785}
		{AB117753-3170-32B1-90D3-5946CFAB1D28} = {AB117753-3170-32B1-90D3-5946CFAB1D28}
	EndProjectSection
EndProject
Project("{8BC9CEB8-8B4A-11D0-8D11-00A0C91BC942}") = "AppBasicExampleGui", "examples\BasicDemo\AppBasicExampleGui.vcxproj", "{991F9DF0-3492-315F-B9A0-9AA17BDA2A72}"
	ProjectSection(ProjectDependencies) = postProject
		{A08376B1-B085-3E21-8BDF-1BAFAECC9F5F} = {A08376B1-B085-3E21-8BDF-1BAFAECC9F5F}
		{51E83CD8-AFBC-31E9-93AE-DCBE9A97887D} = {51E83CD8-AFBC-31E9-93AE-DCBE9A97887D}
		{DA6CF95B-62C0-355C-BF44-0EA9A8AF6932} = {DA6CF95B-62C0-355C-BF44-0EA9A8AF6932}
		{D9EB2CC4-9C27-3C06-94C6-353DA59FEC28} = {D9EB2CC4-9C27-3C06-94C6-353DA59FEC28}
		{F1B2C995-D3B5-3D33-89F1-163A6035CE37} = {F1B2C995-D3B5-3D33-89F1-163A6035CE37}
		{9EE2E1F6-025F-3062-AB65-1C40753A8CFE} = {9EE2E1F6-025F-3062-AB65-1C40753A8CFE}
	EndProjectSection
EndProject
Project("{8BC9CEB8-8B4A-11D0-8D11-00A0C91BC942}") = "App_BasicExample", "examples\BasicDemo\App_BasicExample.vcxproj", "{084B6A64-73CC-392E-9EE2-D1C41BC308F0}"
	ProjectSection(ProjectDependencies) = postProject
		{51E83CD8-AFBC-31E9-93AE-DCBE9A97887D} = {51E83CD8-AFBC-31E9-93AE-DCBE9A97887D}
		{DA6CF95B-62C0-355C-BF44-0EA9A8AF6932} = {DA6CF95B-62C0-355C-BF44-0EA9A8AF6932}
		{D9EB2CC4-9C27-3C06-94C6-353DA59FEC28} = {D9EB2CC4-9C27-3C06-94C6-353DA59FEC28}
		{9EE2E1F6-025F-3062-AB65-1C40753A8CFE} = {9EE2E1F6-025F-3062-AB65-1C40753A8CFE}
	EndProjectSection
EndProject
Project("{8BC9CEB8-8B4A-11D0-8D11-00A0C91BC942}") = "App_ExampleBrowser", "examples\ExampleBrowser\App_ExampleBrowser.vcxproj", "{B00C7A94-BE54-3D25-9302-E53F284D5E3F}"
	ProjectSection(ProjectDependencies) = postProject
		{A08376B1-B085-3E21-8BDF-1BAFAECC9F5F} = {A08376B1-B085-3E21-8BDF-1BAFAECC9F5F}
		{51E83CD8-AFBC-31E9-93AE-DCBE9A97887D} = {51E83CD8-AFBC-31E9-93AE-DCBE9A97887D}
		{DA6CF95B-62C0-355C-BF44-0EA9A8AF6932} = {DA6CF95B-62C0-355C-BF44-0EA9A8AF6932}
		{FBDA727C-AD39-3AFE-9C73-D6A7F1093AED} = {FBDA727C-AD39-3AFE-9C73-D6A7F1093AED}
		{2A5225B8-F68F-349B-90EC-40369E7D1209} = {2A5225B8-F68F-349B-90EC-40369E7D1209}
		{4F2131CF-3040-39BB-AF2F-C498795E19B7} = {4F2131CF-3040-39BB-AF2F-C498795E19B7}
		{A6719663-9E15-35B6-889E-EC88DA235CDC} = {A6719663-9E15-35B6-889E-EC88DA235CDC}
		{58A08D87-8151-3FEB-9B08-338755967AE1} = {58A08D87-8151-3FEB-9B08-338755967AE1}
		{D9EB2CC4-9C27-3C06-94C6-353DA59FEC28} = {D9EB2CC4-9C27-3C06-94C6-353DA59FEC28}
		{F1B2C995-D3B5-3D33-89F1-163A6035CE37} = {F1B2C995-D3B5-3D33-89F1-163A6035CE37}
		{9EE2E1F6-025F-3062-AB65-1C40753A8CFE} = {9EE2E1F6-025F-3062-AB65-1C40753A8CFE}
		{AB117753-3170-32B1-90D3-5946CFAB1D28} = {AB117753-3170-32B1-90D3-5946CFAB1D28}
	EndProjectSection
EndProject
Project("{8BC9CEB8-8B4A-11D0-8D11-00A0C91BC942}") = "App_HelloWorld", "examples\HelloWorld\App_HelloWorld.vcxproj", "{9768D9CB-4F84-3AEC-9705-8EB330327C16}"
	ProjectSection(ProjectDependencies) = postProject
		{51E83CD8-AFBC-31E9-93AE-DCBE9A97887D} = {51E83CD8-AFBC-31E9-93AE-DCBE9A97887D}
		{DA6CF95B-62C0-355C-BF44-0EA9A8AF6932} = {DA6CF95B-62C0-355C-BF44-0EA9A8AF6932}
		{D9EB2CC4-9C27-3C06-94C6-353DA59FEC28} = {D9EB2CC4-9C27-3C06-94C6-353DA59FEC28}
		{9EE2E1F6-025F-3062-AB65-1C40753A8CFE} = {9EE2E1F6-025F-3062-AB65-1C40753A8CFE}
	EndProjectSection
EndProject
Project("{8BC9CEB8-8B4A-11D0-8D11-00A0C91BC942}") = "App_PhysicsServer_SharedMemory", "examples\SharedMemory\App_PhysicsServer_SharedMemory.vcxproj", "{EA60B348-8A64-3169-AC1F-8CC1556F5356}"
	ProjectSection(ProjectDependencies) = postProject
		{A08376B1-B085-3E21-8BDF-1BAFAECC9F5F} = {A08376B1-B085-3E21-8BDF-1BAFAECC9F5F}
		{51E83CD8-AFBC-31E9-93AE-DCBE9A97887D} = {51E83CD8-AFBC-31E9-93AE-DCBE9A97887D}
		{DA6CF95B-62C0-355C-BF44-0EA9A8AF6932} = {DA6CF95B-62C0-355C-BF44-0EA9A8AF6932}
		{D9E263FD-5D82-3D49-BC4E-BE8218F8E0B4} = {D9E263FD-5D82-3D49-BC4E-BE8218F8E0B4}
		{2A5225B8-F68F-349B-90EC-40369E7D1209} = {2A5225B8-F68F-349B-90EC-40369E7D1209}
		{4F2131CF-3040-39BB-AF2F-C498795E19B7} = {4F2131CF-3040-39BB-AF2F-C498795E19B7}
		{0AFF622F-4FFF-3795-BE53-B2953C14CA8D} = {0AFF622F-4FFF-3795-BE53-B2953C14CA8D}
		{58A08D87-8151-3FEB-9B08-338755967AE1} = {58A08D87-8151-3FEB-9B08-338755967AE1}
		{D9EB2CC4-9C27-3C06-94C6-353DA59FEC28} = {D9EB2CC4-9C27-3C06-94C6-353DA59FEC28}
		{9EE2E1F6-025F-3062-AB65-1C40753A8CFE} = {9EE2E1F6-025F-3062-AB65-1C40753A8CFE}
	EndProjectSection
EndProject
Project("{8BC9CEB8-8B4A-11D0-8D11-00A0C91BC942}") = "App_PhysicsServer_SharedMemory_GUI", "examples\SharedMemory\App_PhysicsServer_SharedMemory_GUI.vcxproj", "{CC416586-1E71-356A-91D9-90422CDB535F}"
	ProjectSection(ProjectDependencies) = postProject
		{A08376B1-B085-3E21-8BDF-1BAFAECC9F5F} = {A08376B1-B085-3E21-8BDF-1BAFAECC9F5F}
		{51E83CD8-AFBC-31E9-93AE-DCBE9A97887D} = {51E83CD8-AFBC-31E9-93AE-DCBE9A97887D}
		{DA6CF95B-62C0-355C-BF44-0EA9A8AF6932} = {DA6CF95B-62C0-355C-BF44-0EA9A8AF6932}
		{D9E263FD-5D82-3D49-BC4E-BE8218F8E0B4} = {D9E263FD-5D82-3D49-BC4E-BE8218F8E0B4}
		{2A5225B8-F68F-349B-90EC-40369E7D1209} = {2A5225B8-F68F-349B-90EC-40369E7D1209}
		{4F2131CF-3040-39BB-AF2F-C498795E19B7} = {4F2131CF-3040-39BB-AF2F-C498795E19B7}
		{0AFF622F-4FFF-3795-BE53-B2953C14CA8D} = {0AFF622F-4FFF-3795-BE53-B2953C14CA8D}
		{58A08D87-8151-3FEB-9B08-338755967AE1} = {58A08D87-8151-3FEB-9B08-338755967AE1}
		{D9EB2CC4-9C27-3C06-94C6-353DA59FEC28} = {D9EB2CC4-9C27-3C06-94C6-353DA59FEC28}
		{F1B2C995-D3B5-3D33-89F1-163A6035CE37} = {F1B2C995-D3B5-3D33-89F1-163A6035CE37}
		{9EE2E1F6-025F-3062-AB65-1C40753A8CFE} = {9EE2E1F6-025F-3062-AB65-1C40753A8CFE}
	EndProjectSection
EndProject
Project("{8BC9CEB8-8B4A-11D0-8D11-00A0C91BC942}") = "App_PhysicsServer_SharedMemory_VR", "examples\SharedMemory\App_PhysicsServer_SharedMemory_VR.vcxproj", "{A1D8B895-85AC-3810-A133-D333E3AFBC53}"
	ProjectSection(ProjectDependencies) = postProject
		{A08376B1-B085-3E21-8BDF-1BAFAECC9F5F} = {A08376B1-B085-3E21-8BDF-1BAFAECC9F5F}
		{51E83CD8-AFBC-31E9-93AE-DCBE9A97887D} = {51E83CD8-AFBC-31E9-93AE-DCBE9A97887D}
		{DA6CF95B-62C0-355C-BF44-0EA9A8AF6932} = {DA6CF95B-62C0-355C-BF44-0EA9A8AF6932}
		{D9E263FD-5D82-3D49-BC4E-BE8218F8E0B4} = {D9E263FD-5D82-3D49-BC4E-BE8218F8E0B4}
		{2A5225B8-F68F-349B-90EC-40369E7D1209} = {2A5225B8-F68F-349B-90EC-40369E7D1209}
		{4F2131CF-3040-39BB-AF2F-C498795E19B7} = {4F2131CF-3040-39BB-AF2F-C498795E19B7}
		{0AFF622F-4FFF-3795-BE53-B2953C14CA8D} = {0AFF622F-4FFF-3795-BE53-B2953C14CA8D}
		{58A08D87-8151-3FEB-9B08-338755967AE1} = {58A08D87-8151-3FEB-9B08-338755967AE1}
		{D9EB2CC4-9C27-3C06-94C6-353DA59FEC28} = {D9EB2CC4-9C27-3C06-94C6-353DA59FEC28}
		{F1B2C995-D3B5-3D33-89F1-163A6035CE37} = {F1B2C995-D3B5-3D33-89F1-163A6035CE37}
		{9EE2E1F6-025F-3062-AB65-1C40753A8CFE} = {9EE2E1F6-025F-3062-AB65-1C40753A8CFE}
	EndProjectSection
EndProject
Project("{8BC9CEB8-8B4A-11D0-8D11-00A0C91BC942}") = "App_RobotSimulator", "examples\RobotSimulator\App_RobotSimulator.vcxproj", "{830D0BF7-FDF0-37CE-B531-8314A0BB2B68}"
	ProjectSection(ProjectDependencies) = postProject
		{A08376B1-B085-3E21-8BDF-1BAFAECC9F5F} = {A08376B1-B085-3E21-8BDF-1BAFAECC9F5F}
		{51E83CD8-AFBC-31E9-93AE-DCBE9A97887D} = {51E83CD8-AFBC-31E9-93AE-DCBE9A97887D}
		{DA6CF95B-62C0-355C-BF44-0EA9A8AF6932} = {DA6CF95B-62C0-355C-BF44-0EA9A8AF6932}
		{FBDA727C-AD39-3AFE-9C73-D6A7F1093AED} = {FBDA727C-AD39-3AFE-9C73-D6A7F1093AED}
		{D9E263FD-5D82-3D49-BC4E-BE8218F8E0B4} = {D9E263FD-5D82-3D49-BC4E-BE8218F8E0B4}
		{2A5225B8-F68F-349B-90EC-40369E7D1209} = {2A5225B8-F68F-349B-90EC-40369E7D1209}
		{4F2131CF-3040-39BB-AF2F-C498795E19B7} = {4F2131CF-3040-39BB-AF2F-C498795E19B7}
		{A6719663-9E15-35B6-889E-EC88DA235CDC} = {A6719663-9E15-35B6-889E-EC88DA235CDC}
		{0AFF622F-4FFF-3795-BE53-B2953C14CA8D} = {0AFF622F-4FFF-3795-BE53-B2953C14CA8D}
		{58A08D87-8151-3FEB-9B08-338755967AE1} = {58A08D87-8151-3FEB-9B08-338755967AE1}
		{D9EB2CC4-9C27-3C06-94C6-353DA59FEC28} = {D9EB2CC4-9C27-3C06-94C6-353DA59FEC28}
		{F1B2C995-D3B5-3D33-89F1-163A6035CE37} = {F1B2C995-D3B5-3D33-89F1-163A6035CE37}
		{9EE2E1F6-025F-3062-AB65-1C40753A8CFE} = {9EE2E1F6-025F-3062-AB65-1C40753A8CFE}
		{AB117753-3170-32B1-90D3-5946CFAB1D28} = {AB117753-3170-32B1-90D3-5946CFAB1D28}
	EndProjectSection
EndProject
Project("{8BC9CEB8-8B4A-11D0-8D11-00A0C91BC942}") = "App_obj2sdf", "Extras\obj2sdf\App_obj2sdf.vcxproj", "{A8600645-CEBA-3AA5-98C2-F065CA60E7D2}"
	ProjectSection(ProjectDependencies) = postProject
		{A08376B1-B085-3E21-8BDF-1BAFAECC9F5F} = {A08376B1-B085-3E21-8BDF-1BAFAECC9F5F}
		{9EE2E1F6-025F-3062-AB65-1C40753A8CFE} = {9EE2E1F6-025F-3062-AB65-1C40753A8CFE}
	EndProjectSection
EndProject
Project("{8BC9CEB8-8B4A-11D0-8D11-00A0C91BC942}") = "Bullet2FileLoader", "src\Bullet3Serialize\Bullet2FileLoader\Bullet2FileLoader.vcxproj", "{900F2004-4534-37C8-8C95-87E28ABDEC2D}"
	ProjectSection(ProjectDependencies) = postProject
		{9EE2E1F6-025F-3062-AB65-1C40753A8CFE} = {9EE2E1F6-025F-3062-AB65-1C40753A8CFE}
	EndProjectSection
EndProject
Project("{8BC9CEB8-8B4A-11D0-8D11-00A0C91BC942}") = "Bullet3Collision", "src\Bullet3Collision\Bullet3Collision.vcxproj", "{4E5756B4-FFC4-3EE4-B76D-0CD3E097AFF4}"
	ProjectSection(ProjectDependencies) = postProject
		{9EE2E1F6-025F-3062-AB65-1C40753A8CFE} = {9EE2E1F6-025F-3062-AB65-1C40753A8CFE}
	EndProjectSection
EndProject
Project("{8BC9CEB8-8B4A-11D0-8D11-00A0C91BC942}") = "Bullet3Common", "src\Bullet3Common\Bullet3Common.vcxproj", "{A08376B1-B085-3E21-8BDF-1BAFAECC9F5F}"
	ProjectSection(ProjectDependencies) = postProject
		{9EE2E1F6-025F-3062-AB65-1C40753A8CFE} = {9EE2E1F6-025F-3062-AB65-1C40753A8CFE}
	EndProjectSection
EndProject
Project("{8BC9CEB8-8B4A-11D0-8D11-00A0C91BC942}") = "Bullet3Dynamics", "src\Bullet3Dynamics\Bullet3Dynamics.vcxproj", "{AE7B7352-B0A9-3B03-B387-4B78243ECDA7}"
	ProjectSection(ProjectDependencies) = postProject
		{9EE2E1F6-025F-3062-AB65-1C40753A8CFE} = {9EE2E1F6-025F-3062-AB65-1C40753A8CFE}
	EndProjectSection
EndProject
Project("{8BC9CEB8-8B4A-11D0-8D11-00A0C91BC942}") = "Bullet3Geometry", "src\Bullet3Geometry\Bullet3Geometry.vcxproj", "{41E00968-C8B2-37AE-8F72-EC8D5BA314B9}"
	ProjectSection(ProjectDependencies) = postProject
		{9EE2E1F6-025F-3062-AB65-1C40753A8CFE} = {9EE2E1F6-025F-3062-AB65-1C40753A8CFE}
	EndProjectSection
EndProject
Project("{8BC9CEB8-8B4A-11D0-8D11-00A0C91BC942}") = "Bullet3OpenCL_clew", "src\Bullet3OpenCL\Bullet3OpenCL_clew.vcxproj", "{22074230-932A-3C0C-9B37-D5558D3B01DA}"
	ProjectSection(ProjectDependencies) = postProject
		{9EE2E1F6-025F-3062-AB65-1C40753A8CFE} = {9EE2E1F6-025F-3062-AB65-1C40753A8CFE}
	EndProjectSection
EndProject
Project("{8BC9CEB8-8B4A-11D0-8D11-00A0C91BC942}") = "BulletCollision", "src\BulletCollision\BulletCollision.vcxproj", "{51E83CD8-AFBC-31E9-93AE-DCBE9A97887D}"
	ProjectSection(ProjectDependencies) = postProject
		{9EE2E1F6-025F-3062-AB65-1C40753A8CFE} = {9EE2E1F6-025F-3062-AB65-1C40753A8CFE}
	EndProjectSection
EndProject
Project("{8BC9CEB8-8B4A-11D0-8D11-00A0C91BC942}") = "BulletDynamics", "src\BulletDynamics\BulletDynamics.vcxproj", "{DA6CF95B-62C0-355C-BF44-0EA9A8AF6932}"
	ProjectSection(ProjectDependencies) = postProject
		{9EE2E1F6-025F-3062-AB65-1C40753A8CFE} = {9EE2E1F6-025F-3062-AB65-1C40753A8CFE}
	EndProjectSection
EndProject
Project("{8BC9CEB8-8B4A-11D0-8D11-00A0C91BC942}") = "BulletExampleBrowserLib", "examples\ExampleBrowser\BulletExampleBrowserLib.vcxproj", "{FBDA727C-AD39-3AFE-9C73-D6A7F1093AED}"
	ProjectSection(ProjectDependencies) = postProject
		{9EE2E1F6-025F-3062-AB65-1C40753A8CFE} = {9EE2E1F6-025F-3062-AB65-1C40753A8CFE}
	EndProjectSection
EndProject
Project("{8BC9CEB8-8B4A-11D0-8D11-00A0C91BC942}") = "BulletFileLoader", "Extras\Serialize\BulletFileLoader\BulletFileLoader.vcxproj", "{D9E263FD-5D82-3D49-BC4E-BE8218F8E0B4}"
	ProjectSection(ProjectDependencies) = postProject
		{9EE2E1F6-025F-3062-AB65-1C40753A8CFE} = {9EE2E1F6-025F-3062-AB65-1C40753A8CFE}
	EndProjectSection
EndProject
Project("{8BC9CEB8-8B4A-11D0-8D11-00A0C91BC942}") = "BulletInverseDynamics", "src\BulletInverseDynamics\BulletInverseDynamics.vcxproj", "{2A5225B8-F68F-349B-90EC-40369E7D1209}"
	ProjectSection(ProjectDependencies) = postProject
		{9EE2E1F6-025F-3062-AB65-1C40753A8CFE} = {9EE2E1F6-025F-3062-AB65-1C40753A8CFE}
	EndProjectSection
EndProject
Project("{8BC9CEB8-8B4A-11D0-8D11-00A0C91BC942}") = "BulletInverseDynamicsUtils", "Extras\InverseDynamics\BulletInverseDynamicsUtils.vcxproj", "{4F2131CF-3040-39BB-AF2F-C498795E19B7}"
	ProjectSection(ProjectDependencies) = postProject
		{9EE2E1F6-025F-3062-AB65-1C40753A8CFE} = {9EE2E1F6-025F-3062-AB65-1C40753A8CFE}
	EndProjectSection
EndProject
Project("{8BC9CEB8-8B4A-11D0-8D11-00A0C91BC942}") = "BulletSoftBody", "src\BulletSoftBody\BulletSoftBody.vcxproj", "{A6719663-9E15-35B6-889E-EC88DA235CDC}"
	ProjectSection(ProjectDependencies) = postProject
		{9EE2E1F6-025F-3062-AB65-1C40753A8CFE} = {9EE2E1F6-025F-3062-AB65-1C40753A8CFE}
	EndProjectSection
EndProject
Project("{8BC9CEB8-8B4A-11D0-8D11-00A0C91BC942}") = "BulletWorldImporter", "Extras\Serialize\BulletWorldImporter\BulletWorldImporter.vcxproj", "{0AFF622F-4FFF-3795-BE53-B2953C14CA8D}"
	ProjectSection(ProjectDependencies) = postProject
		{9EE2E1F6-025F-3062-AB65-1C40753A8CFE} = {9EE2E1F6-025F-3062-AB65-1C40753A8CFE}
	EndProjectSection
EndProject
Project("{8BC9CEB8-8B4A-11D0-8D11-00A0C91BC942}") = "BulletXmlWorldImporter", "Extras\Serialize\BulletXmlWorldImporter\BulletXmlWorldImporter.vcxproj", "{89919EDE-51C5-3093-B103-5A94C05F87D6}"
	ProjectSection(ProjectDependencies) = postProject
		{9EE2E1F6-025F-3062-AB65-1C40753A8CFE} = {9EE2E1F6-025F-3062-AB65-1C40753A8CFE}
	EndProjectSection
EndProject
Project("{8BC9CEB8-8B4A-11D0-8D11-00A0C91BC942}") = "BussIK", "examples\ThirdPartyLibs\BussIK\BussIK.vcxproj", "{58A08D87-8151-3FEB-9B08-338755967AE1}"
	ProjectSection(ProjectDependencies) = postProject
		{9EE2E1F6-025F-3062-AB65-1C40753A8CFE} = {9EE2E1F6-025F-3062-AB65-1C40753A8CFE}
	EndProjectSection
EndProject
Project("{8BC9CEB8-8B4A-11D0-8D11-00A0C91BC942}") = "ConvexDecomposition", "Extras\ConvexDecomposition\ConvexDecomposition.vcxproj", "{F40FD7A4-9CA0-3E57-8162-938BCDD4BE8A}"
	ProjectSection(ProjectDependencies) = postProject
		{9EE2E1F6-025F-3062-AB65-1C40753A8CFE} = {9EE2E1F6-025F-3062-AB65-1C40753A8CFE}
	EndProjectSection
EndProject
Project("{8BC9CEB8-8B4A-11D0-8D11-00A0C91BC942}") = "GIMPACTUtils", "Extras\GIMPACTUtils\GIMPACTUtils.vcxproj", "{D0583818-2BEE-357C-9BA4-238B876AFD75}"
	ProjectSection(ProjectDependencies) = postProject
		{9EE2E1F6-025F-3062-AB65-1C40753A8CFE} = {9EE2E1F6-025F-3062-AB65-1C40753A8CFE}
	EndProjectSection
EndProject
Project("{8BC9CEB8-8B4A-11D0-8D11-00A0C91BC942}") = "HACD", "Extras\HACD\HACD.vcxproj", "{9662737D-EBF2-383A-A1D4-75BE4756F5A1}"
	ProjectSection(ProjectDependencies) = postProject
		{9EE2E1F6-025F-3062-AB65-1C40753A8CFE} = {9EE2E1F6-025F-3062-AB65-1C40753A8CFE}
	EndProjectSection
EndProject
Project("{8BC9CEB8-8B4A-11D0-8D11-00A0C91BC942}") = "INSTALL", "INSTALL.vcxproj", "{702C674C-6596-39D8-B5B4-A07D3A677B01}"
	ProjectSection(ProjectDependencies) = postProject
		{B94990D3-8D45-385B-8471-DADF62F0E3A2} = {B94990D3-8D45-385B-8471-DADF62F0E3A2}
		{9EE2E1F6-025F-3062-AB65-1C40753A8CFE} = {9EE2E1F6-025F-3062-AB65-1C40753A8CFE}
	EndProjectSection
EndProject
Project("{8BC9CEB8-8B4A-11D0-8D11-00A0C91BC942}") = "LinearMath", "src\LinearMath\LinearMath.vcxproj", "{D9EB2CC4-9C27-3C06-94C6-353DA59FEC28}"
	ProjectSection(ProjectDependencies) = postProject
		{9EE2E1F6-025F-3062-AB65-1C40753A8CFE} = {9EE2E1F6-025F-3062-AB65-1C40753A8CFE}
	EndProjectSection
EndProject
Project("{8BC9CEB8-8B4A-11D0-8D11-00A0C91BC942}") = "OpenGLWindow", "examples\OpenGLWindow\OpenGLWindow.vcxproj", "{F1B2C995-D3B5-3D33-89F1-163A6035CE37}"
	ProjectSection(ProjectDependencies) = postProject
		{9EE2E1F6-025F-3062-AB65-1C40753A8CFE} = {9EE2E1F6-025F-3062-AB65-1C40753A8CFE}
	EndProjectSection
EndProject
Project("{8BC9CEB8-8B4A-11D0-8D11-00A0C91BC942}") = "RUN_TESTS", "RUN_TESTS.vcxproj", "{3DD62EE5-A98D-36F4-9B66-C6B72AD04E82}"
	ProjectSection(ProjectDependencies) = postProject
		{9EE2E1F6-025F-3062-AB65-1C40753A8CFE} = {9EE2E1F6-025F-3062-AB65-1C40753A8CFE}
	EndProjectSection
EndProject
Project("{8BC9CEB8-8B4A-11D0-8D11-00A0C91BC942}") = "Test_BulletDynamics", "test\BulletDynamics\pendulum\Test_BulletDynamics.vcxproj", "{D0A8CF35-2331-348D-A618-03B400B3D06C}"
	ProjectSection(ProjectDependencies) = postProject
		{51E83CD8-AFBC-31E9-93AE-DCBE9A97887D} = {51E83CD8-AFBC-31E9-93AE-DCBE9A97887D}
		{DA6CF95B-62C0-355C-BF44-0EA9A8AF6932} = {DA6CF95B-62C0-355C-BF44-0EA9A8AF6932}
		{D9EB2CC4-9C27-3C06-94C6-353DA59FEC28} = {D9EB2CC4-9C27-3C06-94C6-353DA59FEC28}
		{9EE2E1F6-025F-3062-AB65-1C40753A8CFE} = {9EE2E1F6-025F-3062-AB65-1C40753A8CFE}
		{247657E9-B680-3BD9-885A-AEBA3DFD7785} = {247657E9-B680-3BD9-885A-AEBA3DFD7785}
	EndProjectSection
EndProject
Project("{8BC9CEB8-8B4A-11D0-8D11-00A0C91BC942}") = "Test_BulletInverseDynamics", "test\InverseDynamics\Test_BulletInverseDynamics.vcxproj", "{E38CB074-138F-3679-A9B8-2E30BA9E5920}"
	ProjectSection(ProjectDependencies) = postProject
		{A08376B1-B085-3E21-8BDF-1BAFAECC9F5F} = {A08376B1-B085-3E21-8BDF-1BAFAECC9F5F}
		{51E83CD8-AFBC-31E9-93AE-DCBE9A97887D} = {51E83CD8-AFBC-31E9-93AE-DCBE9A97887D}
		{DA6CF95B-62C0-355C-BF44-0EA9A8AF6932} = {DA6CF95B-62C0-355C-BF44-0EA9A8AF6932}
		{2A5225B8-F68F-349B-90EC-40369E7D1209} = {2A5225B8-F68F-349B-90EC-40369E7D1209}
		{4F2131CF-3040-39BB-AF2F-C498795E19B7} = {4F2131CF-3040-39BB-AF2F-C498795E19B7}
		{D9EB2CC4-9C27-3C06-94C6-353DA59FEC28} = {D9EB2CC4-9C27-3C06-94C6-353DA59FEC28}
		{9EE2E1F6-025F-3062-AB65-1C40753A8CFE} = {9EE2E1F6-025F-3062-AB65-1C40753A8CFE}
		{247657E9-B680-3BD9-885A-AEBA3DFD7785} = {247657E9-B680-3BD9-885A-AEBA3DFD7785}
	EndProjectSection
EndProject
Project("{8BC9CEB8-8B4A-11D0-8D11-00A0C91BC942}") = "Test_BulletInverseDynamicsJacobian", "test\InverseDynamics\Test_BulletInverseDynamicsJacobian.vcxproj", "{FDD7EB9E-F126-3C73-97B6-10B111AC8A17}"
	ProjectSection(ProjectDependencies) = postProject
		{A08376B1-B085-3E21-8BDF-1BAFAECC9F5F} = {A08376B1-B085-3E21-8BDF-1BAFAECC9F5F}
		{2A5225B8-F68F-349B-90EC-40369E7D1209} = {2A5225B8-F68F-349B-90EC-40369E7D1209}
		{4F2131CF-3040-39BB-AF2F-C498795E19B7} = {4F2131CF-3040-39BB-AF2F-C498795E19B7}
		{D9EB2CC4-9C27-3C06-94C6-353DA59FEC28} = {D9EB2CC4-9C27-3C06-94C6-353DA59FEC28}
		{9EE2E1F6-025F-3062-AB65-1C40753A8CFE} = {9EE2E1F6-025F-3062-AB65-1C40753A8CFE}
		{247657E9-B680-3BD9-885A-AEBA3DFD7785} = {247657E9-B680-3BD9-885A-AEBA3DFD7785}
	EndProjectSection
EndProject
Project("{8BC9CEB8-8B4A-11D0-8D11-00A0C91BC942}") = "Test_BulletInverseForwardDynamics", "test\InverseDynamics\Test_BulletInverseForwardDynamics.vcxproj", "{7F707BC3-CD3D-3879-8F21-A3D387E90021}"
	ProjectSection(ProjectDependencies) = postProject
		{A08376B1-B085-3E21-8BDF-1BAFAECC9F5F} = {A08376B1-B085-3E21-8BDF-1BAFAECC9F5F}
		{51E83CD8-AFBC-31E9-93AE-DCBE9A97887D} = {51E83CD8-AFBC-31E9-93AE-DCBE9A97887D}
		{DA6CF95B-62C0-355C-BF44-0EA9A8AF6932} = {DA6CF95B-62C0-355C-BF44-0EA9A8AF6932}
		{2A5225B8-F68F-349B-90EC-40369E7D1209} = {2A5225B8-F68F-349B-90EC-40369E7D1209}
		{4F2131CF-3040-39BB-AF2F-C498795E19B7} = {4F2131CF-3040-39BB-AF2F-C498795E19B7}
		{D9EB2CC4-9C27-3C06-94C6-353DA59FEC28} = {D9EB2CC4-9C27-3C06-94C6-353DA59FEC28}
		{9EE2E1F6-025F-3062-AB65-1C40753A8CFE} = {9EE2E1F6-025F-3062-AB65-1C40753A8CFE}
		{247657E9-B680-3BD9-885A-AEBA3DFD7785} = {247657E9-B680-3BD9-885A-AEBA3DFD7785}
	EndProjectSection
EndProject
Project("{8BC9CEB8-8B4A-11D0-8D11-00A0C91BC942}") = "Test_Collision", "test\collision\Test_Collision.vcxproj", "{4572D2FD-E14E-3A51-85F5-9284017746FD}"
	ProjectSection(ProjectDependencies) = postProject
		{D9EB2CC4-9C27-3C06-94C6-353DA59FEC28} = {D9EB2CC4-9C27-3C06-94C6-353DA59FEC28}
		{9EE2E1F6-025F-3062-AB65-1C40753A8CFE} = {9EE2E1F6-025F-3062-AB65-1C40753A8CFE}
		{247657E9-B680-3BD9-885A-AEBA3DFD7785} = {247657E9-B680-3BD9-885A-AEBA3DFD7785}
	EndProjectSection
EndProject
Project("{8BC9CEB8-8B4A-11D0-8D11-00A0C91BC942}") = "Test_PhysicsClientServer", "test\SharedMemory\Test_PhysicsClientServer.vcxproj", "{7C5C6409-4926-3768-890F-8906D145EFAB}"
	ProjectSection(ProjectDependencies) = postProject
		{A08376B1-B085-3E21-8BDF-1BAFAECC9F5F} = {A08376B1-B085-3E21-8BDF-1BAFAECC9F5F}
		{51E83CD8-AFBC-31E9-93AE-DCBE9A97887D} = {51E83CD8-AFBC-31E9-93AE-DCBE9A97887D}
		{DA6CF95B-62C0-355C-BF44-0EA9A8AF6932} = {DA6CF95B-62C0-355C-BF44-0EA9A8AF6932}
		{D9E263FD-5D82-3D49-BC4E-BE8218F8E0B4} = {D9E263FD-5D82-3D49-BC4E-BE8218F8E0B4}
		{2A5225B8-F68F-349B-90EC-40369E7D1209} = {2A5225B8-F68F-349B-90EC-40369E7D1209}
		{4F2131CF-3040-39BB-AF2F-C498795E19B7} = {4F2131CF-3040-39BB-AF2F-C498795E19B7}
		{0AFF622F-4FFF-3795-BE53-B2953C14CA8D} = {0AFF622F-4FFF-3795-BE53-B2953C14CA8D}
		{58A08D87-8151-3FEB-9B08-338755967AE1} = {58A08D87-8151-3FEB-9B08-338755967AE1}
		{D9EB2CC4-9C27-3C06-94C6-353DA59FEC28} = {D9EB2CC4-9C27-3C06-94C6-353DA59FEC28}
		{9EE2E1F6-025F-3062-AB65-1C40753A8CFE} = {9EE2E1F6-025F-3062-AB65-1C40753A8CFE}
		{247657E9-B680-3BD9-885A-AEBA3DFD7785} = {247657E9-B680-3BD9-885A-AEBA3DFD7785}
	EndProjectSection
EndProject
Project("{8BC9CEB8-8B4A-11D0-8D11-00A0C91BC942}") = "Test_btKinematicCharacterController", "test\BulletDynamics\Test_btKinematicCharacterController.vcxproj", "{207572CA-C1F6-3235-AEDE-47C98844515F}"
	ProjectSection(ProjectDependencies) = postProject
		{51E83CD8-AFBC-31E9-93AE-DCBE9A97887D} = {51E83CD8-AFBC-31E9-93AE-DCBE9A97887D}
		{DA6CF95B-62C0-355C-BF44-0EA9A8AF6932} = {DA6CF95B-62C0-355C-BF44-0EA9A8AF6932}
		{D9EB2CC4-9C27-3C06-94C6-353DA59FEC28} = {D9EB2CC4-9C27-3C06-94C6-353DA59FEC28}
		{9EE2E1F6-025F-3062-AB65-1C40753A8CFE} = {9EE2E1F6-025F-3062-AB65-1C40753A8CFE}
		{247657E9-B680-3BD9-885A-AEBA3DFD7785} = {247657E9-B680-3BD9-885A-AEBA3DFD7785}
	EndProjectSection
EndProject
Project("{8BC9CEB8-8B4A-11D0-8D11-00A0C91BC942}") = "ZERO_CHECK", "ZERO_CHECK.vcxproj", "{9EE2E1F6-025F-3062-AB65-1C40753A8CFE}"
	ProjectSection(ProjectDependencies) = postProject
	EndProjectSection
EndProject
Project("{8BC9CEB8-8B4A-11D0-8D11-00A0C91BC942}") = "clsocket", "examples\ThirdPartyLibs\clsocket\clsocket.vcxproj", "{F80C4AE5-CE48-38CB-B2F1-09705BB26675}"
	ProjectSection(ProjectDependencies) = postProject
		{9EE2E1F6-025F-3062-AB65-1C40753A8CFE} = {9EE2E1F6-025F-3062-AB65-1C40753A8CFE}
	EndProjectSection
EndProject
Project("{8BC9CEB8-8B4A-11D0-8D11-00A0C91BC942}") = "gtest", "test\gtest-1.7.0\gtest.vcxproj", "{247657E9-B680-3BD9-885A-AEBA3DFD7785}"
	ProjectSection(ProjectDependencies) = postProject
		{9EE2E1F6-025F-3062-AB65-1C40753A8CFE} = {9EE2E1F6-025F-3062-AB65-1C40753A8CFE}
	EndProjectSection
EndProject
Project("{8BC9CEB8-8B4A-11D0-8D11-00A0C91BC942}") = "gwen", "examples\ThirdPartyLibs\Gwen\gwen.vcxproj", "{AB117753-3170-32B1-90D3-5946CFAB1D28}"
	ProjectSection(ProjectDependencies) = postProject
		{9EE2E1F6-025F-3062-AB65-1C40753A8CFE} = {9EE2E1F6-025F-3062-AB65-1C40753A8CFE}
	EndProjectSection
EndProject
Global
	GlobalSection(SolutionConfigurationPlatforms) = preSolution
		Debug|Win32 = Debug|Win32
		Release|Win32 = Release|Win32
		MinSizeRel|Win32 = MinSizeRel|Win32
		RelWithDebInfo|Win32 = RelWithDebInfo|Win32
	EndGlobalSection
	GlobalSection(ProjectConfigurationPlatforms) = postSolution
		{B94990D3-8D45-385B-8471-DADF62F0E3A2}.Debug|Win32.ActiveCfg = Debug|Win32
		{B94990D3-8D45-385B-8471-DADF62F0E3A2}.Debug|Win32.Build.0 = Debug|Win32
		{B94990D3-8D45-385B-8471-DADF62F0E3A2}.Release|Win32.ActiveCfg = Release|Win32
		{B94990D3-8D45-385B-8471-DADF62F0E3A2}.Release|Win32.Build.0 = Release|Win32
		{B94990D3-8D45-385B-8471-DADF62F0E3A2}.MinSizeRel|Win32.ActiveCfg = MinSizeRel|Win32
		{B94990D3-8D45-385B-8471-DADF62F0E3A2}.MinSizeRel|Win32.Build.0 = MinSizeRel|Win32
		{B94990D3-8D45-385B-8471-DADF62F0E3A2}.RelWithDebInfo|Win32.ActiveCfg = RelWithDebInfo|Win32
		{B94990D3-8D45-385B-8471-DADF62F0E3A2}.RelWithDebInfo|Win32.Build.0 = RelWithDebInfo|Win32
		{991F9DF0-3492-315F-B9A0-9AA17BDA2A72}.Debug|Win32.ActiveCfg = Debug|Win32
		{991F9DF0-3492-315F-B9A0-9AA17BDA2A72}.Debug|Win32.Build.0 = Debug|Win32
		{991F9DF0-3492-315F-B9A0-9AA17BDA2A72}.Release|Win32.ActiveCfg = Release|Win32
		{991F9DF0-3492-315F-B9A0-9AA17BDA2A72}.Release|Win32.Build.0 = Release|Win32
		{991F9DF0-3492-315F-B9A0-9AA17BDA2A72}.MinSizeRel|Win32.ActiveCfg = MinSizeRel|Win32
		{991F9DF0-3492-315F-B9A0-9AA17BDA2A72}.MinSizeRel|Win32.Build.0 = MinSizeRel|Win32
		{991F9DF0-3492-315F-B9A0-9AA17BDA2A72}.RelWithDebInfo|Win32.ActiveCfg = RelWithDebInfo|Win32
		{991F9DF0-3492-315F-B9A0-9AA17BDA2A72}.RelWithDebInfo|Win32.Build.0 = RelWithDebInfo|Win32
		{084B6A64-73CC-392E-9EE2-D1C41BC308F0}.Debug|Win32.ActiveCfg = Debug|Win32
		{084B6A64-73CC-392E-9EE2-D1C41BC308F0}.Debug|Win32.Build.0 = Debug|Win32
		{084B6A64-73CC-392E-9EE2-D1C41BC308F0}.Release|Win32.ActiveCfg = Release|Win32
		{084B6A64-73CC-392E-9EE2-D1C41BC308F0}.Release|Win32.Build.0 = Release|Win32
		{084B6A64-73CC-392E-9EE2-D1C41BC308F0}.MinSizeRel|Win32.ActiveCfg = MinSizeRel|Win32
		{084B6A64-73CC-392E-9EE2-D1C41BC308F0}.MinSizeRel|Win32.Build.0 = MinSizeRel|Win32
		{084B6A64-73CC-392E-9EE2-D1C41BC308F0}.RelWithDebInfo|Win32.ActiveCfg = RelWithDebInfo|Win32
		{084B6A64-73CC-392E-9EE2-D1C41BC308F0}.RelWithDebInfo|Win32.Build.0 = RelWithDebInfo|Win32
		{B00C7A94-BE54-3D25-9302-E53F284D5E3F}.Debug|Win32.ActiveCfg = Debug|Win32
		{B00C7A94-BE54-3D25-9302-E53F284D5E3F}.Debug|Win32.Build.0 = Debug|Win32
		{B00C7A94-BE54-3D25-9302-E53F284D5E3F}.Release|Win32.ActiveCfg = Release|Win32
		{B00C7A94-BE54-3D25-9302-E53F284D5E3F}.Release|Win32.Build.0 = Release|Win32
		{B00C7A94-BE54-3D25-9302-E53F284D5E3F}.MinSizeRel|Win32.ActiveCfg = MinSizeRel|Win32
		{B00C7A94-BE54-3D25-9302-E53F284D5E3F}.MinSizeRel|Win32.Build.0 = MinSizeRel|Win32
		{B00C7A94-BE54-3D25-9302-E53F284D5E3F}.RelWithDebInfo|Win32.ActiveCfg = RelWithDebInfo|Win32
		{B00C7A94-BE54-3D25-9302-E53F284D5E3F}.RelWithDebInfo|Win32.Build.0 = RelWithDebInfo|Win32
		{9768D9CB-4F84-3AEC-9705-8EB330327C16}.Debug|Win32.ActiveCfg = Debug|Win32
		{9768D9CB-4F84-3AEC-9705-8EB330327C16}.Debug|Win32.Build.0 = Debug|Win32
		{9768D9CB-4F84-3AEC-9705-8EB330327C16}.Release|Win32.ActiveCfg = Release|Win32
		{9768D9CB-4F84-3AEC-9705-8EB330327C16}.Release|Win32.Build.0 = Release|Win32
		{9768D9CB-4F84-3AEC-9705-8EB330327C16}.MinSizeRel|Win32.ActiveCfg = MinSizeRel|Win32
		{9768D9CB-4F84-3AEC-9705-8EB330327C16}.MinSizeRel|Win32.Build.0 = MinSizeRel|Win32
		{9768D9CB-4F84-3AEC-9705-8EB330327C16}.RelWithDebInfo|Win32.ActiveCfg = RelWithDebInfo|Win32
		{9768D9CB-4F84-3AEC-9705-8EB330327C16}.RelWithDebInfo|Win32.Build.0 = RelWithDebInfo|Win32
		{EA60B348-8A64-3169-AC1F-8CC1556F5356}.Debug|Win32.ActiveCfg = Debug|Win32
		{EA60B348-8A64-3169-AC1F-8CC1556F5356}.Debug|Win32.Build.0 = Debug|Win32
		{EA60B348-8A64-3169-AC1F-8CC1556F5356}.Release|Win32.ActiveCfg = Release|Win32
		{EA60B348-8A64-3169-AC1F-8CC1556F5356}.Release|Win32.Build.0 = Release|Win32
		{EA60B348-8A64-3169-AC1F-8CC1556F5356}.MinSizeRel|Win32.ActiveCfg = MinSizeRel|Win32
		{EA60B348-8A64-3169-AC1F-8CC1556F5356}.MinSizeRel|Win32.Build.0 = MinSizeRel|Win32
		{EA60B348-8A64-3169-AC1F-8CC1556F5356}.RelWithDebInfo|Win32.ActiveCfg = RelWithDebInfo|Win32
		{EA60B348-8A64-3169-AC1F-8CC1556F5356}.RelWithDebInfo|Win32.Build.0 = RelWithDebInfo|Win32
		{CC416586-1E71-356A-91D9-90422CDB535F}.Debug|Win32.ActiveCfg = Debug|Win32
		{CC416586-1E71-356A-91D9-90422CDB535F}.Debug|Win32.Build.0 = Debug|Win32
		{CC416586-1E71-356A-91D9-90422CDB535F}.Release|Win32.ActiveCfg = Release|Win32
		{CC416586-1E71-356A-91D9-90422CDB535F}.Release|Win32.Build.0 = Release|Win32
		{CC416586-1E71-356A-91D9-90422CDB535F}.MinSizeRel|Win32.ActiveCfg = MinSizeRel|Win32
		{CC416586-1E71-356A-91D9-90422CDB535F}.MinSizeRel|Win32.Build.0 = MinSizeRel|Win32
		{CC416586-1E71-356A-91D9-90422CDB535F}.RelWithDebInfo|Win32.ActiveCfg = RelWithDebInfo|Win32
		{CC416586-1E71-356A-91D9-90422CDB535F}.RelWithDebInfo|Win32.Build.0 = RelWithDebInfo|Win32
		{A1D8B895-85AC-3810-A133-D333E3AFBC53}.Debug|Win32.ActiveCfg = Debug|Win32
		{A1D8B895-85AC-3810-A133-D333E3AFBC53}.Debug|Win32.Build.0 = Debug|Win32
		{A1D8B895-85AC-3810-A133-D333E3AFBC53}.Release|Win32.ActiveCfg = Release|Win32
		{A1D8B895-85AC-3810-A133-D333E3AFBC53}.Release|Win32.Build.0 = Release|Win32
		{A1D8B895-85AC-3810-A133-D333E3AFBC53}.MinSizeRel|Win32.ActiveCfg = MinSizeRel|Win32
		{A1D8B895-85AC-3810-A133-D333E3AFBC53}.MinSizeRel|Win32.Build.0 = MinSizeRel|Win32
		{A1D8B895-85AC-3810-A133-D333E3AFBC53}.RelWithDebInfo|Win32.ActiveCfg = RelWithDebInfo|Win32
		{A1D8B895-85AC-3810-A133-D333E3AFBC53}.RelWithDebInfo|Win32.Build.0 = RelWithDebInfo|Win32
		{830D0BF7-FDF0-37CE-B531-8314A0BB2B68}.Debug|Win32.ActiveCfg = Debug|Win32
		{830D0BF7-FDF0-37CE-B531-8314A0BB2B68}.Debug|Win32.Build.0 = Debug|Win32
		{830D0BF7-FDF0-37CE-B531-8314A0BB2B68}.Release|Win32.ActiveCfg = Release|Win32
		{830D0BF7-FDF0-37CE-B531-8314A0BB2B68}.Release|Win32.Build.0 = Release|Win32
		{830D0BF7-FDF0-37CE-B531-8314A0BB2B68}.MinSizeRel|Win32.ActiveCfg = MinSizeRel|Win32
		{830D0BF7-FDF0-37CE-B531-8314A0BB2B68}.MinSizeRel|Win32.Build.0 = MinSizeRel|Win32
		{830D0BF7-FDF0-37CE-B531-8314A0BB2B68}.RelWithDebInfo|Win32.ActiveCfg = RelWithDebInfo|Win32
		{830D0BF7-FDF0-37CE-B531-8314A0BB2B68}.RelWithDebInfo|Win32.Build.0 = RelWithDebInfo|Win32
		{A8600645-CEBA-3AA5-98C2-F065CA60E7D2}.Debug|Win32.ActiveCfg = Debug|Win32
		{A8600645-CEBA-3AA5-98C2-F065CA60E7D2}.Debug|Win32.Build.0 = Debug|Win32
		{A8600645-CEBA-3AA5-98C2-F065CA60E7D2}.Release|Win32.ActiveCfg = Release|Win32
		{A8600645-CEBA-3AA5-98C2-F065CA60E7D2}.Release|Win32.Build.0 = Release|Win32
		{A8600645-CEBA-3AA5-98C2-F065CA60E7D2}.MinSizeRel|Win32.ActiveCfg = MinSizeRel|Win32
		{A8600645-CEBA-3AA5-98C2-F065CA60E7D2}.MinSizeRel|Win32.Build.0 = MinSizeRel|Win32
		{A8600645-CEBA-3AA5-98C2-F065CA60E7D2}.RelWithDebInfo|Win32.ActiveCfg = RelWithDebInfo|Win32
		{A8600645-CEBA-3AA5-98C2-F065CA60E7D2}.RelWithDebInfo|Win32.Build.0 = RelWithDebInfo|Win32
		{900F2004-4534-37C8-8C95-87E28ABDEC2D}.Debug|Win32.ActiveCfg = Debug|Win32
		{900F2004-4534-37C8-8C95-87E28ABDEC2D}.Debug|Win32.Build.0 = Debug|Win32
		{900F2004-4534-37C8-8C95-87E28ABDEC2D}.Release|Win32.ActiveCfg = Release|Win32
		{900F2004-4534-37C8-8C95-87E28ABDEC2D}.Release|Win32.Build.0 = Release|Win32
		{900F2004-4534-37C8-8C95-87E28ABDEC2D}.MinSizeRel|Win32.ActiveCfg = MinSizeRel|Win32
		{900F2004-4534-37C8-8C95-87E28ABDEC2D}.MinSizeRel|Win32.Build.0 = MinSizeRel|Win32
		{900F2004-4534-37C8-8C95-87E28ABDEC2D}.RelWithDebInfo|Win32.ActiveCfg = RelWithDebInfo|Win32
		{900F2004-4534-37C8-8C95-87E28ABDEC2D}.RelWithDebInfo|Win32.Build.0 = RelWithDebInfo|Win32
		{4E5756B4-FFC4-3EE4-B76D-0CD3E097AFF4}.Debug|Win32.ActiveCfg = Debug|Win32
		{4E5756B4-FFC4-3EE4-B76D-0CD3E097AFF4}.Debug|Win32.Build.0 = Debug|Win32
		{4E5756B4-FFC4-3EE4-B76D-0CD3E097AFF4}.Release|Win32.ActiveCfg = Release|Win32
		{4E5756B4-FFC4-3EE4-B76D-0CD3E097AFF4}.Release|Win32.Build.0 = Release|Win32
		{4E5756B4-FFC4-3EE4-B76D-0CD3E097AFF4}.MinSizeRel|Win32.ActiveCfg = MinSizeRel|Win32
		{4E5756B4-FFC4-3EE4-B76D-0CD3E097AFF4}.MinSizeRel|Win32.Build.0 = MinSizeRel|Win32
		{4E5756B4-FFC4-3EE4-B76D-0CD3E097AFF4}.RelWithDebInfo|Win32.ActiveCfg = RelWithDebInfo|Win32
		{4E5756B4-FFC4-3EE4-B76D-0CD3E097AFF4}.RelWithDebInfo|Win32.Build.0 = RelWithDebInfo|Win32
		{A08376B1-B085-3E21-8BDF-1BAFAECC9F5F}.Debug|Win32.ActiveCfg = Debug|Win32
		{A08376B1-B085-3E21-8BDF-1BAFAECC9F5F}.Debug|Win32.Build.0 = Debug|Win32
		{A08376B1-B085-3E21-8BDF-1BAFAECC9F5F}.Release|Win32.ActiveCfg = Release|Win32
		{A08376B1-B085-3E21-8BDF-1BAFAECC9F5F}.Release|Win32.Build.0 = Release|Win32
		{A08376B1-B085-3E21-8BDF-1BAFAECC9F5F}.MinSizeRel|Win32.ActiveCfg = MinSizeRel|Win32
		{A08376B1-B085-3E21-8BDF-1BAFAECC9F5F}.MinSizeRel|Win32.Build.0 = MinSizeRel|Win32
		{A08376B1-B085-3E21-8BDF-1BAFAECC9F5F}.RelWithDebInfo|Win32.ActiveCfg = RelWithDebInfo|Win32
		{A08376B1-B085-3E21-8BDF-1BAFAECC9F5F}.RelWithDebInfo|Win32.Build.0 = RelWithDebInfo|Win32
		{AE7B7352-B0A9-3B03-B387-4B78243ECDA7}.Debug|Win32.ActiveCfg = Debug|Win32
		{AE7B7352-B0A9-3B03-B387-4B78243ECDA7}.Debug|Win32.Build.0 = Debug|Win32
		{AE7B7352-B0A9-3B03-B387-4B78243ECDA7}.Release|Win32.ActiveCfg = Release|Win32
		{AE7B7352-B0A9-3B03-B387-4B78243ECDA7}.Release|Win32.Build.0 = Release|Win32
		{AE7B7352-B0A9-3B03-B387-4B78243ECDA7}.MinSizeRel|Win32.ActiveCfg = MinSizeRel|Win32
		{AE7B7352-B0A9-3B03-B387-4B78243ECDA7}.MinSizeRel|Win32.Build.0 = MinSizeRel|Win32
		{AE7B7352-B0A9-3B03-B387-4B78243ECDA7}.RelWithDebInfo|Win32.ActiveCfg = RelWithDebInfo|Win32
		{AE7B7352-B0A9-3B03-B387-4B78243ECDA7}.RelWithDebInfo|Win32.Build.0 = RelWithDebInfo|Win32
		{41E00968-C8B2-37AE-8F72-EC8D5BA314B9}.Debug|Win32.ActiveCfg = Debug|Win32
		{41E00968-C8B2-37AE-8F72-EC8D5BA314B9}.Debug|Win32.Build.0 = Debug|Win32
		{41E00968-C8B2-37AE-8F72-EC8D5BA314B9}.Release|Win32.ActiveCfg = Release|Win32
		{41E00968-C8B2-37AE-8F72-EC8D5BA314B9}.Release|Win32.Build.0 = Release|Win32
		{41E00968-C8B2-37AE-8F72-EC8D5BA314B9}.MinSizeRel|Win32.ActiveCfg = MinSizeRel|Win32
		{41E00968-C8B2-37AE-8F72-EC8D5BA314B9}.MinSizeRel|Win32.Build.0 = MinSizeRel|Win32
		{41E00968-C8B2-37AE-8F72-EC8D5BA314B9}.RelWithDebInfo|Win32.ActiveCfg = RelWithDebInfo|Win32
		{41E00968-C8B2-37AE-8F72-EC8D5BA314B9}.RelWithDebInfo|Win32.Build.0 = RelWithDebInfo|Win32
		{22074230-932A-3C0C-9B37-D5558D3B01DA}.Debug|Win32.ActiveCfg = Debug|Win32
		{22074230-932A-3C0C-9B37-D5558D3B01DA}.Debug|Win32.Build.0 = Debug|Win32
		{22074230-932A-3C0C-9B37-D5558D3B01DA}.Release|Win32.ActiveCfg = Release|Win32
		{22074230-932A-3C0C-9B37-D5558D3B01DA}.Release|Win32.Build.0 = Release|Win32
		{22074230-932A-3C0C-9B37-D5558D3B01DA}.MinSizeRel|Win32.ActiveCfg = MinSizeRel|Win32
		{22074230-932A-3C0C-9B37-D5558D3B01DA}.MinSizeRel|Win32.Build.0 = MinSizeRel|Win32
		{22074230-932A-3C0C-9B37-D5558D3B01DA}.RelWithDebInfo|Win32.ActiveCfg = RelWithDebInfo|Win32
		{22074230-932A-3C0C-9B37-D5558D3B01DA}.RelWithDebInfo|Win32.Build.0 = RelWithDebInfo|Win32
		{51E83CD8-AFBC-31E9-93AE-DCBE9A97887D}.Debug|Win32.ActiveCfg = Debug|Win32
		{51E83CD8-AFBC-31E9-93AE-DCBE9A97887D}.Debug|Win32.Build.0 = Debug|Win32
		{51E83CD8-AFBC-31E9-93AE-DCBE9A97887D}.Release|Win32.ActiveCfg = Release|Win32
		{51E83CD8-AFBC-31E9-93AE-DCBE9A97887D}.Release|Win32.Build.0 = Release|Win32
		{51E83CD8-AFBC-31E9-93AE-DCBE9A97887D}.MinSizeRel|Win32.ActiveCfg = MinSizeRel|Win32
		{51E83CD8-AFBC-31E9-93AE-DCBE9A97887D}.MinSizeRel|Win32.Build.0 = MinSizeRel|Win32
		{51E83CD8-AFBC-31E9-93AE-DCBE9A97887D}.RelWithDebInfo|Win32.ActiveCfg = RelWithDebInfo|Win32
		{51E83CD8-AFBC-31E9-93AE-DCBE9A97887D}.RelWithDebInfo|Win32.Build.0 = RelWithDebInfo|Win32
		{DA6CF95B-62C0-355C-BF44-0EA9A8AF6932}.Debug|Win32.ActiveCfg = Debug|Win32
		{DA6CF95B-62C0-355C-BF44-0EA9A8AF6932}.Debug|Win32.Build.0 = Debug|Win32
		{DA6CF95B-62C0-355C-BF44-0EA9A8AF6932}.Release|Win32.ActiveCfg = Release|Win32
		{DA6CF95B-62C0-355C-BF44-0EA9A8AF6932}.Release|Win32.Build.0 = Release|Win32
		{DA6CF95B-62C0-355C-BF44-0EA9A8AF6932}.MinSizeRel|Win32.ActiveCfg = MinSizeRel|Win32
		{DA6CF95B-62C0-355C-BF44-0EA9A8AF6932}.MinSizeRel|Win32.Build.0 = MinSizeRel|Win32
		{DA6CF95B-62C0-355C-BF44-0EA9A8AF6932}.RelWithDebInfo|Win32.ActiveCfg = RelWithDebInfo|Win32
		{DA6CF95B-62C0-355C-BF44-0EA9A8AF6932}.RelWithDebInfo|Win32.Build.0 = RelWithDebInfo|Win32
		{FBDA727C-AD39-3AFE-9C73-D6A7F1093AED}.Debug|Win32.ActiveCfg = Debug|Win32
		{FBDA727C-AD39-3AFE-9C73-D6A7F1093AED}.Debug|Win32.Build.0 = Debug|Win32
		{FBDA727C-AD39-3AFE-9C73-D6A7F1093AED}.Release|Win32.ActiveCfg = Release|Win32
		{FBDA727C-AD39-3AFE-9C73-D6A7F1093AED}.Release|Win32.Build.0 = Release|Win32
		{FBDA727C-AD39-3AFE-9C73-D6A7F1093AED}.MinSizeRel|Win32.ActiveCfg = MinSizeRel|Win32
		{FBDA727C-AD39-3AFE-9C73-D6A7F1093AED}.MinSizeRel|Win32.Build.0 = MinSizeRel|Win32
		{FBDA727C-AD39-3AFE-9C73-D6A7F1093AED}.RelWithDebInfo|Win32.ActiveCfg = RelWithDebInfo|Win32
		{FBDA727C-AD39-3AFE-9C73-D6A7F1093AED}.RelWithDebInfo|Win32.Build.0 = RelWithDebInfo|Win32
		{D9E263FD-5D82-3D49-BC4E-BE8218F8E0B4}.Debug|Win32.ActiveCfg = Debug|Win32
		{D9E263FD-5D82-3D49-BC4E-BE8218F8E0B4}.Debug|Win32.Build.0 = Debug|Win32
		{D9E263FD-5D82-3D49-BC4E-BE8218F8E0B4}.Release|Win32.ActiveCfg = Release|Win32
		{D9E263FD-5D82-3D49-BC4E-BE8218F8E0B4}.Release|Win32.Build.0 = Release|Win32
		{D9E263FD-5D82-3D49-BC4E-BE8218F8E0B4}.MinSizeRel|Win32.ActiveCfg = MinSizeRel|Win32
		{D9E263FD-5D82-3D49-BC4E-BE8218F8E0B4}.MinSizeRel|Win32.Build.0 = MinSizeRel|Win32
		{D9E263FD-5D82-3D49-BC4E-BE8218F8E0B4}.RelWithDebInfo|Win32.ActiveCfg = RelWithDebInfo|Win32
		{D9E263FD-5D82-3D49-BC4E-BE8218F8E0B4}.RelWithDebInfo|Win32.Build.0 = RelWithDebInfo|Win32
		{2A5225B8-F68F-349B-90EC-40369E7D1209}.Debug|Win32.ActiveCfg = Debug|Win32
		{2A5225B8-F68F-349B-90EC-40369E7D1209}.Debug|Win32.Build.0 = Debug|Win32
		{2A5225B8-F68F-349B-90EC-40369E7D1209}.Release|Win32.ActiveCfg = Release|Win32
		{2A5225B8-F68F-349B-90EC-40369E7D1209}.Release|Win32.Build.0 = Release|Win32
		{2A5225B8-F68F-349B-90EC-40369E7D1209}.MinSizeRel|Win32.ActiveCfg = MinSizeRel|Win32
		{2A5225B8-F68F-349B-90EC-40369E7D1209}.MinSizeRel|Win32.Build.0 = MinSizeRel|Win32
		{2A5225B8-F68F-349B-90EC-40369E7D1209}.RelWithDebInfo|Win32.ActiveCfg = RelWithDebInfo|Win32
		{2A5225B8-F68F-349B-90EC-40369E7D1209}.RelWithDebInfo|Win32.Build.0 = RelWithDebInfo|Win32
		{4F2131CF-3040-39BB-AF2F-C498795E19B7}.Debug|Win32.ActiveCfg = Debug|Win32
		{4F2131CF-3040-39BB-AF2F-C498795E19B7}.Debug|Win32.Build.0 = Debug|Win32
		{4F2131CF-3040-39BB-AF2F-C498795E19B7}.Release|Win32.ActiveCfg = Release|Win32
		{4F2131CF-3040-39BB-AF2F-C498795E19B7}.Release|Win32.Build.0 = Release|Win32
		{4F2131CF-3040-39BB-AF2F-C498795E19B7}.MinSizeRel|Win32.ActiveCfg = MinSizeRel|Win32
		{4F2131CF-3040-39BB-AF2F-C498795E19B7}.MinSizeRel|Win32.Build.0 = MinSizeRel|Win32
		{4F2131CF-3040-39BB-AF2F-C498795E19B7}.RelWithDebInfo|Win32.ActiveCfg = RelWithDebInfo|Win32
		{4F2131CF-3040-39BB-AF2F-C498795E19B7}.RelWithDebInfo|Win32.Build.0 = RelWithDebInfo|Win32
		{A6719663-9E15-35B6-889E-EC88DA235CDC}.Debug|Win32.ActiveCfg = Debug|Win32
		{A6719663-9E15-35B6-889E-EC88DA235CDC}.Debug|Win32.Build.0 = Debug|Win32
		{A6719663-9E15-35B6-889E-EC88DA235CDC}.Release|Win32.ActiveCfg = Release|Win32
		{A6719663-9E15-35B6-889E-EC88DA235CDC}.Release|Win32.Build.0 = Release|Win32
		{A6719663-9E15-35B6-889E-EC88DA235CDC}.MinSizeRel|Win32.ActiveCfg = MinSizeRel|Win32
		{A6719663-9E15-35B6-889E-EC88DA235CDC}.MinSizeRel|Win32.Build.0 = MinSizeRel|Win32
		{A6719663-9E15-35B6-889E-EC88DA235CDC}.RelWithDebInfo|Win32.ActiveCfg = RelWithDebInfo|Win32
		{A6719663-9E15-35B6-889E-EC88DA235CDC}.RelWithDebInfo|Win32.Build.0 = RelWithDebInfo|Win32
		{0AFF622F-4FFF-3795-BE53-B2953C14CA8D}.Debug|Win32.ActiveCfg = Debug|Win32
		{0AFF622F-4FFF-3795-BE53-B2953C14CA8D}.Debug|Win32.Build.0 = Debug|Win32
		{0AFF622F-4FFF-3795-BE53-B2953C14CA8D}.Release|Win32.ActiveCfg = Release|Win32
		{0AFF622F-4FFF-3795-BE53-B2953C14CA8D}.Release|Win32.Build.0 = Release|Win32
		{0AFF622F-4FFF-3795-BE53-B2953C14CA8D}.MinSizeRel|Win32.ActiveCfg = MinSizeRel|Win32
		{0AFF622F-4FFF-3795-BE53-B2953C14CA8D}.MinSizeRel|Win32.Build.0 = MinSizeRel|Win32
		{0AFF622F-4FFF-3795-BE53-B2953C14CA8D}.RelWithDebInfo|Win32.ActiveCfg = RelWithDebInfo|Win32
		{0AFF622F-4FFF-3795-BE53-B2953C14CA8D}.RelWithDebInfo|Win32.Build.0 = RelWithDebInfo|Win32
		{89919EDE-51C5-3093-B103-5A94C05F87D6}.Debug|Win32.ActiveCfg = Debug|Win32
		{89919EDE-51C5-3093-B103-5A94C05F87D6}.Debug|Win32.Build.0 = Debug|Win32
		{89919EDE-51C5-3093-B103-5A94C05F87D6}.Release|Win32.ActiveCfg = Release|Win32
		{89919EDE-51C5-3093-B103-5A94C05F87D6}.Release|Win32.Build.0 = Release|Win32
		{89919EDE-51C5-3093-B103-5A94C05F87D6}.MinSizeRel|Win32.ActiveCfg = MinSizeRel|Win32
		{89919EDE-51C5-3093-B103-5A94C05F87D6}.MinSizeRel|Win32.Build.0 = MinSizeRel|Win32
		{89919EDE-51C5-3093-B103-5A94C05F87D6}.RelWithDebInfo|Win32.ActiveCfg = RelWithDebInfo|Win32
		{89919EDE-51C5-3093-B103-5A94C05F87D6}.RelWithDebInfo|Win32.Build.0 = RelWithDebInfo|Win32
		{58A08D87-8151-3FEB-9B08-338755967AE1}.Debug|Win32.ActiveCfg = Debug|Win32
		{58A08D87-8151-3FEB-9B08-338755967AE1}.Debug|Win32.Build.0 = Debug|Win32
		{58A08D87-8151-3FEB-9B08-338755967AE1}.Release|Win32.ActiveCfg = Release|Win32
		{58A08D87-8151-3FEB-9B08-338755967AE1}.Release|Win32.Build.0 = Release|Win32
		{58A08D87-8151-3FEB-9B08-338755967AE1}.MinSizeRel|Win32.ActiveCfg = MinSizeRel|Win32
		{58A08D87-8151-3FEB-9B08-338755967AE1}.MinSizeRel|Win32.Build.0 = MinSizeRel|Win32
		{58A08D87-8151-3FEB-9B08-338755967AE1}.RelWithDebInfo|Win32.ActiveCfg = RelWithDebInfo|Win32
		{58A08D87-8151-3FEB-9B08-338755967AE1}.RelWithDebInfo|Win32.Build.0 = RelWithDebInfo|Win32
		{F40FD7A4-9CA0-3E57-8162-938BCDD4BE8A}.Debug|Win32.ActiveCfg = Debug|Win32
		{F40FD7A4-9CA0-3E57-8162-938BCDD4BE8A}.Debug|Win32.Build.0 = Debug|Win32
		{F40FD7A4-9CA0-3E57-8162-938BCDD4BE8A}.Release|Win32.ActiveCfg = Release|Win32
		{F40FD7A4-9CA0-3E57-8162-938BCDD4BE8A}.Release|Win32.Build.0 = Release|Win32
		{F40FD7A4-9CA0-3E57-8162-938BCDD4BE8A}.MinSizeRel|Win32.ActiveCfg = MinSizeRel|Win32
		{F40FD7A4-9CA0-3E57-8162-938BCDD4BE8A}.MinSizeRel|Win32.Build.0 = MinSizeRel|Win32
		{F40FD7A4-9CA0-3E57-8162-938BCDD4BE8A}.RelWithDebInfo|Win32.ActiveCfg = RelWithDebInfo|Win32
		{F40FD7A4-9CA0-3E57-8162-938BCDD4BE8A}.RelWithDebInfo|Win32.Build.0 = RelWithDebInfo|Win32
		{D0583818-2BEE-357C-9BA4-238B876AFD75}.Debug|Win32.ActiveCfg = Debug|Win32
		{D0583818-2BEE-357C-9BA4-238B876AFD75}.Debug|Win32.Build.0 = Debug|Win32
		{D0583818-2BEE-357C-9BA4-238B876AFD75}.Release|Win32.ActiveCfg = Release|Win32
		{D0583818-2BEE-357C-9BA4-238B876AFD75}.Release|Win32.Build.0 = Release|Win32
		{D0583818-2BEE-357C-9BA4-238B876AFD75}.MinSizeRel|Win32.ActiveCfg = MinSizeRel|Win32
		{D0583818-2BEE-357C-9BA4-238B876AFD75}.MinSizeRel|Win32.Build.0 = MinSizeRel|Win32
		{D0583818-2BEE-357C-9BA4-238B876AFD75}.RelWithDebInfo|Win32.ActiveCfg = RelWithDebInfo|Win32
		{D0583818-2BEE-357C-9BA4-238B876AFD75}.RelWithDebInfo|Win32.Build.0 = RelWithDebInfo|Win32
		{9662737D-EBF2-383A-A1D4-75BE4756F5A1}.Debug|Win32.ActiveCfg = Debug|Win32
		{9662737D-EBF2-383A-A1D4-75BE4756F5A1}.Debug|Win32.Build.0 = Debug|Win32
		{9662737D-EBF2-383A-A1D4-75BE4756F5A1}.Release|Win32.ActiveCfg = Release|Win32
		{9662737D-EBF2-383A-A1D4-75BE4756F5A1}.Release|Win32.Build.0 = Release|Win32
		{9662737D-EBF2-383A-A1D4-75BE4756F5A1}.MinSizeRel|Win32.ActiveCfg = MinSizeRel|Win32
		{9662737D-EBF2-383A-A1D4-75BE4756F5A1}.MinSizeRel|Win32.Build.0 = MinSizeRel|Win32
		{9662737D-EBF2-383A-A1D4-75BE4756F5A1}.RelWithDebInfo|Win32.ActiveCfg = RelWithDebInfo|Win32
		{9662737D-EBF2-383A-A1D4-75BE4756F5A1}.RelWithDebInfo|Win32.Build.0 = RelWithDebInfo|Win32
		{702C674C-6596-39D8-B5B4-A07D3A677B01}.Debug|Win32.ActiveCfg = Debug|Win32
		{702C674C-6596-39D8-B5B4-A07D3A677B01}.Release|Win32.ActiveCfg = Release|Win32
		{702C674C-6596-39D8-B5B4-A07D3A677B01}.MinSizeRel|Win32.ActiveCfg = MinSizeRel|Win32
		{702C674C-6596-39D8-B5B4-A07D3A677B01}.RelWithDebInfo|Win32.ActiveCfg = RelWithDebInfo|Win32
		{D9EB2CC4-9C27-3C06-94C6-353DA59FEC28}.Debug|Win32.ActiveCfg = Debug|Win32
		{D9EB2CC4-9C27-3C06-94C6-353DA59FEC28}.Debug|Win32.Build.0 = Debug|Win32
		{D9EB2CC4-9C27-3C06-94C6-353DA59FEC28}.Release|Win32.ActiveCfg = Release|Win32
		{D9EB2CC4-9C27-3C06-94C6-353DA59FEC28}.Release|Win32.Build.0 = Release|Win32
		{D9EB2CC4-9C27-3C06-94C6-353DA59FEC28}.MinSizeRel|Win32.ActiveCfg = MinSizeRel|Win32
		{D9EB2CC4-9C27-3C06-94C6-353DA59FEC28}.MinSizeRel|Win32.Build.0 = MinSizeRel|Win32
		{D9EB2CC4-9C27-3C06-94C6-353DA59FEC28}.RelWithDebInfo|Win32.ActiveCfg = RelWithDebInfo|Win32
		{D9EB2CC4-9C27-3C06-94C6-353DA59FEC28}.RelWithDebInfo|Win32.Build.0 = RelWithDebInfo|Win32
		{F1B2C995-D3B5-3D33-89F1-163A6035CE37}.Debug|Win32.ActiveCfg = Debug|Win32
		{F1B2C995-D3B5-3D33-89F1-163A6035CE37}.Debug|Win32.Build.0 = Debug|Win32
		{F1B2C995-D3B5-3D33-89F1-163A6035CE37}.Release|Win32.ActiveCfg = Release|Win32
		{F1B2C995-D3B5-3D33-89F1-163A6035CE37}.Release|Win32.Build.0 = Release|Win32
		{F1B2C995-D3B5-3D33-89F1-163A6035CE37}.MinSizeRel|Win32.ActiveCfg = MinSizeRel|Win32
		{F1B2C995-D3B5-3D33-89F1-163A6035CE37}.MinSizeRel|Win32.Build.0 = MinSizeRel|Win32
		{F1B2C995-D3B5-3D33-89F1-163A6035CE37}.RelWithDebInfo|Win32.ActiveCfg = RelWithDebInfo|Win32
		{F1B2C995-D3B5-3D33-89F1-163A6035CE37}.RelWithDebInfo|Win32.Build.0 = RelWithDebInfo|Win32
		{3DD62EE5-A98D-36F4-9B66-C6B72AD04E82}.Debug|Win32.ActiveCfg = Debug|Win32
		{3DD62EE5-A98D-36F4-9B66-C6B72AD04E82}.Release|Win32.ActiveCfg = Release|Win32
		{3DD62EE5-A98D-36F4-9B66-C6B72AD04E82}.MinSizeRel|Win32.ActiveCfg = MinSizeRel|Win32
		{3DD62EE5-A98D-36F4-9B66-C6B72AD04E82}.RelWithDebInfo|Win32.ActiveCfg = RelWithDebInfo|Win32
		{D0A8CF35-2331-348D-A618-03B400B3D06C}.Debug|Win32.ActiveCfg = Debug|Win32
		{D0A8CF35-2331-348D-A618-03B400B3D06C}.Debug|Win32.Build.0 = Debug|Win32
		{D0A8CF35-2331-348D-A618-03B400B3D06C}.Release|Win32.ActiveCfg = Release|Win32
		{D0A8CF35-2331-348D-A618-03B400B3D06C}.Release|Win32.Build.0 = Release|Win32
		{D0A8CF35-2331-348D-A618-03B400B3D06C}.MinSizeRel|Win32.ActiveCfg = MinSizeRel|Win32
		{D0A8CF35-2331-348D-A618-03B400B3D06C}.MinSizeRel|Win32.Build.0 = MinSizeRel|Win32
		{D0A8CF35-2331-348D-A618-03B400B3D06C}.RelWithDebInfo|Win32.ActiveCfg = RelWithDebInfo|Win32
		{D0A8CF35-2331-348D-A618-03B400B3D06C}.RelWithDebInfo|Win32.Build.0 = RelWithDebInfo|Win32
		{E38CB074-138F-3679-A9B8-2E30BA9E5920}.Debug|Win32.ActiveCfg = Debug|Win32
		{E38CB074-138F-3679-A9B8-2E30BA9E5920}.Debug|Win32.Build.0 = Debug|Win32
		{E38CB074-138F-3679-A9B8-2E30BA9E5920}.Release|Win32.ActiveCfg = Release|Win32
		{E38CB074-138F-3679-A9B8-2E30BA9E5920}.Release|Win32.Build.0 = Release|Win32
		{E38CB074-138F-3679-A9B8-2E30BA9E5920}.MinSizeRel|Win32.ActiveCfg = MinSizeRel|Win32
		{E38CB074-138F-3679-A9B8-2E30BA9E5920}.MinSizeRel|Win32.Build.0 = MinSizeRel|Win32
		{E38CB074-138F-3679-A9B8-2E30BA9E5920}.RelWithDebInfo|Win32.ActiveCfg = RelWithDebInfo|Win32
		{E38CB074-138F-3679-A9B8-2E30BA9E5920}.RelWithDebInfo|Win32.Build.0 = RelWithDebInfo|Win32
		{FDD7EB9E-F126-3C73-97B6-10B111AC8A17}.Debug|Win32.ActiveCfg = Debug|Win32
		{FDD7EB9E-F126-3C73-97B6-10B111AC8A17}.Debug|Win32.Build.0 = Debug|Win32
		{FDD7EB9E-F126-3C73-97B6-10B111AC8A17}.Release|Win32.ActiveCfg = Release|Win32
		{FDD7EB9E-F126-3C73-97B6-10B111AC8A17}.Release|Win32.Build.0 = Release|Win32
		{FDD7EB9E-F126-3C73-97B6-10B111AC8A17}.MinSizeRel|Win32.ActiveCfg = MinSizeRel|Win32
		{FDD7EB9E-F126-3C73-97B6-10B111AC8A17}.MinSizeRel|Win32.Build.0 = MinSizeRel|Win32
		{FDD7EB9E-F126-3C73-97B6-10B111AC8A17}.RelWithDebInfo|Win32.ActiveCfg = RelWithDebInfo|Win32
		{FDD7EB9E-F126-3C73-97B6-10B111AC8A17}.RelWithDebInfo|Win32.Build.0 = RelWithDebInfo|Win32
		{7F707BC3-CD3D-3879-8F21-A3D387E90021}.Debug|Win32.ActiveCfg = Debug|Win32
		{7F707BC3-CD3D-3879-8F21-A3D387E90021}.Debug|Win32.Build.0 = Debug|Win32
		{7F707BC3-CD3D-3879-8F21-A3D387E90021}.Release|Win32.ActiveCfg = Release|Win32
		{7F707BC3-CD3D-3879-8F21-A3D387E90021}.Release|Win32.Build.0 = Release|Win32
		{7F707BC3-CD3D-3879-8F21-A3D387E90021}.MinSizeRel|Win32.ActiveCfg = MinSizeRel|Win32
		{7F707BC3-CD3D-3879-8F21-A3D387E90021}.MinSizeRel|Win32.Build.0 = MinSizeRel|Win32
		{7F707BC3-CD3D-3879-8F21-A3D387E90021}.RelWithDebInfo|Win32.ActiveCfg = RelWithDebInfo|Win32
		{7F707BC3-CD3D-3879-8F21-A3D387E90021}.RelWithDebInfo|Win32.Build.0 = RelWithDebInfo|Win32
		{4572D2FD-E14E-3A51-85F5-9284017746FD}.Debug|Win32.ActiveCfg = Debug|Win32
		{4572D2FD-E14E-3A51-85F5-9284017746FD}.Debug|Win32.Build.0 = Debug|Win32
		{4572D2FD-E14E-3A51-85F5-9284017746FD}.Release|Win32.ActiveCfg = Release|Win32
		{4572D2FD-E14E-3A51-85F5-9284017746FD}.Release|Win32.Build.0 = Release|Win32
		{4572D2FD-E14E-3A51-85F5-9284017746FD}.MinSizeRel|Win32.ActiveCfg = MinSizeRel|Win32
		{4572D2FD-E14E-3A51-85F5-9284017746FD}.MinSizeRel|Win32.Build.0 = MinSizeRel|Win32
		{4572D2FD-E14E-3A51-85F5-9284017746FD}.RelWithDebInfo|Win32.ActiveCfg = RelWithDebInfo|Win32
		{4572D2FD-E14E-3A51-85F5-9284017746FD}.RelWithDebInfo|Win32.Build.0 = RelWithDebInfo|Win32
		{7C5C6409-4926-3768-890F-8906D145EFAB}.Debug|Win32.ActiveCfg = Debug|Win32
		{7C5C6409-4926-3768-890F-8906D145EFAB}.Debug|Win32.Build.0 = Debug|Win32
		{7C5C6409-4926-3768-890F-8906D145EFAB}.Release|Win32.ActiveCfg = Release|Win32
		{7C5C6409-4926-3768-890F-8906D145EFAB}.Release|Win32.Build.0 = Release|Win32
		{7C5C6409-4926-3768-890F-8906D145EFAB}.MinSizeRel|Win32.ActiveCfg = MinSizeRel|Win32
		{7C5C6409-4926-3768-890F-8906D145EFAB}.MinSizeRel|Win32.Build.0 = MinSizeRel|Win32
		{7C5C6409-4926-3768-890F-8906D145EFAB}.RelWithDebInfo|Win32.ActiveCfg = RelWithDebInfo|Win32
		{7C5C6409-4926-3768-890F-8906D145EFAB}.RelWithDebInfo|Win32.Build.0 = RelWithDebInfo|Win32
		{207572CA-C1F6-3235-AEDE-47C98844515F}.Debug|Win32.ActiveCfg = Debug|Win32
		{207572CA-C1F6-3235-AEDE-47C98844515F}.Debug|Win32.Build.0 = Debug|Win32
		{207572CA-C1F6-3235-AEDE-47C98844515F}.Release|Win32.ActiveCfg = Release|Win32
		{207572CA-C1F6-3235-AEDE-47C98844515F}.Release|Win32.Build.0 = Release|Win32
		{207572CA-C1F6-3235-AEDE-47C98844515F}.MinSizeRel|Win32.ActiveCfg = MinSizeRel|Win32
		{207572CA-C1F6-3235-AEDE-47C98844515F}.MinSizeRel|Win32.Build.0 = MinSizeRel|Win32
		{207572CA-C1F6-3235-AEDE-47C98844515F}.RelWithDebInfo|Win32.ActiveCfg = RelWithDebInfo|Win32
		{207572CA-C1F6-3235-AEDE-47C98844515F}.RelWithDebInfo|Win32.Build.0 = RelWithDebInfo|Win32
		{9EE2E1F6-025F-3062-AB65-1C40753A8CFE}.Debug|Win32.ActiveCfg = Debug|Win32
		{9EE2E1F6-025F-3062-AB65-1C40753A8CFE}.Debug|Win32.Build.0 = Debug|Win32
		{9EE2E1F6-025F-3062-AB65-1C40753A8CFE}.Release|Win32.ActiveCfg = Release|Win32
		{9EE2E1F6-025F-3062-AB65-1C40753A8CFE}.Release|Win32.Build.0 = Release|Win32
		{9EE2E1F6-025F-3062-AB65-1C40753A8CFE}.MinSizeRel|Win32.ActiveCfg = MinSizeRel|Win32
		{9EE2E1F6-025F-3062-AB65-1C40753A8CFE}.MinSizeRel|Win32.Build.0 = MinSizeRel|Win32
		{9EE2E1F6-025F-3062-AB65-1C40753A8CFE}.RelWithDebInfo|Win32.ActiveCfg = RelWithDebInfo|Win32
		{9EE2E1F6-025F-3062-AB65-1C40753A8CFE}.RelWithDebInfo|Win32.Build.0 = RelWithDebInfo|Win32
		{F80C4AE5-CE48-38CB-B2F1-09705BB26675}.Debug|Win32.ActiveCfg = Debug|Win32
		{F80C4AE5-CE48-38CB-B2F1-09705BB26675}.Debug|Win32.Build.0 = Debug|Win32
		{F80C4AE5-CE48-38CB-B2F1-09705BB26675}.Release|Win32.ActiveCfg = Release|Win32
		{F80C4AE5-CE48-38CB-B2F1-09705BB26675}.Release|Win32.Build.0 = Release|Win32
		{F80C4AE5-CE48-38CB-B2F1-09705BB26675}.MinSizeRel|Win32.ActiveCfg = MinSizeRel|Win32
		{F80C4AE5-CE48-38CB-B2F1-09705BB26675}.MinSizeRel|Win32.Build.0 = MinSizeRel|Win32
		{F80C4AE5-CE48-38CB-B2F1-09705BB26675}.RelWithDebInfo|Win32.ActiveCfg = RelWithDebInfo|Win32
		{F80C4AE5-CE48-38CB-B2F1-09705BB26675}.RelWithDebInfo|Win32.Build.0 = RelWithDebInfo|Win32
		{247657E9-B680-3BD9-885A-AEBA3DFD7785}.Debug|Win32.ActiveCfg = Debug|Win32
		{247657E9-B680-3BD9-885A-AEBA3DFD7785}.Debug|Win32.Build.0 = Debug|Win32
		{247657E9-B680-3BD9-885A-AEBA3DFD7785}.Release|Win32.ActiveCfg = Release|Win32
		{247657E9-B680-3BD9-885A-AEBA3DFD7785}.Release|Win32.Build.0 = Release|Win32
		{247657E9-B680-3BD9-885A-AEBA3DFD7785}.MinSizeRel|Win32.ActiveCfg = MinSizeRel|Win32
		{247657E9-B680-3BD9-885A-AEBA3DFD7785}.MinSizeRel|Win32.Build.0 = MinSizeRel|Win32
		{247657E9-B680-3BD9-885A-AEBA3DFD7785}.RelWithDebInfo|Win32.ActiveCfg = RelWithDebInfo|Win32
		{247657E9-B680-3BD9-885A-AEBA3DFD7785}.RelWithDebInfo|Win32.Build.0 = RelWithDebInfo|Win32
		{AB117753-3170-32B1-90D3-5946CFAB1D28}.Debug|Win32.ActiveCfg = Debug|Win32
		{AB117753-3170-32B1-90D3-5946CFAB1D28}.Debug|Win32.Build.0 = Debug|Win32
		{AB117753-3170-32B1-90D3-5946CFAB1D28}.Release|Win32.ActiveCfg = Release|Win32
		{AB117753-3170-32B1-90D3-5946CFAB1D28}.Release|Win32.Build.0 = Release|Win32
		{AB117753-3170-32B1-90D3-5946CFAB1D28}.MinSizeRel|Win32.ActiveCfg = MinSizeRel|Win32
		{AB117753-3170-32B1-90D3-5946CFAB1D28}.MinSizeRel|Win32.Build.0 = MinSizeRel|Win32
		{AB117753-3170-32B1-90D3-5946CFAB1D28}.RelWithDebInfo|Win32.ActiveCfg = RelWithDebInfo|Win32
		{AB117753-3170-32B1-90D3-5946CFAB1D28}.RelWithDebInfo|Win32.Build.0 = RelWithDebInfo|Win32
	EndGlobalSection
	GlobalSection(ExtensibilityGlobals) = postSolution
	EndGlobalSection
	GlobalSection(ExtensibilityAddIns) = postSolution
	EndGlobalSection
EndGlobal
