Microsoft Visual Studio Solution File, Format Version 12.00
# Visual Studio 14
Project("{8BC9CEB8-8B4A-11D0-8D11-00A0C91BC942}") = "ALL_BUILD", "ALL_BUILD.vcxproj", "{28572C60-FF08-3DDD-A67A-48BDA8708C9A}"
	ProjectSection(ProjectDependencies) = postProject
		{222FD710-7A7F-3137-9007-53FEB26A1D6E} = {222FD710-7A7F-3137-9007-53FEB26A1D6E}
		{9DC29627-857E-393E-A977-3550C9F7DA97} = {9DC29627-857E-393E-A977-3550C9F7DA97}
		{94B2E885-5A3B-310B-8392-BD8692E50C10} = {94B2E885-5A3B-310B-8392-BD8692E50C10}
		{7ACE13A7-766D-3A0A-853E-9A44CDB9CC15} = {7ACE13A7-766D-3A0A-853E-9A44CDB9CC15}
		{E551E780-A159-33F6-90DA-4D6B68065DA5} = {E551E780-A159-33F6-90DA-4D6B68065DA5}
		{1D046BC1-F6C8-34EF-A379-A30B0C70C870} = {1D046BC1-F6C8-34EF-A379-A30B0C70C870}
		{7B7208AC-7E4A-376D-A0A5-1A448996B295} = {7B7208AC-7E4A-376D-A0A5-1A448996B295}
		{1AE73357-4061-328B-9205-E47D589ADABF} = {1AE73357-4061-328B-9205-E47D589ADABF}
		{35F5FC2F-F77E-3358-A230-5D1C7D4EEA18} = {35F5FC2F-F77E-3358-A230-5D1C7D4EEA18}
		{0D5438FF-847D-3775-8A21-DC7B01B9EBB1} = {0D5438FF-847D-3775-8A21-DC7B01B9EBB1}
		{C493D009-740A-3912-A540-EFA5A7D46EE4} = {C493D009-740A-3912-A540-EFA5A7D46EE4}
		{65DFFAD0-98B1-3867-9C8C-12B3F7BF0E96} = {65DFFAD0-98B1-3867-9C8C-12B3F7BF0E96}
		{C0B61627-5130-3622-B315-D4154EF5DAE3} = {C0B61627-5130-3622-B315-D4154EF5DAE3}
		{6E466A58-A061-3E25-A0E4-2446886F79B5} = {6E466A58-A061-3E25-A0E4-2446886F79B5}
		{F67A355D-A67A-3B9F-9681-227E60EF5198} = {F67A355D-A67A-3B9F-9681-227E60EF5198}
		{C72F07B7-4934-3208-89B7-C74396428091} = {C72F07B7-4934-3208-89B7-C74396428091}
		{0A2CA713-5A26-3DFB-8217-4CE512E444C1} = {0A2CA713-5A26-3DFB-8217-4CE512E444C1}
		{1D6602EF-2A96-3577-866B-D8745112FBA5} = {1D6602EF-2A96-3577-866B-D8745112FBA5}
		{F3FC2CB4-6104-3020-8800-511BF2000354} = {F3FC2CB4-6104-3020-8800-511BF2000354}
		{62524F08-DACB-3711-86E8-073F1306FBAA} = {62524F08-DACB-3711-86E8-073F1306FBAA}
		{15CE31DF-E727-3BA0-986F-5E9D85786D96} = {15CE31DF-E727-3BA0-986F-5E9D85786D96}
		{C800AB48-451B-3673-8399-BB0C547517CC} = {C800AB48-451B-3673-8399-BB0C547517CC}
		{B64006AC-9778-3F35-B945-353B189B710F} = {B64006AC-9778-3F35-B945-353B189B710F}
		{9D8F910A-A0D4-3C01-B098-AFA17CAB4CA9} = {9D8F910A-A0D4-3C01-B098-AFA17CAB4CA9}
		{B1ADAAEE-E454-36E1-B480-C8CB628F2C02} = {B1ADAAEE-E454-36E1-B480-C8CB628F2C02}
		{9E58AAF1-EC0E-31C5-992D-C9CA145F5E3C} = {9E58AAF1-EC0E-31C5-992D-C9CA145F5E3C}
		{9DC945F8-7C52-34B5-A46D-0012911AB7E0} = {9DC945F8-7C52-34B5-A46D-0012911AB7E0}
		{BA90177F-4568-33C7-96A8-8586A0D313B3} = {BA90177F-4568-33C7-96A8-8586A0D313B3}
		{2C662215-9A64-3F6E-A0EC-59C4FC16EDA4} = {2C662215-9A64-3F6E-A0EC-59C4FC16EDA4}
		{F1744B35-F86D-3C81-948E-F4779137CF56} = {F1744B35-F86D-3C81-948E-F4779137CF56}
		{8FCA2DA1-9708-3E70-A4C1-1D76E5415DEC} = {8FCA2DA1-9708-3E70-A4C1-1D76E5415DEC}
		{A3F59D54-7DA5-33FA-AF1F-A121E8C31FD9} = {A3F59D54-7DA5-33FA-AF1F-A121E8C31FD9}
		{1A9BB465-B45B-37EA-8430-61DD3DFB3B32} = {1A9BB465-B45B-37EA-8430-61DD3DFB3B32}
		{570A54DE-1ACA-3AA4-BC60-3E5E4C98DE54} = {570A54DE-1ACA-3AA4-BC60-3E5E4C98DE54}
		{BDDF13B5-18AF-30CE-AA9B-FAFEA409227B} = {BDDF13B5-18AF-30CE-AA9B-FAFEA409227B}
		{1CDBC9D2-0C7B-3A96-87BB-AAC7CD9AEE96} = {1CDBC9D2-0C7B-3A96-87BB-AAC7CD9AEE96}
		{7F59AAEF-4524-3A19-A0B9-136634926178} = {7F59AAEF-4524-3A19-A0B9-136634926178}
		{73C5FCCC-2BAE-311F-98D9-C87FE82BAF18} = {73C5FCCC-2BAE-311F-98D9-C87FE82BAF18}
		{13134B58-979B-332D-A72A-09694516F093} = {13134B58-979B-332D-A72A-09694516F093}
		{1D55A127-2F56-3A82-87BE-5CA497B11D03} = {1D55A127-2F56-3A82-87BE-5CA497B11D03}
		{C2418A6A-FA12-3095-9769-37FB870A4020} = {C2418A6A-FA12-3095-9769-37FB870A4020}
	EndProjectSection
EndProject
Project("{8BC9CEB8-8B4A-11D0-8D11-00A0C91BC942}") = "AppBasicExampleGui", "examples\BasicDemo\AppBasicExampleGui.vcxproj", "{222FD710-7A7F-3137-9007-53FEB26A1D6E}"
	ProjectSection(ProjectDependencies) = postProject
		{65DFFAD0-98B1-3867-9C8C-12B3F7BF0E96} = {65DFFAD0-98B1-3867-9C8C-12B3F7BF0E96}
		{C72F07B7-4934-3208-89B7-C74396428091} = {C72F07B7-4934-3208-89B7-C74396428091}
		{0A2CA713-5A26-3DFB-8217-4CE512E444C1} = {0A2CA713-5A26-3DFB-8217-4CE512E444C1}
		{2C662215-9A64-3F6E-A0EC-59C4FC16EDA4} = {2C662215-9A64-3F6E-A0EC-59C4FC16EDA4}
		{F1744B35-F86D-3C81-948E-F4779137CF56} = {F1744B35-F86D-3C81-948E-F4779137CF56}
		{73C5FCCC-2BAE-311F-98D9-C87FE82BAF18} = {73C5FCCC-2BAE-311F-98D9-C87FE82BAF18}
	EndProjectSection
EndProject
Project("{8BC9CEB8-8B4A-11D0-8D11-00A0C91BC942}") = "App_BasicExample", "examples\BasicDemo\App_BasicExample.vcxproj", "{9DC29627-857E-393E-A977-3550C9F7DA97}"
	ProjectSection(ProjectDependencies) = postProject
		{C72F07B7-4934-3208-89B7-C74396428091} = {C72F07B7-4934-3208-89B7-C74396428091}
		{0A2CA713-5A26-3DFB-8217-4CE512E444C1} = {0A2CA713-5A26-3DFB-8217-4CE512E444C1}
		{2C662215-9A64-3F6E-A0EC-59C4FC16EDA4} = {2C662215-9A64-3F6E-A0EC-59C4FC16EDA4}
		{73C5FCCC-2BAE-311F-98D9-C87FE82BAF18} = {73C5FCCC-2BAE-311F-98D9-C87FE82BAF18}
	EndProjectSection
EndProject
Project("{8BC9CEB8-8B4A-11D0-8D11-00A0C91BC942}") = "App_ExampleBrowser", "examples\ExampleBrowser\App_ExampleBrowser.vcxproj", "{94B2E885-5A3B-310B-8392-BD8692E50C10}"
	ProjectSection(ProjectDependencies) = postProject
		{65DFFAD0-98B1-3867-9C8C-12B3F7BF0E96} = {65DFFAD0-98B1-3867-9C8C-12B3F7BF0E96}
		{C72F07B7-4934-3208-89B7-C74396428091} = {C72F07B7-4934-3208-89B7-C74396428091}
		{0A2CA713-5A26-3DFB-8217-4CE512E444C1} = {0A2CA713-5A26-3DFB-8217-4CE512E444C1}
		{1D6602EF-2A96-3577-866B-D8745112FBA5} = {1D6602EF-2A96-3577-866B-D8745112FBA5}
		{62524F08-DACB-3711-86E8-073F1306FBAA} = {62524F08-DACB-3711-86E8-073F1306FBAA}
		{15CE31DF-E727-3BA0-986F-5E9D85786D96} = {15CE31DF-E727-3BA0-986F-5E9D85786D96}
		{C800AB48-451B-3673-8399-BB0C547517CC} = {C800AB48-451B-3673-8399-BB0C547517CC}
		{B1ADAAEE-E454-36E1-B480-C8CB628F2C02} = {B1ADAAEE-E454-36E1-B480-C8CB628F2C02}
		{2C662215-9A64-3F6E-A0EC-59C4FC16EDA4} = {2C662215-9A64-3F6E-A0EC-59C4FC16EDA4}
		{F1744B35-F86D-3C81-948E-F4779137CF56} = {F1744B35-F86D-3C81-948E-F4779137CF56}
		{73C5FCCC-2BAE-311F-98D9-C87FE82BAF18} = {73C5FCCC-2BAE-311F-98D9-C87FE82BAF18}
		{C2418A6A-FA12-3095-9769-37FB870A4020} = {C2418A6A-FA12-3095-9769-37FB870A4020}
	EndProjectSection
EndProject
Project("{8BC9CEB8-8B4A-11D0-8D11-00A0C91BC942}") = "App_HelloWorld", "examples\HelloWorld\App_HelloWorld.vcxproj", "{7ACE13A7-766D-3A0A-853E-9A44CDB9CC15}"
	ProjectSection(ProjectDependencies) = postProject
		{C72F07B7-4934-3208-89B7-C74396428091} = {C72F07B7-4934-3208-89B7-C74396428091}
		{0A2CA713-5A26-3DFB-8217-4CE512E444C1} = {0A2CA713-5A26-3DFB-8217-4CE512E444C1}
		{2C662215-9A64-3F6E-A0EC-59C4FC16EDA4} = {2C662215-9A64-3F6E-A0EC-59C4FC16EDA4}
		{73C5FCCC-2BAE-311F-98D9-C87FE82BAF18} = {73C5FCCC-2BAE-311F-98D9-C87FE82BAF18}
	EndProjectSection
EndProject
Project("{8BC9CEB8-8B4A-11D0-8D11-00A0C91BC942}") = "App_PhysicsServer_SharedMemory", "examples\SharedMemory\App_PhysicsServer_SharedMemory.vcxproj", "{E551E780-A159-33F6-90DA-4D6B68065DA5}"
	ProjectSection(ProjectDependencies) = postProject
		{65DFFAD0-98B1-3867-9C8C-12B3F7BF0E96} = {65DFFAD0-98B1-3867-9C8C-12B3F7BF0E96}
		{C72F07B7-4934-3208-89B7-C74396428091} = {C72F07B7-4934-3208-89B7-C74396428091}
		{0A2CA713-5A26-3DFB-8217-4CE512E444C1} = {0A2CA713-5A26-3DFB-8217-4CE512E444C1}
		{F3FC2CB4-6104-3020-8800-511BF2000354} = {F3FC2CB4-6104-3020-8800-511BF2000354}
		{62524F08-DACB-3711-86E8-073F1306FBAA} = {62524F08-DACB-3711-86E8-073F1306FBAA}
		{15CE31DF-E727-3BA0-986F-5E9D85786D96} = {15CE31DF-E727-3BA0-986F-5E9D85786D96}
		{B64006AC-9778-3F35-B945-353B189B710F} = {B64006AC-9778-3F35-B945-353B189B710F}
		{B1ADAAEE-E454-36E1-B480-C8CB628F2C02} = {B1ADAAEE-E454-36E1-B480-C8CB628F2C02}
		{2C662215-9A64-3F6E-A0EC-59C4FC16EDA4} = {2C662215-9A64-3F6E-A0EC-59C4FC16EDA4}
		{73C5FCCC-2BAE-311F-98D9-C87FE82BAF18} = {73C5FCCC-2BAE-311F-98D9-C87FE82BAF18}
	EndProjectSection
EndProject
Project("{8BC9CEB8-8B4A-11D0-8D11-00A0C91BC942}") = "App_PhysicsServer_SharedMemory_GUI", "examples\SharedMemory\App_PhysicsServer_SharedMemory_GUI.vcxproj", "{1D046BC1-F6C8-34EF-A379-A30B0C70C870}"
	ProjectSection(ProjectDependencies) = postProject
		{65DFFAD0-98B1-3867-9C8C-12B3F7BF0E96} = {65DFFAD0-98B1-3867-9C8C-12B3F7BF0E96}
		{C72F07B7-4934-3208-89B7-C74396428091} = {C72F07B7-4934-3208-89B7-C74396428091}
		{0A2CA713-5A26-3DFB-8217-4CE512E444C1} = {0A2CA713-5A26-3DFB-8217-4CE512E444C1}
		{F3FC2CB4-6104-3020-8800-511BF2000354} = {F3FC2CB4-6104-3020-8800-511BF2000354}
		{62524F08-DACB-3711-86E8-073F1306FBAA} = {62524F08-DACB-3711-86E8-073F1306FBAA}
		{15CE31DF-E727-3BA0-986F-5E9D85786D96} = {15CE31DF-E727-3BA0-986F-5E9D85786D96}
		{B64006AC-9778-3F35-B945-353B189B710F} = {B64006AC-9778-3F35-B945-353B189B710F}
		{B1ADAAEE-E454-36E1-B480-C8CB628F2C02} = {B1ADAAEE-E454-36E1-B480-C8CB628F2C02}
		{2C662215-9A64-3F6E-A0EC-59C4FC16EDA4} = {2C662215-9A64-3F6E-A0EC-59C4FC16EDA4}
		{F1744B35-F86D-3C81-948E-F4779137CF56} = {F1744B35-F86D-3C81-948E-F4779137CF56}
		{73C5FCCC-2BAE-311F-98D9-C87FE82BAF18} = {73C5FCCC-2BAE-311F-98D9-C87FE82BAF18}
	EndProjectSection
EndProject
Project("{8BC9CEB8-8B4A-11D0-8D11-00A0C91BC942}") = "App_PhysicsServer_SharedMemory_VR", "examples\SharedMemory\App_PhysicsServer_SharedMemory_VR.vcxproj", "{7B7208AC-7E4A-376D-A0A5-1A448996B295}"
	ProjectSection(ProjectDependencies) = postProject
		{65DFFAD0-98B1-3867-9C8C-12B3F7BF0E96} = {65DFFAD0-98B1-3867-9C8C-12B3F7BF0E96}
		{C72F07B7-4934-3208-89B7-C74396428091} = {C72F07B7-4934-3208-89B7-C74396428091}
		{0A2CA713-5A26-3DFB-8217-4CE512E444C1} = {0A2CA713-5A26-3DFB-8217-4CE512E444C1}
		{F3FC2CB4-6104-3020-8800-511BF2000354} = {F3FC2CB4-6104-3020-8800-511BF2000354}
		{62524F08-DACB-3711-86E8-073F1306FBAA} = {62524F08-DACB-3711-86E8-073F1306FBAA}
		{15CE31DF-E727-3BA0-986F-5E9D85786D96} = {15CE31DF-E727-3BA0-986F-5E9D85786D96}
		{B64006AC-9778-3F35-B945-353B189B710F} = {B64006AC-9778-3F35-B945-353B189B710F}
		{B1ADAAEE-E454-36E1-B480-C8CB628F2C02} = {B1ADAAEE-E454-36E1-B480-C8CB628F2C02}
		{2C662215-9A64-3F6E-A0EC-59C4FC16EDA4} = {2C662215-9A64-3F6E-A0EC-59C4FC16EDA4}
		{F1744B35-F86D-3C81-948E-F4779137CF56} = {F1744B35-F86D-3C81-948E-F4779137CF56}
		{73C5FCCC-2BAE-311F-98D9-C87FE82BAF18} = {73C5FCCC-2BAE-311F-98D9-C87FE82BAF18}
	EndProjectSection
EndProject
Project("{8BC9CEB8-8B4A-11D0-8D11-00A0C91BC942}") = "App_RobotSimulator", "examples\RobotSimulator\App_RobotSimulator.vcxproj", "{1AE73357-4061-328B-9205-E47D589ADABF}"
	ProjectSection(ProjectDependencies) = postProject
		{65DFFAD0-98B1-3867-9C8C-12B3F7BF0E96} = {65DFFAD0-98B1-3867-9C8C-12B3F7BF0E96}
		{C72F07B7-4934-3208-89B7-C74396428091} = {C72F07B7-4934-3208-89B7-C74396428091}
		{0A2CA713-5A26-3DFB-8217-4CE512E444C1} = {0A2CA713-5A26-3DFB-8217-4CE512E444C1}
		{1D6602EF-2A96-3577-866B-D8745112FBA5} = {1D6602EF-2A96-3577-866B-D8745112FBA5}
		{F3FC2CB4-6104-3020-8800-511BF2000354} = {F3FC2CB4-6104-3020-8800-511BF2000354}
		{62524F08-DACB-3711-86E8-073F1306FBAA} = {62524F08-DACB-3711-86E8-073F1306FBAA}
		{15CE31DF-E727-3BA0-986F-5E9D85786D96} = {15CE31DF-E727-3BA0-986F-5E9D85786D96}
		{C800AB48-451B-3673-8399-BB0C547517CC} = {C800AB48-451B-3673-8399-BB0C547517CC}
		{B64006AC-9778-3F35-B945-353B189B710F} = {B64006AC-9778-3F35-B945-353B189B710F}
		{B1ADAAEE-E454-36E1-B480-C8CB628F2C02} = {B1ADAAEE-E454-36E1-B480-C8CB628F2C02}
		{2C662215-9A64-3F6E-A0EC-59C4FC16EDA4} = {2C662215-9A64-3F6E-A0EC-59C4FC16EDA4}
		{F1744B35-F86D-3C81-948E-F4779137CF56} = {F1744B35-F86D-3C81-948E-F4779137CF56}
		{73C5FCCC-2BAE-311F-98D9-C87FE82BAF18} = {73C5FCCC-2BAE-311F-98D9-C87FE82BAF18}
		{C2418A6A-FA12-3095-9769-37FB870A4020} = {C2418A6A-FA12-3095-9769-37FB870A4020}
	EndProjectSection
EndProject
Project("{8BC9CEB8-8B4A-11D0-8D11-00A0C91BC942}") = "App_obj2sdf", "Extras\obj2sdf\App_obj2sdf.vcxproj", "{35F5FC2F-F77E-3358-A230-5D1C7D4EEA18}"
	ProjectSection(ProjectDependencies) = postProject
		{65DFFAD0-98B1-3867-9C8C-12B3F7BF0E96} = {65DFFAD0-98B1-3867-9C8C-12B3F7BF0E96}
		{73C5FCCC-2BAE-311F-98D9-C87FE82BAF18} = {73C5FCCC-2BAE-311F-98D9-C87FE82BAF18}
	EndProjectSection
EndProject
Project("{8BC9CEB8-8B4A-11D0-8D11-00A0C91BC942}") = "Bullet2FileLoader", "src\Bullet3Serialize\Bullet2FileLoader\Bullet2FileLoader.vcxproj", "{0D5438FF-847D-3775-8A21-DC7B01B9EBB1}"
	ProjectSection(ProjectDependencies) = postProject
		{73C5FCCC-2BAE-311F-98D9-C87FE82BAF18} = {73C5FCCC-2BAE-311F-98D9-C87FE82BAF18}
	EndProjectSection
EndProject
Project("{8BC9CEB8-8B4A-11D0-8D11-00A0C91BC942}") = "Bullet3Collision", "src\Bullet3Collision\Bullet3Collision.vcxproj", "{C493D009-740A-3912-A540-EFA5A7D46EE4}"
	ProjectSection(ProjectDependencies) = postProject
		{73C5FCCC-2BAE-311F-98D9-C87FE82BAF18} = {73C5FCCC-2BAE-311F-98D9-C87FE82BAF18}
	EndProjectSection
EndProject
Project("{8BC9CEB8-8B4A-11D0-8D11-00A0C91BC942}") = "Bullet3Common", "src\Bullet3Common\Bullet3Common.vcxproj", "{65DFFAD0-98B1-3867-9C8C-12B3F7BF0E96}"
	ProjectSection(ProjectDependencies) = postProject
		{73C5FCCC-2BAE-311F-98D9-C87FE82BAF18} = {73C5FCCC-2BAE-311F-98D9-C87FE82BAF18}
	EndProjectSection
EndProject
Project("{8BC9CEB8-8B4A-11D0-8D11-00A0C91BC942}") = "Bullet3Dynamics", "src\Bullet3Dynamics\Bullet3Dynamics.vcxproj", "{C0B61627-5130-3622-B315-D4154EF5DAE3}"
	ProjectSection(ProjectDependencies) = postProject
		{73C5FCCC-2BAE-311F-98D9-C87FE82BAF18} = {73C5FCCC-2BAE-311F-98D9-C87FE82BAF18}
	EndProjectSection
EndProject
Project("{8BC9CEB8-8B4A-11D0-8D11-00A0C91BC942}") = "Bullet3Geometry", "src\Bullet3Geometry\Bullet3Geometry.vcxproj", "{6E466A58-A061-3E25-A0E4-2446886F79B5}"
	ProjectSection(ProjectDependencies) = postProject
		{73C5FCCC-2BAE-311F-98D9-C87FE82BAF18} = {73C5FCCC-2BAE-311F-98D9-C87FE82BAF18}
	EndProjectSection
EndProject
Project("{8BC9CEB8-8B4A-11D0-8D11-00A0C91BC942}") = "Bullet3OpenCL_clew", "src\Bullet3OpenCL\Bullet3OpenCL_clew.vcxproj", "{F67A355D-A67A-3B9F-9681-227E60EF5198}"
	ProjectSection(ProjectDependencies) = postProject
		{73C5FCCC-2BAE-311F-98D9-C87FE82BAF18} = {73C5FCCC-2BAE-311F-98D9-C87FE82BAF18}
	EndProjectSection
EndProject
Project("{8BC9CEB8-8B4A-11D0-8D11-00A0C91BC942}") = "BulletCollision", "src\BulletCollision\BulletCollision.vcxproj", "{C72F07B7-4934-3208-89B7-C74396428091}"
	ProjectSection(ProjectDependencies) = postProject
		{73C5FCCC-2BAE-311F-98D9-C87FE82BAF18} = {73C5FCCC-2BAE-311F-98D9-C87FE82BAF18}
	EndProjectSection
EndProject
Project("{8BC9CEB8-8B4A-11D0-8D11-00A0C91BC942}") = "BulletDynamics", "src\BulletDynamics\BulletDynamics.vcxproj", "{0A2CA713-5A26-3DFB-8217-4CE512E444C1}"
	ProjectSection(ProjectDependencies) = postProject
		{73C5FCCC-2BAE-311F-98D9-C87FE82BAF18} = {73C5FCCC-2BAE-311F-98D9-C87FE82BAF18}
	EndProjectSection
EndProject
Project("{8BC9CEB8-8B4A-11D0-8D11-00A0C91BC942}") = "BulletExampleBrowserLib", "examples\ExampleBrowser\BulletExampleBrowserLib.vcxproj", "{1D6602EF-2A96-3577-866B-D8745112FBA5}"
	ProjectSection(ProjectDependencies) = postProject
		{73C5FCCC-2BAE-311F-98D9-C87FE82BAF18} = {73C5FCCC-2BAE-311F-98D9-C87FE82BAF18}
	EndProjectSection
EndProject
Project("{8BC9CEB8-8B4A-11D0-8D11-00A0C91BC942}") = "BulletFileLoader", "Extras\Serialize\BulletFileLoader\BulletFileLoader.vcxproj", "{F3FC2CB4-6104-3020-8800-511BF2000354}"
	ProjectSection(ProjectDependencies) = postProject
		{73C5FCCC-2BAE-311F-98D9-C87FE82BAF18} = {73C5FCCC-2BAE-311F-98D9-C87FE82BAF18}
	EndProjectSection
EndProject
Project("{8BC9CEB8-8B4A-11D0-8D11-00A0C91BC942}") = "BulletInverseDynamics", "src\BulletInverseDynamics\BulletInverseDynamics.vcxproj", "{62524F08-DACB-3711-86E8-073F1306FBAA}"
	ProjectSection(ProjectDependencies) = postProject
		{73C5FCCC-2BAE-311F-98D9-C87FE82BAF18} = {73C5FCCC-2BAE-311F-98D9-C87FE82BAF18}
	EndProjectSection
EndProject
Project("{8BC9CEB8-8B4A-11D0-8D11-00A0C91BC942}") = "BulletInverseDynamicsUtils", "Extras\InverseDynamics\BulletInverseDynamicsUtils.vcxproj", "{15CE31DF-E727-3BA0-986F-5E9D85786D96}"
	ProjectSection(ProjectDependencies) = postProject
		{73C5FCCC-2BAE-311F-98D9-C87FE82BAF18} = {73C5FCCC-2BAE-311F-98D9-C87FE82BAF18}
	EndProjectSection
EndProject
Project("{8BC9CEB8-8B4A-11D0-8D11-00A0C91BC942}") = "BulletSoftBody", "src\BulletSoftBody\BulletSoftBody.vcxproj", "{C800AB48-451B-3673-8399-BB0C547517CC}"
	ProjectSection(ProjectDependencies) = postProject
		{73C5FCCC-2BAE-311F-98D9-C87FE82BAF18} = {73C5FCCC-2BAE-311F-98D9-C87FE82BAF18}
	EndProjectSection
EndProject
Project("{8BC9CEB8-8B4A-11D0-8D11-00A0C91BC942}") = "BulletWorldImporter", "Extras\Serialize\BulletWorldImporter\BulletWorldImporter.vcxproj", "{B64006AC-9778-3F35-B945-353B189B710F}"
	ProjectSection(ProjectDependencies) = postProject
		{73C5FCCC-2BAE-311F-98D9-C87FE82BAF18} = {73C5FCCC-2BAE-311F-98D9-C87FE82BAF18}
	EndProjectSection
EndProject
Project("{8BC9CEB8-8B4A-11D0-8D11-00A0C91BC942}") = "BulletXmlWorldImporter", "Extras\Serialize\BulletXmlWorldImporter\BulletXmlWorldImporter.vcxproj", "{9D8F910A-A0D4-3C01-B098-AFA17CAB4CA9}"
	ProjectSection(ProjectDependencies) = postProject
		{73C5FCCC-2BAE-311F-98D9-C87FE82BAF18} = {73C5FCCC-2BAE-311F-98D9-C87FE82BAF18}
	EndProjectSection
EndProject
Project("{8BC9CEB8-8B4A-11D0-8D11-00A0C91BC942}") = "BussIK", "examples\ThirdPartyLibs\BussIK\BussIK.vcxproj", "{B1ADAAEE-E454-36E1-B480-C8CB628F2C02}"
	ProjectSection(ProjectDependencies) = postProject
		{73C5FCCC-2BAE-311F-98D9-C87FE82BAF18} = {73C5FCCC-2BAE-311F-98D9-C87FE82BAF18}
	EndProjectSection
EndProject
Project("{8BC9CEB8-8B4A-11D0-8D11-00A0C91BC942}") = "ConvexDecomposition", "Extras\ConvexDecomposition\ConvexDecomposition.vcxproj", "{9E58AAF1-EC0E-31C5-992D-C9CA145F5E3C}"
	ProjectSection(ProjectDependencies) = postProject
		{73C5FCCC-2BAE-311F-98D9-C87FE82BAF18} = {73C5FCCC-2BAE-311F-98D9-C87FE82BAF18}
	EndProjectSection
EndProject
Project("{8BC9CEB8-8B4A-11D0-8D11-00A0C91BC942}") = "GIMPACTUtils", "Extras\GIMPACTUtils\GIMPACTUtils.vcxproj", "{9DC945F8-7C52-34B5-A46D-0012911AB7E0}"
	ProjectSection(ProjectDependencies) = postProject
		{73C5FCCC-2BAE-311F-98D9-C87FE82BAF18} = {73C5FCCC-2BAE-311F-98D9-C87FE82BAF18}
	EndProjectSection
EndProject
Project("{8BC9CEB8-8B4A-11D0-8D11-00A0C91BC942}") = "HACD", "Extras\HACD\HACD.vcxproj", "{BA90177F-4568-33C7-96A8-8586A0D313B3}"
	ProjectSection(ProjectDependencies) = postProject
		{73C5FCCC-2BAE-311F-98D9-C87FE82BAF18} = {73C5FCCC-2BAE-311F-98D9-C87FE82BAF18}
	EndProjectSection
EndProject
Project("{8BC9CEB8-8B4A-11D0-8D11-00A0C91BC942}") = "INSTALL", "INSTALL.vcxproj", "{AE104560-D76F-3F52-B058-DD4B5B42CD34}"
	ProjectSection(ProjectDependencies) = postProject
		{28572C60-FF08-3DDD-A67A-48BDA8708C9A} = {28572C60-FF08-3DDD-A67A-48BDA8708C9A}
		{73C5FCCC-2BAE-311F-98D9-C87FE82BAF18} = {73C5FCCC-2BAE-311F-98D9-C87FE82BAF18}
	EndProjectSection
EndProject
Project("{8BC9CEB8-8B4A-11D0-8D11-00A0C91BC942}") = "LinearMath", "src\LinearMath\LinearMath.vcxproj", "{2C662215-9A64-3F6E-A0EC-59C4FC16EDA4}"
	ProjectSection(ProjectDependencies) = postProject
		{73C5FCCC-2BAE-311F-98D9-C87FE82BAF18} = {73C5FCCC-2BAE-311F-98D9-C87FE82BAF18}
	EndProjectSection
EndProject
Project("{8BC9CEB8-8B4A-11D0-8D11-00A0C91BC942}") = "OpenGLWindow", "examples\OpenGLWindow\OpenGLWindow.vcxproj", "{F1744B35-F86D-3C81-948E-F4779137CF56}"
	ProjectSection(ProjectDependencies) = postProject
		{73C5FCCC-2BAE-311F-98D9-C87FE82BAF18} = {73C5FCCC-2BAE-311F-98D9-C87FE82BAF18}
	EndProjectSection
EndProject
Project("{8BC9CEB8-8B4A-11D0-8D11-00A0C91BC942}") = "RUN_TESTS", "RUN_TESTS.vcxproj", "{FD07D8C2-098A-30C2-9AAA-9D10862E9DD1}"
	ProjectSection(ProjectDependencies) = postProject
		{73C5FCCC-2BAE-311F-98D9-C87FE82BAF18} = {73C5FCCC-2BAE-311F-98D9-C87FE82BAF18}
	EndProjectSection
EndProject
Project("{8BC9CEB8-8B4A-11D0-8D11-00A0C91BC942}") = "Test_BulletDynamics", "test\BulletDynamics\pendulum\Test_BulletDynamics.vcxproj", "{8FCA2DA1-9708-3E70-A4C1-1D76E5415DEC}"
	ProjectSection(ProjectDependencies) = postProject
		{C72F07B7-4934-3208-89B7-C74396428091} = {C72F07B7-4934-3208-89B7-C74396428091}
		{0A2CA713-5A26-3DFB-8217-4CE512E444C1} = {0A2CA713-5A26-3DFB-8217-4CE512E444C1}
		{2C662215-9A64-3F6E-A0EC-59C4FC16EDA4} = {2C662215-9A64-3F6E-A0EC-59C4FC16EDA4}
		{73C5FCCC-2BAE-311F-98D9-C87FE82BAF18} = {73C5FCCC-2BAE-311F-98D9-C87FE82BAF18}
		{1D55A127-2F56-3A82-87BE-5CA497B11D03} = {1D55A127-2F56-3A82-87BE-5CA497B11D03}
	EndProjectSection
EndProject
Project("{8BC9CEB8-8B4A-11D0-8D11-00A0C91BC942}") = "Test_BulletInverseDynamics", "test\InverseDynamics\Test_BulletInverseDynamics.vcxproj", "{A3F59D54-7DA5-33FA-AF1F-A121E8C31FD9}"
	ProjectSection(ProjectDependencies) = postProject
		{65DFFAD0-98B1-3867-9C8C-12B3F7BF0E96} = {65DFFAD0-98B1-3867-9C8C-12B3F7BF0E96}
		{C72F07B7-4934-3208-89B7-C74396428091} = {C72F07B7-4934-3208-89B7-C74396428091}
		{0A2CA713-5A26-3DFB-8217-4CE512E444C1} = {0A2CA713-5A26-3DFB-8217-4CE512E444C1}
		{62524F08-DACB-3711-86E8-073F1306FBAA} = {62524F08-DACB-3711-86E8-073F1306FBAA}
		{15CE31DF-E727-3BA0-986F-5E9D85786D96} = {15CE31DF-E727-3BA0-986F-5E9D85786D96}
		{2C662215-9A64-3F6E-A0EC-59C4FC16EDA4} = {2C662215-9A64-3F6E-A0EC-59C4FC16EDA4}
		{73C5FCCC-2BAE-311F-98D9-C87FE82BAF18} = {73C5FCCC-2BAE-311F-98D9-C87FE82BAF18}
		{1D55A127-2F56-3A82-87BE-5CA497B11D03} = {1D55A127-2F56-3A82-87BE-5CA497B11D03}
	EndProjectSection
EndProject
Project("{8BC9CEB8-8B4A-11D0-8D11-00A0C91BC942}") = "Test_BulletInverseDynamicsJacobian", "test\InverseDynamics\Test_BulletInverseDynamicsJacobian.vcxproj", "{1A9BB465-B45B-37EA-8430-61DD3DFB3B32}"
	ProjectSection(ProjectDependencies) = postProject
		{65DFFAD0-98B1-3867-9C8C-12B3F7BF0E96} = {65DFFAD0-98B1-3867-9C8C-12B3F7BF0E96}
		{62524F08-DACB-3711-86E8-073F1306FBAA} = {62524F08-DACB-3711-86E8-073F1306FBAA}
		{15CE31DF-E727-3BA0-986F-5E9D85786D96} = {15CE31DF-E727-3BA0-986F-5E9D85786D96}
		{2C662215-9A64-3F6E-A0EC-59C4FC16EDA4} = {2C662215-9A64-3F6E-A0EC-59C4FC16EDA4}
		{73C5FCCC-2BAE-311F-98D9-C87FE82BAF18} = {73C5FCCC-2BAE-311F-98D9-C87FE82BAF18}
		{1D55A127-2F56-3A82-87BE-5CA497B11D03} = {1D55A127-2F56-3A82-87BE-5CA497B11D03}
	EndProjectSection
EndProject
Project("{8BC9CEB8-8B4A-11D0-8D11-00A0C91BC942}") = "Test_BulletInverseForwardDynamics", "test\InverseDynamics\Test_BulletInverseForwardDynamics.vcxproj", "{570A54DE-1ACA-3AA4-BC60-3E5E4C98DE54}"
	ProjectSection(ProjectDependencies) = postProject
		{65DFFAD0-98B1-3867-9C8C-12B3F7BF0E96} = {65DFFAD0-98B1-3867-9C8C-12B3F7BF0E96}
		{C72F07B7-4934-3208-89B7-C74396428091} = {C72F07B7-4934-3208-89B7-C74396428091}
		{0A2CA713-5A26-3DFB-8217-4CE512E444C1} = {0A2CA713-5A26-3DFB-8217-4CE512E444C1}
		{62524F08-DACB-3711-86E8-073F1306FBAA} = {62524F08-DACB-3711-86E8-073F1306FBAA}
		{15CE31DF-E727-3BA0-986F-5E9D85786D96} = {15CE31DF-E727-3BA0-986F-5E9D85786D96}
		{2C662215-9A64-3F6E-A0EC-59C4FC16EDA4} = {2C662215-9A64-3F6E-A0EC-59C4FC16EDA4}
		{73C5FCCC-2BAE-311F-98D9-C87FE82BAF18} = {73C5FCCC-2BAE-311F-98D9-C87FE82BAF18}
		{1D55A127-2F56-3A82-87BE-5CA497B11D03} = {1D55A127-2F56-3A82-87BE-5CA497B11D03}
	EndProjectSection
EndProject
Project("{8BC9CEB8-8B4A-11D0-8D11-00A0C91BC942}") = "Test_Collision", "test\collision\Test_Collision.vcxproj", "{BDDF13B5-18AF-30CE-AA9B-FAFEA409227B}"
	ProjectSection(ProjectDependencies) = postProject
		{2C662215-9A64-3F6E-A0EC-59C4FC16EDA4} = {2C662215-9A64-3F6E-A0EC-59C4FC16EDA4}
		{73C5FCCC-2BAE-311F-98D9-C87FE82BAF18} = {73C5FCCC-2BAE-311F-98D9-C87FE82BAF18}
		{1D55A127-2F56-3A82-87BE-5CA497B11D03} = {1D55A127-2F56-3A82-87BE-5CA497B11D03}
	EndProjectSection
EndProject
Project("{8BC9CEB8-8B4A-11D0-8D11-00A0C91BC942}") = "Test_PhysicsClientServer", "test\SharedMemory\Test_PhysicsClientServer.vcxproj", "{1CDBC9D2-0C7B-3A96-87BB-AAC7CD9AEE96}"
	ProjectSection(ProjectDependencies) = postProject
		{65DFFAD0-98B1-3867-9C8C-12B3F7BF0E96} = {65DFFAD0-98B1-3867-9C8C-12B3F7BF0E96}
		{C72F07B7-4934-3208-89B7-C74396428091} = {C72F07B7-4934-3208-89B7-C74396428091}
		{0A2CA713-5A26-3DFB-8217-4CE512E444C1} = {0A2CA713-5A26-3DFB-8217-4CE512E444C1}
		{F3FC2CB4-6104-3020-8800-511BF2000354} = {F3FC2CB4-6104-3020-8800-511BF2000354}
		{62524F08-DACB-3711-86E8-073F1306FBAA} = {62524F08-DACB-3711-86E8-073F1306FBAA}
		{15CE31DF-E727-3BA0-986F-5E9D85786D96} = {15CE31DF-E727-3BA0-986F-5E9D85786D96}
		{B64006AC-9778-3F35-B945-353B189B710F} = {B64006AC-9778-3F35-B945-353B189B710F}
		{B1ADAAEE-E454-36E1-B480-C8CB628F2C02} = {B1ADAAEE-E454-36E1-B480-C8CB628F2C02}
		{2C662215-9A64-3F6E-A0EC-59C4FC16EDA4} = {2C662215-9A64-3F6E-A0EC-59C4FC16EDA4}
		{73C5FCCC-2BAE-311F-98D9-C87FE82BAF18} = {73C5FCCC-2BAE-311F-98D9-C87FE82BAF18}
		{1D55A127-2F56-3A82-87BE-5CA497B11D03} = {1D55A127-2F56-3A82-87BE-5CA497B11D03}
	EndProjectSection
EndProject
Project("{8BC9CEB8-8B4A-11D0-8D11-00A0C91BC942}") = "Test_btKinematicCharacterController", "test\BulletDynamics\Test_btKinematicCharacterController.vcxproj", "{7F59AAEF-4524-3A19-A0B9-136634926178}"
	ProjectSection(ProjectDependencies) = postProject
		{C72F07B7-4934-3208-89B7-C74396428091} = {C72F07B7-4934-3208-89B7-C74396428091}
		{0A2CA713-5A26-3DFB-8217-4CE512E444C1} = {0A2CA713-5A26-3DFB-8217-4CE512E444C1}
		{2C662215-9A64-3F6E-A0EC-59C4FC16EDA4} = {2C662215-9A64-3F6E-A0EC-59C4FC16EDA4}
		{73C5FCCC-2BAE-311F-98D9-C87FE82BAF18} = {73C5FCCC-2BAE-311F-98D9-C87FE82BAF18}
		{1D55A127-2F56-3A82-87BE-5CA497B11D03} = {1D55A127-2F56-3A82-87BE-5CA497B11D03}
	EndProjectSection
EndProject
Project("{8BC9CEB8-8B4A-11D0-8D11-00A0C91BC942}") = "ZERO_CHECK", "ZERO_CHECK.vcxproj", "{73C5FCCC-2BAE-311F-98D9-C87FE82BAF18}"
	ProjectSection(ProjectDependencies) = postProject
	EndProjectSection
EndProject
Project("{8BC9CEB8-8B4A-11D0-8D11-00A0C91BC942}") = "clsocket", "examples\ThirdPartyLibs\clsocket\clsocket.vcxproj", "{13134B58-979B-332D-A72A-09694516F093}"
	ProjectSection(ProjectDependencies) = postProject
		{73C5FCCC-2BAE-311F-98D9-C87FE82BAF18} = {73C5FCCC-2BAE-311F-98D9-C87FE82BAF18}
	EndProjectSection
EndProject
Project("{8BC9CEB8-8B4A-11D0-8D11-00A0C91BC942}") = "gtest", "test\gtest-1.7.0\gtest.vcxproj", "{1D55A127-2F56-3A82-87BE-5CA497B11D03}"
	ProjectSection(ProjectDependencies) = postProject
		{73C5FCCC-2BAE-311F-98D9-C87FE82BAF18} = {73C5FCCC-2BAE-311F-98D9-C87FE82BAF18}
	EndProjectSection
EndProject
Project("{8BC9CEB8-8B4A-11D0-8D11-00A0C91BC942}") = "gwen", "examples\ThirdPartyLibs\Gwen\gwen.vcxproj", "{C2418A6A-FA12-3095-9769-37FB870A4020}"
	ProjectSection(ProjectDependencies) = postProject
		{73C5FCCC-2BAE-311F-98D9-C87FE82BAF18} = {73C5FCCC-2BAE-311F-98D9-C87FE82BAF18}
	EndProjectSection
EndProject
Global
	GlobalSection(SolutionConfigurationPlatforms) = preSolution
		Debug|Win32 = Debug|Win32
		Release|Win32 = Release|Win32
		MinSizeRel|Win32 = MinSizeRel|Win32
		RelWithDebInfo|Win32 = RelWithDebInfo|Win32
	EndGlobalSection
	GlobalSection(ProjectConfigurationPlatforms) = postSolution
		{28572C60-FF08-3DDD-A67A-48BDA8708C9A}.Debug|Win32.ActiveCfg = Debug|Win32
		{28572C60-FF08-3DDD-A67A-48BDA8708C9A}.Debug|Win32.Build.0 = Debug|Win32
		{28572C60-FF08-3DDD-A67A-48BDA8708C9A}.Release|Win32.ActiveCfg = Release|Win32
		{28572C60-FF08-3DDD-A67A-48BDA8708C9A}.Release|Win32.Build.0 = Release|Win32
		{28572C60-FF08-3DDD-A67A-48BDA8708C9A}.MinSizeRel|Win32.ActiveCfg = MinSizeRel|Win32
		{28572C60-FF08-3DDD-A67A-48BDA8708C9A}.MinSizeRel|Win32.Build.0 = MinSizeRel|Win32
		{28572C60-FF08-3DDD-A67A-48BDA8708C9A}.RelWithDebInfo|Win32.ActiveCfg = RelWithDebInfo|Win32
		{28572C60-FF08-3DDD-A67A-48BDA8708C9A}.RelWithDebInfo|Win32.Build.0 = RelWithDebInfo|Win32
		{222FD710-7A7F-3137-9007-53FEB26A1D6E}.Debug|Win32.ActiveCfg = Debug|Win32
		{222FD710-7A7F-3137-9007-53FEB26A1D6E}.Debug|Win32.Build.0 = Debug|Win32
		{222FD710-7A7F-3137-9007-53FEB26A1D6E}.Release|Win32.ActiveCfg = Release|Win32
		{222FD710-7A7F-3137-9007-53FEB26A1D6E}.Release|Win32.Build.0 = Release|Win32
		{222FD710-7A7F-3137-9007-53FEB26A1D6E}.MinSizeRel|Win32.ActiveCfg = MinSizeRel|Win32
		{222FD710-7A7F-3137-9007-53FEB26A1D6E}.MinSizeRel|Win32.Build.0 = MinSizeRel|Win32
		{222FD710-7A7F-3137-9007-53FEB26A1D6E}.RelWithDebInfo|Win32.ActiveCfg = RelWithDebInfo|Win32
		{222FD710-7A7F-3137-9007-53FEB26A1D6E}.RelWithDebInfo|Win32.Build.0 = RelWithDebInfo|Win32
		{9DC29627-857E-393E-A977-3550C9F7DA97}.Debug|Win32.ActiveCfg = Debug|Win32
		{9DC29627-857E-393E-A977-3550C9F7DA97}.Debug|Win32.Build.0 = Debug|Win32
		{9DC29627-857E-393E-A977-3550C9F7DA97}.Release|Win32.ActiveCfg = Release|Win32
		{9DC29627-857E-393E-A977-3550C9F7DA97}.Release|Win32.Build.0 = Release|Win32
		{9DC29627-857E-393E-A977-3550C9F7DA97}.MinSizeRel|Win32.ActiveCfg = MinSizeRel|Win32
		{9DC29627-857E-393E-A977-3550C9F7DA97}.MinSizeRel|Win32.Build.0 = MinSizeRel|Win32
		{9DC29627-857E-393E-A977-3550C9F7DA97}.RelWithDebInfo|Win32.ActiveCfg = RelWithDebInfo|Win32
		{9DC29627-857E-393E-A977-3550C9F7DA97}.RelWithDebInfo|Win32.Build.0 = RelWithDebInfo|Win32
		{94B2E885-5A3B-310B-8392-BD8692E50C10}.Debug|Win32.ActiveCfg = Debug|Win32
		{94B2E885-5A3B-310B-8392-BD8692E50C10}.Debug|Win32.Build.0 = Debug|Win32
		{94B2E885-5A3B-310B-8392-BD8692E50C10}.Release|Win32.ActiveCfg = Release|Win32
		{94B2E885-5A3B-310B-8392-BD8692E50C10}.Release|Win32.Build.0 = Release|Win32
		{94B2E885-5A3B-310B-8392-BD8692E50C10}.MinSizeRel|Win32.ActiveCfg = MinSizeRel|Win32
		{94B2E885-5A3B-310B-8392-BD8692E50C10}.MinSizeRel|Win32.Build.0 = MinSizeRel|Win32
		{94B2E885-5A3B-310B-8392-BD8692E50C10}.RelWithDebInfo|Win32.ActiveCfg = RelWithDebInfo|Win32
		{94B2E885-5A3B-310B-8392-BD8692E50C10}.RelWithDebInfo|Win32.Build.0 = RelWithDebInfo|Win32
		{7ACE13A7-766D-3A0A-853E-9A44CDB9CC15}.Debug|Win32.ActiveCfg = Debug|Win32
		{7ACE13A7-766D-3A0A-853E-9A44CDB9CC15}.Debug|Win32.Build.0 = Debug|Win32
		{7ACE13A7-766D-3A0A-853E-9A44CDB9CC15}.Release|Win32.ActiveCfg = Release|Win32
		{7ACE13A7-766D-3A0A-853E-9A44CDB9CC15}.Release|Win32.Build.0 = Release|Win32
		{7ACE13A7-766D-3A0A-853E-9A44CDB9CC15}.MinSizeRel|Win32.ActiveCfg = MinSizeRel|Win32
		{7ACE13A7-766D-3A0A-853E-9A44CDB9CC15}.MinSizeRel|Win32.Build.0 = MinSizeRel|Win32
		{7ACE13A7-766D-3A0A-853E-9A44CDB9CC15}.RelWithDebInfo|Win32.ActiveCfg = RelWithDebInfo|Win32
		{7ACE13A7-766D-3A0A-853E-9A44CDB9CC15}.RelWithDebInfo|Win32.Build.0 = RelWithDebInfo|Win32
		{E551E780-A159-33F6-90DA-4D6B68065DA5}.Debug|Win32.ActiveCfg = Debug|Win32
		{E551E780-A159-33F6-90DA-4D6B68065DA5}.Debug|Win32.Build.0 = Debug|Win32
		{E551E780-A159-33F6-90DA-4D6B68065DA5}.Release|Win32.ActiveCfg = Release|Win32
		{E551E780-A159-33F6-90DA-4D6B68065DA5}.Release|Win32.Build.0 = Release|Win32
		{E551E780-A159-33F6-90DA-4D6B68065DA5}.MinSizeRel|Win32.ActiveCfg = MinSizeRel|Win32
		{E551E780-A159-33F6-90DA-4D6B68065DA5}.MinSizeRel|Win32.Build.0 = MinSizeRel|Win32
		{E551E780-A159-33F6-90DA-4D6B68065DA5}.RelWithDebInfo|Win32.ActiveCfg = RelWithDebInfo|Win32
		{E551E780-A159-33F6-90DA-4D6B68065DA5}.RelWithDebInfo|Win32.Build.0 = RelWithDebInfo|Win32
		{1D046BC1-F6C8-34EF-A379-A30B0C70C870}.Debug|Win32.ActiveCfg = Debug|Win32
		{1D046BC1-F6C8-34EF-A379-A30B0C70C870}.Debug|Win32.Build.0 = Debug|Win32
		{1D046BC1-F6C8-34EF-A379-A30B0C70C870}.Release|Win32.ActiveCfg = Release|Win32
		{1D046BC1-F6C8-34EF-A379-A30B0C70C870}.Release|Win32.Build.0 = Release|Win32
		{1D046BC1-F6C8-34EF-A379-A30B0C70C870}.MinSizeRel|Win32.ActiveCfg = MinSizeRel|Win32
		{1D046BC1-F6C8-34EF-A379-A30B0C70C870}.MinSizeRel|Win32.Build.0 = MinSizeRel|Win32
		{1D046BC1-F6C8-34EF-A379-A30B0C70C870}.RelWithDebInfo|Win32.ActiveCfg = RelWithDebInfo|Win32
		{1D046BC1-F6C8-34EF-A379-A30B0C70C870}.RelWithDebInfo|Win32.Build.0 = RelWithDebInfo|Win32
		{7B7208AC-7E4A-376D-A0A5-1A448996B295}.Debug|Win32.ActiveCfg = Debug|Win32
		{7B7208AC-7E4A-376D-A0A5-1A448996B295}.Debug|Win32.Build.0 = Debug|Win32
		{7B7208AC-7E4A-376D-A0A5-1A448996B295}.Release|Win32.ActiveCfg = Release|Win32
		{7B7208AC-7E4A-376D-A0A5-1A448996B295}.Release|Win32.Build.0 = Release|Win32
		{7B7208AC-7E4A-376D-A0A5-1A448996B295}.MinSizeRel|Win32.ActiveCfg = MinSizeRel|Win32
		{7B7208AC-7E4A-376D-A0A5-1A448996B295}.MinSizeRel|Win32.Build.0 = MinSizeRel|Win32
		{7B7208AC-7E4A-376D-A0A5-1A448996B295}.RelWithDebInfo|Win32.ActiveCfg = RelWithDebInfo|Win32
		{7B7208AC-7E4A-376D-A0A5-1A448996B295}.RelWithDebInfo|Win32.Build.0 = RelWithDebInfo|Win32
		{1AE73357-4061-328B-9205-E47D589ADABF}.Debug|Win32.ActiveCfg = Debug|Win32
		{1AE73357-4061-328B-9205-E47D589ADABF}.Debug|Win32.Build.0 = Debug|Win32
		{1AE73357-4061-328B-9205-E47D589ADABF}.Release|Win32.ActiveCfg = Release|Win32
		{1AE73357-4061-328B-9205-E47D589ADABF}.Release|Win32.Build.0 = Release|Win32
		{1AE73357-4061-328B-9205-E47D589ADABF}.MinSizeRel|Win32.ActiveCfg = MinSizeRel|Win32
		{1AE73357-4061-328B-9205-E47D589ADABF}.MinSizeRel|Win32.Build.0 = MinSizeRel|Win32
		{1AE73357-4061-328B-9205-E47D589ADABF}.RelWithDebInfo|Win32.ActiveCfg = RelWithDebInfo|Win32
		{1AE73357-4061-328B-9205-E47D589ADABF}.RelWithDebInfo|Win32.Build.0 = RelWithDebInfo|Win32
		{35F5FC2F-F77E-3358-A230-5D1C7D4EEA18}.Debug|Win32.ActiveCfg = Debug|Win32
		{35F5FC2F-F77E-3358-A230-5D1C7D4EEA18}.Debug|Win32.Build.0 = Debug|Win32
		{35F5FC2F-F77E-3358-A230-5D1C7D4EEA18}.Release|Win32.ActiveCfg = Release|Win32
		{35F5FC2F-F77E-3358-A230-5D1C7D4EEA18}.Release|Win32.Build.0 = Release|Win32
		{35F5FC2F-F77E-3358-A230-5D1C7D4EEA18}.MinSizeRel|Win32.ActiveCfg = MinSizeRel|Win32
		{35F5FC2F-F77E-3358-A230-5D1C7D4EEA18}.MinSizeRel|Win32.Build.0 = MinSizeRel|Win32
		{35F5FC2F-F77E-3358-A230-5D1C7D4EEA18}.RelWithDebInfo|Win32.ActiveCfg = RelWithDebInfo|Win32
		{35F5FC2F-F77E-3358-A230-5D1C7D4EEA18}.RelWithDebInfo|Win32.Build.0 = RelWithDebInfo|Win32
		{0D5438FF-847D-3775-8A21-DC7B01B9EBB1}.Debug|Win32.ActiveCfg = Debug|Win32
		{0D5438FF-847D-3775-8A21-DC7B01B9EBB1}.Debug|Win32.Build.0 = Debug|Win32
		{0D5438FF-847D-3775-8A21-DC7B01B9EBB1}.Release|Win32.ActiveCfg = Release|Win32
		{0D5438FF-847D-3775-8A21-DC7B01B9EBB1}.Release|Win32.Build.0 = Release|Win32
		{0D5438FF-847D-3775-8A21-DC7B01B9EBB1}.MinSizeRel|Win32.ActiveCfg = MinSizeRel|Win32
		{0D5438FF-847D-3775-8A21-DC7B01B9EBB1}.MinSizeRel|Win32.Build.0 = MinSizeRel|Win32
		{0D5438FF-847D-3775-8A21-DC7B01B9EBB1}.RelWithDebInfo|Win32.ActiveCfg = RelWithDebInfo|Win32
		{0D5438FF-847D-3775-8A21-DC7B01B9EBB1}.RelWithDebInfo|Win32.Build.0 = RelWithDebInfo|Win32
		{C493D009-740A-3912-A540-EFA5A7D46EE4}.Debug|Win32.ActiveCfg = Debug|Win32
		{C493D009-740A-3912-A540-EFA5A7D46EE4}.Debug|Win32.Build.0 = Debug|Win32
		{C493D009-740A-3912-A540-EFA5A7D46EE4}.Release|Win32.ActiveCfg = Release|Win32
		{C493D009-740A-3912-A540-EFA5A7D46EE4}.Release|Win32.Build.0 = Release|Win32
		{C493D009-740A-3912-A540-EFA5A7D46EE4}.MinSizeRel|Win32.ActiveCfg = MinSizeRel|Win32
		{C493D009-740A-3912-A540-EFA5A7D46EE4}.MinSizeRel|Win32.Build.0 = MinSizeRel|Win32
		{C493D009-740A-3912-A540-EFA5A7D46EE4}.RelWithDebInfo|Win32.ActiveCfg = RelWithDebInfo|Win32
		{C493D009-740A-3912-A540-EFA5A7D46EE4}.RelWithDebInfo|Win32.Build.0 = RelWithDebInfo|Win32
		{65DFFAD0-98B1-3867-9C8C-12B3F7BF0E96}.Debug|Win32.ActiveCfg = Debug|Win32
		{65DFFAD0-98B1-3867-9C8C-12B3F7BF0E96}.Debug|Win32.Build.0 = Debug|Win32
		{65DFFAD0-98B1-3867-9C8C-12B3F7BF0E96}.Release|Win32.ActiveCfg = Release|Win32
		{65DFFAD0-98B1-3867-9C8C-12B3F7BF0E96}.Release|Win32.Build.0 = Release|Win32
		{65DFFAD0-98B1-3867-9C8C-12B3F7BF0E96}.MinSizeRel|Win32.ActiveCfg = MinSizeRel|Win32
		{65DFFAD0-98B1-3867-9C8C-12B3F7BF0E96}.MinSizeRel|Win32.Build.0 = MinSizeRel|Win32
		{65DFFAD0-98B1-3867-9C8C-12B3F7BF0E96}.RelWithDebInfo|Win32.ActiveCfg = RelWithDebInfo|Win32
		{65DFFAD0-98B1-3867-9C8C-12B3F7BF0E96}.RelWithDebInfo|Win32.Build.0 = RelWithDebInfo|Win32
		{C0B61627-5130-3622-B315-D4154EF5DAE3}.Debug|Win32.ActiveCfg = Debug|Win32
		{C0B61627-5130-3622-B315-D4154EF5DAE3}.Debug|Win32.Build.0 = Debug|Win32
		{C0B61627-5130-3622-B315-D4154EF5DAE3}.Release|Win32.ActiveCfg = Release|Win32
		{C0B61627-5130-3622-B315-D4154EF5DAE3}.Release|Win32.Build.0 = Release|Win32
		{C0B61627-5130-3622-B315-D4154EF5DAE3}.MinSizeRel|Win32.ActiveCfg = MinSizeRel|Win32
		{C0B61627-5130-3622-B315-D4154EF5DAE3}.MinSizeRel|Win32.Build.0 = MinSizeRel|Win32
		{C0B61627-5130-3622-B315-D4154EF5DAE3}.RelWithDebInfo|Win32.ActiveCfg = RelWithDebInfo|Win32
		{C0B61627-5130-3622-B315-D4154EF5DAE3}.RelWithDebInfo|Win32.Build.0 = RelWithDebInfo|Win32
		{6E466A58-A061-3E25-A0E4-2446886F79B5}.Debug|Win32.ActiveCfg = Debug|Win32
		{6E466A58-A061-3E25-A0E4-2446886F79B5}.Debug|Win32.Build.0 = Debug|Win32
		{6E466A58-A061-3E25-A0E4-2446886F79B5}.Release|Win32.ActiveCfg = Release|Win32
		{6E466A58-A061-3E25-A0E4-2446886F79B5}.Release|Win32.Build.0 = Release|Win32
		{6E466A58-A061-3E25-A0E4-2446886F79B5}.MinSizeRel|Win32.ActiveCfg = MinSizeRel|Win32
		{6E466A58-A061-3E25-A0E4-2446886F79B5}.MinSizeRel|Win32.Build.0 = MinSizeRel|Win32
		{6E466A58-A061-3E25-A0E4-2446886F79B5}.RelWithDebInfo|Win32.ActiveCfg = RelWithDebInfo|Win32
		{6E466A58-A061-3E25-A0E4-2446886F79B5}.RelWithDebInfo|Win32.Build.0 = RelWithDebInfo|Win32
		{F67A355D-A67A-3B9F-9681-227E60EF5198}.Debug|Win32.ActiveCfg = Debug|Win32
		{F67A355D-A67A-3B9F-9681-227E60EF5198}.Debug|Win32.Build.0 = Debug|Win32
		{F67A355D-A67A-3B9F-9681-227E60EF5198}.Release|Win32.ActiveCfg = Release|Win32
		{F67A355D-A67A-3B9F-9681-227E60EF5198}.Release|Win32.Build.0 = Release|Win32
		{F67A355D-A67A-3B9F-9681-227E60EF5198}.MinSizeRel|Win32.ActiveCfg = MinSizeRel|Win32
		{F67A355D-A67A-3B9F-9681-227E60EF5198}.MinSizeRel|Win32.Build.0 = MinSizeRel|Win32
		{F67A355D-A67A-3B9F-9681-227E60EF5198}.RelWithDebInfo|Win32.ActiveCfg = RelWithDebInfo|Win32
		{F67A355D-A67A-3B9F-9681-227E60EF5198}.RelWithDebInfo|Win32.Build.0 = RelWithDebInfo|Win32
		{C72F07B7-4934-3208-89B7-C74396428091}.Debug|Win32.ActiveCfg = Debug|Win32
		{C72F07B7-4934-3208-89B7-C74396428091}.Debug|Win32.Build.0 = Debug|Win32
		{C72F07B7-4934-3208-89B7-C74396428091}.Release|Win32.ActiveCfg = Release|Win32
		{C72F07B7-4934-3208-89B7-C74396428091}.Release|Win32.Build.0 = Release|Win32
		{C72F07B7-4934-3208-89B7-C74396428091}.MinSizeRel|Win32.ActiveCfg = MinSizeRel|Win32
		{C72F07B7-4934-3208-89B7-C74396428091}.MinSizeRel|Win32.Build.0 = MinSizeRel|Win32
		{C72F07B7-4934-3208-89B7-C74396428091}.RelWithDebInfo|Win32.ActiveCfg = RelWithDebInfo|Win32
		{C72F07B7-4934-3208-89B7-C74396428091}.RelWithDebInfo|Win32.Build.0 = RelWithDebInfo|Win32
		{0A2CA713-5A26-3DFB-8217-4CE512E444C1}.Debug|Win32.ActiveCfg = Debug|Win32
		{0A2CA713-5A26-3DFB-8217-4CE512E444C1}.Debug|Win32.Build.0 = Debug|Win32
		{0A2CA713-5A26-3DFB-8217-4CE512E444C1}.Release|Win32.ActiveCfg = Release|Win32
		{0A2CA713-5A26-3DFB-8217-4CE512E444C1}.Release|Win32.Build.0 = Release|Win32
		{0A2CA713-5A26-3DFB-8217-4CE512E444C1}.MinSizeRel|Win32.ActiveCfg = MinSizeRel|Win32
		{0A2CA713-5A26-3DFB-8217-4CE512E444C1}.MinSizeRel|Win32.Build.0 = MinSizeRel|Win32
		{0A2CA713-5A26-3DFB-8217-4CE512E444C1}.RelWithDebInfo|Win32.ActiveCfg = RelWithDebInfo|Win32
		{0A2CA713-5A26-3DFB-8217-4CE512E444C1}.RelWithDebInfo|Win32.Build.0 = RelWithDebInfo|Win32
		{1D6602EF-2A96-3577-866B-D8745112FBA5}.Debug|Win32.ActiveCfg = Debug|Win32
		{1D6602EF-2A96-3577-866B-D8745112FBA5}.Debug|Win32.Build.0 = Debug|Win32
		{1D6602EF-2A96-3577-866B-D8745112FBA5}.Release|Win32.ActiveCfg = Release|Win32
		{1D6602EF-2A96-3577-866B-D8745112FBA5}.Release|Win32.Build.0 = Release|Win32
		{1D6602EF-2A96-3577-866B-D8745112FBA5}.MinSizeRel|Win32.ActiveCfg = MinSizeRel|Win32
		{1D6602EF-2A96-3577-866B-D8745112FBA5}.MinSizeRel|Win32.Build.0 = MinSizeRel|Win32
		{1D6602EF-2A96-3577-866B-D8745112FBA5}.RelWithDebInfo|Win32.ActiveCfg = RelWithDebInfo|Win32
		{1D6602EF-2A96-3577-866B-D8745112FBA5}.RelWithDebInfo|Win32.Build.0 = RelWithDebInfo|Win32
		{F3FC2CB4-6104-3020-8800-511BF2000354}.Debug|Win32.ActiveCfg = Debug|Win32
		{F3FC2CB4-6104-3020-8800-511BF2000354}.Debug|Win32.Build.0 = Debug|Win32
		{F3FC2CB4-6104-3020-8800-511BF2000354}.Release|Win32.ActiveCfg = Release|Win32
		{F3FC2CB4-6104-3020-8800-511BF2000354}.Release|Win32.Build.0 = Release|Win32
		{F3FC2CB4-6104-3020-8800-511BF2000354}.MinSizeRel|Win32.ActiveCfg = MinSizeRel|Win32
		{F3FC2CB4-6104-3020-8800-511BF2000354}.MinSizeRel|Win32.Build.0 = MinSizeRel|Win32
		{F3FC2CB4-6104-3020-8800-511BF2000354}.RelWithDebInfo|Win32.ActiveCfg = RelWithDebInfo|Win32
		{F3FC2CB4-6104-3020-8800-511BF2000354}.RelWithDebInfo|Win32.Build.0 = RelWithDebInfo|Win32
		{62524F08-DACB-3711-86E8-073F1306FBAA}.Debug|Win32.ActiveCfg = Debug|Win32
		{62524F08-DACB-3711-86E8-073F1306FBAA}.Debug|Win32.Build.0 = Debug|Win32
		{62524F08-DACB-3711-86E8-073F1306FBAA}.Release|Win32.ActiveCfg = Release|Win32
		{62524F08-DACB-3711-86E8-073F1306FBAA}.Release|Win32.Build.0 = Release|Win32
		{62524F08-DACB-3711-86E8-073F1306FBAA}.MinSizeRel|Win32.ActiveCfg = MinSizeRel|Win32
		{62524F08-DACB-3711-86E8-073F1306FBAA}.MinSizeRel|Win32.Build.0 = MinSizeRel|Win32
		{62524F08-DACB-3711-86E8-073F1306FBAA}.RelWithDebInfo|Win32.ActiveCfg = RelWithDebInfo|Win32
		{62524F08-DACB-3711-86E8-073F1306FBAA}.RelWithDebInfo|Win32.Build.0 = RelWithDebInfo|Win32
		{15CE31DF-E727-3BA0-986F-5E9D85786D96}.Debug|Win32.ActiveCfg = Debug|Win32
		{15CE31DF-E727-3BA0-986F-5E9D85786D96}.Debug|Win32.Build.0 = Debug|Win32
		{15CE31DF-E727-3BA0-986F-5E9D85786D96}.Release|Win32.ActiveCfg = Release|Win32
		{15CE31DF-E727-3BA0-986F-5E9D85786D96}.Release|Win32.Build.0 = Release|Win32
		{15CE31DF-E727-3BA0-986F-5E9D85786D96}.MinSizeRel|Win32.ActiveCfg = MinSizeRel|Win32
		{15CE31DF-E727-3BA0-986F-5E9D85786D96}.MinSizeRel|Win32.Build.0 = MinSizeRel|Win32
		{15CE31DF-E727-3BA0-986F-5E9D85786D96}.RelWithDebInfo|Win32.ActiveCfg = RelWithDebInfo|Win32
		{15CE31DF-E727-3BA0-986F-5E9D85786D96}.RelWithDebInfo|Win32.Build.0 = RelWithDebInfo|Win32
		{C800AB48-451B-3673-8399-BB0C547517CC}.Debug|Win32.ActiveCfg = Debug|Win32
		{C800AB48-451B-3673-8399-BB0C547517CC}.Debug|Win32.Build.0 = Debug|Win32
		{C800AB48-451B-3673-8399-BB0C547517CC}.Release|Win32.ActiveCfg = Release|Win32
		{C800AB48-451B-3673-8399-BB0C547517CC}.Release|Win32.Build.0 = Release|Win32
		{C800AB48-451B-3673-8399-BB0C547517CC}.MinSizeRel|Win32.ActiveCfg = MinSizeRel|Win32
		{C800AB48-451B-3673-8399-BB0C547517CC}.MinSizeRel|Win32.Build.0 = MinSizeRel|Win32
		{C800AB48-451B-3673-8399-BB0C547517CC}.RelWithDebInfo|Win32.ActiveCfg = RelWithDebInfo|Win32
		{C800AB48-451B-3673-8399-BB0C547517CC}.RelWithDebInfo|Win32.Build.0 = RelWithDebInfo|Win32
		{B64006AC-9778-3F35-B945-353B189B710F}.Debug|Win32.ActiveCfg = Debug|Win32
		{B64006AC-9778-3F35-B945-353B189B710F}.Debug|Win32.Build.0 = Debug|Win32
		{B64006AC-9778-3F35-B945-353B189B710F}.Release|Win32.ActiveCfg = Release|Win32
		{B64006AC-9778-3F35-B945-353B189B710F}.Release|Win32.Build.0 = Release|Win32
		{B64006AC-9778-3F35-B945-353B189B710F}.MinSizeRel|Win32.ActiveCfg = MinSizeRel|Win32
		{B64006AC-9778-3F35-B945-353B189B710F}.MinSizeRel|Win32.Build.0 = MinSizeRel|Win32
		{B64006AC-9778-3F35-B945-353B189B710F}.RelWithDebInfo|Win32.ActiveCfg = RelWithDebInfo|Win32
		{B64006AC-9778-3F35-B945-353B189B710F}.RelWithDebInfo|Win32.Build.0 = RelWithDebInfo|Win32
		{9D8F910A-A0D4-3C01-B098-AFA17CAB4CA9}.Debug|Win32.ActiveCfg = Debug|Win32
		{9D8F910A-A0D4-3C01-B098-AFA17CAB4CA9}.Debug|Win32.Build.0 = Debug|Win32
		{9D8F910A-A0D4-3C01-B098-AFA17CAB4CA9}.Release|Win32.ActiveCfg = Release|Win32
		{9D8F910A-A0D4-3C01-B098-AFA17CAB4CA9}.Release|Win32.Build.0 = Release|Win32
		{9D8F910A-A0D4-3C01-B098-AFA17CAB4CA9}.MinSizeRel|Win32.ActiveCfg = MinSizeRel|Win32
		{9D8F910A-A0D4-3C01-B098-AFA17CAB4CA9}.MinSizeRel|Win32.Build.0 = MinSizeRel|Win32
		{9D8F910A-A0D4-3C01-B098-AFA17CAB4CA9}.RelWithDebInfo|Win32.ActiveCfg = RelWithDebInfo|Win32
		{9D8F910A-A0D4-3C01-B098-AFA17CAB4CA9}.RelWithDebInfo|Win32.Build.0 = RelWithDebInfo|Win32
		{B1ADAAEE-E454-36E1-B480-C8CB628F2C02}.Debug|Win32.ActiveCfg = Debug|Win32
		{B1ADAAEE-E454-36E1-B480-C8CB628F2C02}.Debug|Win32.Build.0 = Debug|Win32
		{B1ADAAEE-E454-36E1-B480-C8CB628F2C02}.Release|Win32.ActiveCfg = Release|Win32
		{B1ADAAEE-E454-36E1-B480-C8CB628F2C02}.Release|Win32.Build.0 = Release|Win32
		{B1ADAAEE-E454-36E1-B480-C8CB628F2C02}.MinSizeRel|Win32.ActiveCfg = MinSizeRel|Win32
		{B1ADAAEE-E454-36E1-B480-C8CB628F2C02}.MinSizeRel|Win32.Build.0 = MinSizeRel|Win32
		{B1ADAAEE-E454-36E1-B480-C8CB628F2C02}.RelWithDebInfo|Win32.ActiveCfg = RelWithDebInfo|Win32
		{B1ADAAEE-E454-36E1-B480-C8CB628F2C02}.RelWithDebInfo|Win32.Build.0 = RelWithDebInfo|Win32
		{9E58AAF1-EC0E-31C5-992D-C9CA145F5E3C}.Debug|Win32.ActiveCfg = Debug|Win32
		{9E58AAF1-EC0E-31C5-992D-C9CA145F5E3C}.Debug|Win32.Build.0 = Debug|Win32
		{9E58AAF1-EC0E-31C5-992D-C9CA145F5E3C}.Release|Win32.ActiveCfg = Release|Win32
		{9E58AAF1-EC0E-31C5-992D-C9CA145F5E3C}.Release|Win32.Build.0 = Release|Win32
		{9E58AAF1-EC0E-31C5-992D-C9CA145F5E3C}.MinSizeRel|Win32.ActiveCfg = MinSizeRel|Win32
		{9E58AAF1-EC0E-31C5-992D-C9CA145F5E3C}.MinSizeRel|Win32.Build.0 = MinSizeRel|Win32
		{9E58AAF1-EC0E-31C5-992D-C9CA145F5E3C}.RelWithDebInfo|Win32.ActiveCfg = RelWithDebInfo|Win32
		{9E58AAF1-EC0E-31C5-992D-C9CA145F5E3C}.RelWithDebInfo|Win32.Build.0 = RelWithDebInfo|Win32
		{9DC945F8-7C52-34B5-A46D-0012911AB7E0}.Debug|Win32.ActiveCfg = Debug|Win32
		{9DC945F8-7C52-34B5-A46D-0012911AB7E0}.Debug|Win32.Build.0 = Debug|Win32
		{9DC945F8-7C52-34B5-A46D-0012911AB7E0}.Release|Win32.ActiveCfg = Release|Win32
		{9DC945F8-7C52-34B5-A46D-0012911AB7E0}.Release|Win32.Build.0 = Release|Win32
		{9DC945F8-7C52-34B5-A46D-0012911AB7E0}.MinSizeRel|Win32.ActiveCfg = MinSizeRel|Win32
		{9DC945F8-7C52-34B5-A46D-0012911AB7E0}.MinSizeRel|Win32.Build.0 = MinSizeRel|Win32
		{9DC945F8-7C52-34B5-A46D-0012911AB7E0}.RelWithDebInfo|Win32.ActiveCfg = RelWithDebInfo|Win32
		{9DC945F8-7C52-34B5-A46D-0012911AB7E0}.RelWithDebInfo|Win32.Build.0 = RelWithDebInfo|Win32
		{BA90177F-4568-33C7-96A8-8586A0D313B3}.Debug|Win32.ActiveCfg = Debug|Win32
		{BA90177F-4568-33C7-96A8-8586A0D313B3}.Debug|Win32.Build.0 = Debug|Win32
		{BA90177F-4568-33C7-96A8-8586A0D313B3}.Release|Win32.ActiveCfg = Release|Win32
		{BA90177F-4568-33C7-96A8-8586A0D313B3}.Release|Win32.Build.0 = Release|Win32
		{BA90177F-4568-33C7-96A8-8586A0D313B3}.MinSizeRel|Win32.ActiveCfg = MinSizeRel|Win32
		{BA90177F-4568-33C7-96A8-8586A0D313B3}.MinSizeRel|Win32.Build.0 = MinSizeRel|Win32
		{BA90177F-4568-33C7-96A8-8586A0D313B3}.RelWithDebInfo|Win32.ActiveCfg = RelWithDebInfo|Win32
		{BA90177F-4568-33C7-96A8-8586A0D313B3}.RelWithDebInfo|Win32.Build.0 = RelWithDebInfo|Win32
		{AE104560-D76F-3F52-B058-DD4B5B42CD34}.Debug|Win32.ActiveCfg = Debug|Win32
		{AE104560-D76F-3F52-B058-DD4B5B42CD34}.Release|Win32.ActiveCfg = Release|Win32
		{AE104560-D76F-3F52-B058-DD4B5B42CD34}.MinSizeRel|Win32.ActiveCfg = MinSizeRel|Win32
		{AE104560-D76F-3F52-B058-DD4B5B42CD34}.RelWithDebInfo|Win32.ActiveCfg = RelWithDebInfo|Win32
		{2C662215-9A64-3F6E-A0EC-59C4FC16EDA4}.Debug|Win32.ActiveCfg = Debug|Win32
		{2C662215-9A64-3F6E-A0EC-59C4FC16EDA4}.Debug|Win32.Build.0 = Debug|Win32
		{2C662215-9A64-3F6E-A0EC-59C4FC16EDA4}.Release|Win32.ActiveCfg = Release|Win32
		{2C662215-9A64-3F6E-A0EC-59C4FC16EDA4}.Release|Win32.Build.0 = Release|Win32
		{2C662215-9A64-3F6E-A0EC-59C4FC16EDA4}.MinSizeRel|Win32.ActiveCfg = MinSizeRel|Win32
		{2C662215-9A64-3F6E-A0EC-59C4FC16EDA4}.MinSizeRel|Win32.Build.0 = MinSizeRel|Win32
		{2C662215-9A64-3F6E-A0EC-59C4FC16EDA4}.RelWithDebInfo|Win32.ActiveCfg = RelWithDebInfo|Win32
		{2C662215-9A64-3F6E-A0EC-59C4FC16EDA4}.RelWithDebInfo|Win32.Build.0 = RelWithDebInfo|Win32
		{F1744B35-F86D-3C81-948E-F4779137CF56}.Debug|Win32.ActiveCfg = Debug|Win32
		{F1744B35-F86D-3C81-948E-F4779137CF56}.Debug|Win32.Build.0 = Debug|Win32
		{F1744B35-F86D-3C81-948E-F4779137CF56}.Release|Win32.ActiveCfg = Release|Win32
		{F1744B35-F86D-3C81-948E-F4779137CF56}.Release|Win32.Build.0 = Release|Win32
		{F1744B35-F86D-3C81-948E-F4779137CF56}.MinSizeRel|Win32.ActiveCfg = MinSizeRel|Win32
		{F1744B35-F86D-3C81-948E-F4779137CF56}.MinSizeRel|Win32.Build.0 = MinSizeRel|Win32
		{F1744B35-F86D-3C81-948E-F4779137CF56}.RelWithDebInfo|Win32.ActiveCfg = RelWithDebInfo|Win32
		{F1744B35-F86D-3C81-948E-F4779137CF56}.RelWithDebInfo|Win32.Build.0 = RelWithDebInfo|Win32
		{FD07D8C2-098A-30C2-9AAA-9D10862E9DD1}.Debug|Win32.ActiveCfg = Debug|Win32
		{FD07D8C2-098A-30C2-9AAA-9D10862E9DD1}.Release|Win32.ActiveCfg = Release|Win32
		{FD07D8C2-098A-30C2-9AAA-9D10862E9DD1}.MinSizeRel|Win32.ActiveCfg = MinSizeRel|Win32
		{FD07D8C2-098A-30C2-9AAA-9D10862E9DD1}.RelWithDebInfo|Win32.ActiveCfg = RelWithDebInfo|Win32
		{8FCA2DA1-9708-3E70-A4C1-1D76E5415DEC}.Debug|Win32.ActiveCfg = Debug|Win32
		{8FCA2DA1-9708-3E70-A4C1-1D76E5415DEC}.Debug|Win32.Build.0 = Debug|Win32
		{8FCA2DA1-9708-3E70-A4C1-1D76E5415DEC}.Release|Win32.ActiveCfg = Release|Win32
		{8FCA2DA1-9708-3E70-A4C1-1D76E5415DEC}.Release|Win32.Build.0 = Release|Win32
		{8FCA2DA1-9708-3E70-A4C1-1D76E5415DEC}.MinSizeRel|Win32.ActiveCfg = MinSizeRel|Win32
		{8FCA2DA1-9708-3E70-A4C1-1D76E5415DEC}.MinSizeRel|Win32.Build.0 = MinSizeRel|Win32
		{8FCA2DA1-9708-3E70-A4C1-1D76E5415DEC}.RelWithDebInfo|Win32.ActiveCfg = RelWithDebInfo|Win32
		{8FCA2DA1-9708-3E70-A4C1-1D76E5415DEC}.RelWithDebInfo|Win32.Build.0 = RelWithDebInfo|Win32
		{A3F59D54-7DA5-33FA-AF1F-A121E8C31FD9}.Debug|Win32.ActiveCfg = Debug|Win32
		{A3F59D54-7DA5-33FA-AF1F-A121E8C31FD9}.Debug|Win32.Build.0 = Debug|Win32
		{A3F59D54-7DA5-33FA-AF1F-A121E8C31FD9}.Release|Win32.ActiveCfg = Release|Win32
		{A3F59D54-7DA5-33FA-AF1F-A121E8C31FD9}.Release|Win32.Build.0 = Release|Win32
		{A3F59D54-7DA5-33FA-AF1F-A121E8C31FD9}.MinSizeRel|Win32.ActiveCfg = MinSizeRel|Win32
		{A3F59D54-7DA5-33FA-AF1F-A121E8C31FD9}.MinSizeRel|Win32.Build.0 = MinSizeRel|Win32
		{A3F59D54-7DA5-33FA-AF1F-A121E8C31FD9}.RelWithDebInfo|Win32.ActiveCfg = RelWithDebInfo|Win32
		{A3F59D54-7DA5-33FA-AF1F-A121E8C31FD9}.RelWithDebInfo|Win32.Build.0 = RelWithDebInfo|Win32
		{1A9BB465-B45B-37EA-8430-61DD3DFB3B32}.Debug|Win32.ActiveCfg = Debug|Win32
		{1A9BB465-B45B-37EA-8430-61DD3DFB3B32}.Debug|Win32.Build.0 = Debug|Win32
		{1A9BB465-B45B-37EA-8430-61DD3DFB3B32}.Release|Win32.ActiveCfg = Release|Win32
		{1A9BB465-B45B-37EA-8430-61DD3DFB3B32}.Release|Win32.Build.0 = Release|Win32
		{1A9BB465-B45B-37EA-8430-61DD3DFB3B32}.MinSizeRel|Win32.ActiveCfg = MinSizeRel|Win32
		{1A9BB465-B45B-37EA-8430-61DD3DFB3B32}.MinSizeRel|Win32.Build.0 = MinSizeRel|Win32
		{1A9BB465-B45B-37EA-8430-61DD3DFB3B32}.RelWithDebInfo|Win32.ActiveCfg = RelWithDebInfo|Win32
		{1A9BB465-B45B-37EA-8430-61DD3DFB3B32}.RelWithDebInfo|Win32.Build.0 = RelWithDebInfo|Win32
		{570A54DE-1ACA-3AA4-BC60-3E5E4C98DE54}.Debug|Win32.ActiveCfg = Debug|Win32
		{570A54DE-1ACA-3AA4-BC60-3E5E4C98DE54}.Debug|Win32.Build.0 = Debug|Win32
		{570A54DE-1ACA-3AA4-BC60-3E5E4C98DE54}.Release|Win32.ActiveCfg = Release|Win32
		{570A54DE-1ACA-3AA4-BC60-3E5E4C98DE54}.Release|Win32.Build.0 = Release|Win32
		{570A54DE-1ACA-3AA4-BC60-3E5E4C98DE54}.MinSizeRel|Win32.ActiveCfg = MinSizeRel|Win32
		{570A54DE-1ACA-3AA4-BC60-3E5E4C98DE54}.MinSizeRel|Win32.Build.0 = MinSizeRel|Win32
		{570A54DE-1ACA-3AA4-BC60-3E5E4C98DE54}.RelWithDebInfo|Win32.ActiveCfg = RelWithDebInfo|Win32
		{570A54DE-1ACA-3AA4-BC60-3E5E4C98DE54}.RelWithDebInfo|Win32.Build.0 = RelWithDebInfo|Win32
		{BDDF13B5-18AF-30CE-AA9B-FAFEA409227B}.Debug|Win32.ActiveCfg = Debug|Win32
		{BDDF13B5-18AF-30CE-AA9B-FAFEA409227B}.Debug|Win32.Build.0 = Debug|Win32
		{BDDF13B5-18AF-30CE-AA9B-FAFEA409227B}.Release|Win32.ActiveCfg = Release|Win32
		{BDDF13B5-18AF-30CE-AA9B-FAFEA409227B}.Release|Win32.Build.0 = Release|Win32
		{BDDF13B5-18AF-30CE-AA9B-FAFEA409227B}.MinSizeRel|Win32.ActiveCfg = MinSizeRel|Win32
		{BDDF13B5-18AF-30CE-AA9B-FAFEA409227B}.MinSizeRel|Win32.Build.0 = MinSizeRel|Win32
		{BDDF13B5-18AF-30CE-AA9B-FAFEA409227B}.RelWithDebInfo|Win32.ActiveCfg = RelWithDebInfo|Win32
		{BDDF13B5-18AF-30CE-AA9B-FAFEA409227B}.RelWithDebInfo|Win32.Build.0 = RelWithDebInfo|Win32
		{1CDBC9D2-0C7B-3A96-87BB-AAC7CD9AEE96}.Debug|Win32.ActiveCfg = Debug|Win32
		{1CDBC9D2-0C7B-3A96-87BB-AAC7CD9AEE96}.Debug|Win32.Build.0 = Debug|Win32
		{1CDBC9D2-0C7B-3A96-87BB-AAC7CD9AEE96}.Release|Win32.ActiveCfg = Release|Win32
		{1CDBC9D2-0C7B-3A96-87BB-AAC7CD9AEE96}.Release|Win32.Build.0 = Release|Win32
		{1CDBC9D2-0C7B-3A96-87BB-AAC7CD9AEE96}.MinSizeRel|Win32.ActiveCfg = MinSizeRel|Win32
		{1CDBC9D2-0C7B-3A96-87BB-AAC7CD9AEE96}.MinSizeRel|Win32.Build.0 = MinSizeRel|Win32
		{1CDBC9D2-0C7B-3A96-87BB-AAC7CD9AEE96}.RelWithDebInfo|Win32.ActiveCfg = RelWithDebInfo|Win32
		{1CDBC9D2-0C7B-3A96-87BB-AAC7CD9AEE96}.RelWithDebInfo|Win32.Build.0 = RelWithDebInfo|Win32
		{7F59AAEF-4524-3A19-A0B9-136634926178}.Debug|Win32.ActiveCfg = Debug|Win32
		{7F59AAEF-4524-3A19-A0B9-136634926178}.Debug|Win32.Build.0 = Debug|Win32
		{7F59AAEF-4524-3A19-A0B9-136634926178}.Release|Win32.ActiveCfg = Release|Win32
		{7F59AAEF-4524-3A19-A0B9-136634926178}.Release|Win32.Build.0 = Release|Win32
		{7F59AAEF-4524-3A19-A0B9-136634926178}.MinSizeRel|Win32.ActiveCfg = MinSizeRel|Win32
		{7F59AAEF-4524-3A19-A0B9-136634926178}.MinSizeRel|Win32.Build.0 = MinSizeRel|Win32
		{7F59AAEF-4524-3A19-A0B9-136634926178}.RelWithDebInfo|Win32.ActiveCfg = RelWithDebInfo|Win32
		{7F59AAEF-4524-3A19-A0B9-136634926178}.RelWithDebInfo|Win32.Build.0 = RelWithDebInfo|Win32
		{73C5FCCC-2BAE-311F-98D9-C87FE82BAF18}.Debug|Win32.ActiveCfg = Debug|Win32
		{73C5FCCC-2BAE-311F-98D9-C87FE82BAF18}.Debug|Win32.Build.0 = Debug|Win32
		{73C5FCCC-2BAE-311F-98D9-C87FE82BAF18}.Release|Win32.ActiveCfg = Release|Win32
		{73C5FCCC-2BAE-311F-98D9-C87FE82BAF18}.Release|Win32.Build.0 = Release|Win32
		{73C5FCCC-2BAE-311F-98D9-C87FE82BAF18}.MinSizeRel|Win32.ActiveCfg = MinSizeRel|Win32
		{73C5FCCC-2BAE-311F-98D9-C87FE82BAF18}.MinSizeRel|Win32.Build.0 = MinSizeRel|Win32
		{73C5FCCC-2BAE-311F-98D9-C87FE82BAF18}.RelWithDebInfo|Win32.ActiveCfg = RelWithDebInfo|Win32
		{73C5FCCC-2BAE-311F-98D9-C87FE82BAF18}.RelWithDebInfo|Win32.Build.0 = RelWithDebInfo|Win32
		{13134B58-979B-332D-A72A-09694516F093}.Debug|Win32.ActiveCfg = Debug|Win32
		{13134B58-979B-332D-A72A-09694516F093}.Debug|Win32.Build.0 = Debug|Win32
		{13134B58-979B-332D-A72A-09694516F093}.Release|Win32.ActiveCfg = Release|Win32
		{13134B58-979B-332D-A72A-09694516F093}.Release|Win32.Build.0 = Release|Win32
		{13134B58-979B-332D-A72A-09694516F093}.MinSizeRel|Win32.ActiveCfg = MinSizeRel|Win32
		{13134B58-979B-332D-A72A-09694516F093}.MinSizeRel|Win32.Build.0 = MinSizeRel|Win32
		{13134B58-979B-332D-A72A-09694516F093}.RelWithDebInfo|Win32.ActiveCfg = RelWithDebInfo|Win32
		{13134B58-979B-332D-A72A-09694516F093}.RelWithDebInfo|Win32.Build.0 = RelWithDebInfo|Win32
		{1D55A127-2F56-3A82-87BE-5CA497B11D03}.Debug|Win32.ActiveCfg = Debug|Win32
		{1D55A127-2F56-3A82-87BE-5CA497B11D03}.Debug|Win32.Build.0 = Debug|Win32
		{1D55A127-2F56-3A82-87BE-5CA497B11D03}.Release|Win32.ActiveCfg = Release|Win32
		{1D55A127-2F56-3A82-87BE-5CA497B11D03}.Release|Win32.Build.0 = Release|Win32
		{1D55A127-2F56-3A82-87BE-5CA497B11D03}.MinSizeRel|Win32.ActiveCfg = MinSizeRel|Win32
		{1D55A127-2F56-3A82-87BE-5CA497B11D03}.MinSizeRel|Win32.Build.0 = MinSizeRel|Win32
		{1D55A127-2F56-3A82-87BE-5CA497B11D03}.RelWithDebInfo|Win32.ActiveCfg = RelWithDebInfo|Win32
		{1D55A127-2F56-3A82-87BE-5CA497B11D03}.RelWithDebInfo|Win32.Build.0 = RelWithDebInfo|Win32
		{C2418A6A-FA12-3095-9769-37FB870A4020}.Debug|Win32.ActiveCfg = Debug|Win32
		{C2418A6A-FA12-3095-9769-37FB870A4020}.Debug|Win32.Build.0 = Debug|Win32
		{C2418A6A-FA12-3095-9769-37FB870A4020}.Release|Win32.ActiveCfg = Release|Win32
		{C2418A6A-FA12-3095-9769-37FB870A4020}.Release|Win32.Build.0 = Release|Win32
		{C2418A6A-FA12-3095-9769-37FB870A4020}.MinSizeRel|Win32.ActiveCfg = MinSizeRel|Win32
		{C2418A6A-FA12-3095-9769-37FB870A4020}.MinSizeRel|Win32.Build.0 = MinSizeRel|Win32
		{C2418A6A-FA12-3095-9769-37FB870A4020}.RelWithDebInfo|Win32.ActiveCfg = RelWithDebInfo|Win32
		{C2418A6A-FA12-3095-9769-37FB870A4020}.RelWithDebInfo|Win32.Build.0 = RelWithDebInfo|Win32
	EndGlobalSection
	GlobalSection(ExtensibilityGlobals) = postSolution
	EndGlobalSection
	GlobalSection(ExtensibilityAddIns) = postSolution
	EndGlobalSection
EndGlobal
