<?xml version="1.0" encoding="UTF-8"?>
<Project ToolsVersion="14.0" xmlns="http://schemas.microsoft.com/developer/msbuild/2003">
  <ItemGroup>
    <ClCompile Include="D:\Development\Git\LibVertexPerfect\Libs\bulletphysics\Extras\obj2sdf\obj2sdf.cpp">
      <Filter>Source Files</Filter>
    </ClCompile>
    <ClCompile Include="D:\Development\Git\LibVertexPerfect\Libs\bulletphysics\examples\Utils\b3ResourcePath.cpp">
      <Filter>Source Files</Filter>
    </ClCompile>
    <ClCompile Include="D:\Development\Git\LibVertexPerfect\Libs\bulletphysics\examples\ThirdPartyLibs\Wavefront\tiny_obj_loader.cpp">
      <Filter>Source Files</Filter>
    </ClCompile>
  </ItemGroup>
  <ItemGroup>
    <ClInclude Include="D:\Development\Git\LibVertexPerfect\Libs\bulletphysics\examples\Utils\b3ResourcePath.h">
      <Filter>Header Files</Filter>
    </ClInclude>
  </ItemGroup>
  <ItemGroup>
    <CustomBuild Include="D:\Development\Git\LibVertexPerfect\Libs\bulletphysics\Extras\obj2sdf\CMakeLists.txt" />
  </ItemGroup>
  <ItemGroup>
    <Filter Include="Source Files">
      <UniqueIdentifier>{9EE3D89C-8C82-3903-B8E2-A28D775A59D7}</UniqueIdentifier>
    </Filter>
    <Filter Include="Header Files">
      <UniqueIdentifier>{B9F84514-B438-332A-8DEC-6F55764B6958}</UniqueIdentifier>
    </Filter>
  </ItemGroup>
</Project>
