<?xml version="1.0" encoding="UTF-8"?>
<Project ToolsVersion="14.0" xmlns="http://schemas.microsoft.com/developer/msbuild/2003">
  <ItemGroup>
    <ClCompile Include="D:\Development\Git\LibVertexPerfect\Libs\bulletphysics\examples\ExampleBrowser\OpenGLExampleBrowser.cpp">
      <Filter>Source Files</Filter>
    </ClCompile>
    <ClCompile Include="D:\Development\Git\LibVertexPerfect\Libs\bulletphysics\examples\ExampleBrowser\OpenGLGuiHelper.cpp">
      <Filter>Source Files</Filter>
    </ClCompile>
    <ClCompile Include="D:\Development\Git\LibVertexPerfect\Libs\bulletphysics\examples\ExampleBrowser\GL_ShapeDrawer.cpp">
      <Filter>Source Files</Filter>
    </ClCompile>
    <ClCompile Include="D:\Development\Git\LibVertexPerfect\Libs\bulletphysics\examples\ExampleBrowser\CollisionShape2TriangleMesh.cpp">
      <Filter>Source Files</Filter>
    </ClCompile>
    <ClCompile Include="D:\Development\Git\LibVertexPerfect\Libs\bulletphysics\examples\Utils\b3Clock.cpp">
      <Filter>Source Files</Filter>
    </ClCompile>
    <ClCompile Include="D:\Development\Git\LibVertexPerfect\Libs\bulletphysics\examples\Utils\ChromeTraceUtil.cpp">
      <Filter>Source Files</Filter>
    </ClCompile>
    <ClCompile Include="D:\Development\Git\LibVertexPerfect\Libs\bulletphysics\examples\Utils\b3ResourcePath.cpp">
      <Filter>Source Files</Filter>
    </ClCompile>
    <ClCompile Include="D:\Development\Git\LibVertexPerfect\Libs\bulletphysics\examples\ExampleBrowser\GwenGUISupport\GraphingTexture.cpp">
      <Filter>Source Files</Filter>
    </ClCompile>
    <ClCompile Include="D:\Development\Git\LibVertexPerfect\Libs\bulletphysics\examples\ExampleBrowser\GwenGUISupport\GwenParameterInterface.cpp">
      <Filter>Source Files</Filter>
    </ClCompile>
    <ClCompile Include="D:\Development\Git\LibVertexPerfect\Libs\bulletphysics\examples\ExampleBrowser\GwenGUISupport\GwenProfileWindow.cpp">
      <Filter>Source Files</Filter>
    </ClCompile>
    <ClCompile Include="D:\Development\Git\LibVertexPerfect\Libs\bulletphysics\examples\ExampleBrowser\GwenGUISupport\GwenTextureWindow.cpp">
      <Filter>Source Files</Filter>
    </ClCompile>
    <ClCompile Include="D:\Development\Git\LibVertexPerfect\Libs\bulletphysics\examples\ExampleBrowser\GwenGUISupport\gwenUserInterface.cpp">
      <Filter>Source Files</Filter>
    </ClCompile>
  </ItemGroup>
  <ItemGroup>
    <ClInclude Include="D:\Development\Git\LibVertexPerfect\Libs\bulletphysics\examples\ExampleBrowser\CollisionShape2TriangleMesh.h">
      <Filter>Header Files</Filter>
    </ClInclude>
    <ClInclude Include="D:\Development\Git\LibVertexPerfect\Libs\bulletphysics\examples\Utils\b3Clock.h">
      <Filter>Header Files</Filter>
    </ClInclude>
    <ClInclude Include="D:\Development\Git\LibVertexPerfect\Libs\bulletphysics\examples\Utils\ChromeTraceUtil.h">
      <Filter>Header Files</Filter>
    </ClInclude>
    <ClInclude Include="D:\Development\Git\LibVertexPerfect\Libs\bulletphysics\examples\Utils\b3ResourcePath.h">
      <Filter>Header Files</Filter>
    </ClInclude>
    <ClInclude Include="D:\Development\Git\LibVertexPerfect\Libs\bulletphysics\examples\Utils\b3ERPCFMHelper.hpp">
      <Filter>Header Files</Filter>
    </ClInclude>
    <ClInclude Include="D:\Development\Git\LibVertexPerfect\Libs\bulletphysics\examples\Utils\b3ReferenceFrameHelper.hpp">
      <Filter>Header Files</Filter>
    </ClInclude>
    <ClInclude Include="D:\Development\Git\LibVertexPerfect\Libs\bulletphysics\examples\ExampleBrowser\GwenGUISupport\GraphingTexture.h">
      <Filter>Header Files</Filter>
    </ClInclude>
    <ClInclude Include="D:\Development\Git\LibVertexPerfect\Libs\bulletphysics\examples\ExampleBrowser\GwenGUISupport\GwenParameterInterface.h">
      <Filter>Header Files</Filter>
    </ClInclude>
    <ClInclude Include="D:\Development\Git\LibVertexPerfect\Libs\bulletphysics\examples\ExampleBrowser\GwenGUISupport\GwenProfileWindow.h">
      <Filter>Header Files</Filter>
    </ClInclude>
    <ClInclude Include="D:\Development\Git\LibVertexPerfect\Libs\bulletphysics\examples\ExampleBrowser\GwenGUISupport\GwenTextureWindow.h">
      <Filter>Header Files</Filter>
    </ClInclude>
    <ClInclude Include="D:\Development\Git\LibVertexPerfect\Libs\bulletphysics\examples\ExampleBrowser\GwenGUISupport\gwenInternalData.h">
      <Filter>Header Files</Filter>
    </ClInclude>
    <ClInclude Include="D:\Development\Git\LibVertexPerfect\Libs\bulletphysics\examples\ExampleBrowser\GwenGUISupport\gwenUserInterface.h">
      <Filter>Header Files</Filter>
    </ClInclude>
  </ItemGroup>
  <ItemGroup>
    <CustomBuild Include="D:\Development\Git\LibVertexPerfect\Libs\bulletphysics\examples\ExampleBrowser\CMakeLists.txt" />
  </ItemGroup>
  <ItemGroup>
    <Filter Include="Source Files">
      <UniqueIdentifier>{9EE3D89C-8C82-3903-B8E2-A28D775A59D7}</UniqueIdentifier>
    </Filter>
    <Filter Include="Header Files">
      <UniqueIdentifier>{B9F84514-B438-332A-8DEC-6F55764B6958}</UniqueIdentifier>
    </Filter>
  </ItemGroup>
</Project>
