
Microsoft Visual Studio Solution File, Format Version 12.00
# Visual Studio 14
VisualStudioVersion = 14.0.25420.1
MinimumVisualStudioVersion = 10.0.40219.1
Project("{8BC9CEB8-8B4A-11D0-8D11-00A0C91BC942}") = "LibVertexPerfect", "LibVertexPerfect\LibVertexPerfect.vcxproj", "{39B2EDF2-A419-412D-A73C-D55B48D684F8}"
	ProjectSection(ProjectDependencies) = postProject
		{D9EB2CC4-9C27-3C06-94C6-353DA59FEC28} = {D9EB2CC4-9C27-3C06-94C6-353DA59FEC28}
		{51E83CD8-AFBC-31E9-93AE-DCBE9A97887D} = {51E83CD8-AFBC-31E9-93AE-DCBE9A97887D}
		{DA6CF95B-62C0-355C-BF44-0EA9A8AF6932} = {DA6CF95B-62C0-355C-BF44-0EA9A8AF6932}
	EndProjectSection
EndProject
Project("{8BC9CEB8-8B4A-11D0-8D11-00A0C91BC942}") = "LinearMath", "..\Libs\bullet3\src\LinearMath\LinearMath.vcxproj", "{D9EB2CC4-9C27-3C06-94C6-353DA59FEC28}"
EndProject
Project("{8BC9CEB8-8B4A-11D0-8D11-00A0C91BC942}") = "BulletCollision", "..\Libs\bullet3\src\BulletCollision\BulletCollision.vcxproj", "{51E83CD8-AFBC-31E9-93AE-DCBE9A97887D}"
EndProject
Project("{8BC9CEB8-8B4A-11D0-8D11-00A0C91BC942}") = "BulletDynamics", "..\Libs\bullet3\src\BulletDynamics\BulletDynamics.vcxproj", "{DA6CF95B-62C0-355C-BF44-0EA9A8AF6932}"
EndProject
Global
	GlobalSection(SolutionConfigurationPlatforms) = preSolution
		Debug|x64 = Debug|x64
		Debug|x86 = Debug|x86
		MinSizeRel|x64 = MinSizeRel|x64
		MinSizeRel|x86 = MinSizeRel|x86
		Release|x64 = Release|x64
		Release|x86 = Release|x86
		RelWithDebInfo|x64 = RelWithDebInfo|x64
		RelWithDebInfo|x86 = RelWithDebInfo|x86
	EndGlobalSection
	GlobalSection(ProjectConfigurationPlatforms) = postSolution
		{39B2EDF2-A419-412D-A73C-D55B48D684F8}.Debug|x64.ActiveCfg = Debug|x64
		{39B2EDF2-A419-412D-A73C-D55B48D684F8}.Debug|x64.Build.0 = Debug|x64
		{39B2EDF2-A419-412D-A73C-D55B48D684F8}.Debug|x86.ActiveCfg = Debug|Win32
		{39B2EDF2-A419-412D-A73C-D55B48D684F8}.Debug|x86.Build.0 = Debug|Win32
		{39B2EDF2-A419-412D-A73C-D55B48D684F8}.MinSizeRel|x64.ActiveCfg = Release|x64
		{39B2EDF2-A419-412D-A73C-D55B48D684F8}.MinSizeRel|x64.Build.0 = Release|x64
		{39B2EDF2-A419-412D-A73C-D55B48D684F8}.MinSizeRel|x86.ActiveCfg = Release|Win32
		{39B2EDF2-A419-412D-A73C-D55B48D684F8}.MinSizeRel|x86.Build.0 = Release|Win32
		{39B2EDF2-A419-412D-A73C-D55B48D684F8}.Release|x64.ActiveCfg = Release|x64
		{39B2EDF2-A419-412D-A73C-D55B48D684F8}.Release|x64.Build.0 = Release|x64
		{39B2EDF2-A419-412D-A73C-D55B48D684F8}.Release|x86.ActiveCfg = Release|Win32
		{39B2EDF2-A419-412D-A73C-D55B48D684F8}.Release|x86.Build.0 = Release|Win32
		{39B2EDF2-A419-412D-A73C-D55B48D684F8}.RelWithDebInfo|x64.ActiveCfg = Release|x64
		{39B2EDF2-A419-412D-A73C-D55B48D684F8}.RelWithDebInfo|x64.Build.0 = Release|x64
		{39B2EDF2-A419-412D-A73C-D55B48D684F8}.RelWithDebInfo|x86.ActiveCfg = Release|Win32
		{39B2EDF2-A419-412D-A73C-D55B48D684F8}.RelWithDebInfo|x86.Build.0 = Release|Win32
		{D9EB2CC4-9C27-3C06-94C6-353DA59FEC28}.Debug|x64.ActiveCfg = Debug|Win32
		{D9EB2CC4-9C27-3C06-94C6-353DA59FEC28}.Debug|x86.ActiveCfg = Debug|Win32
		{D9EB2CC4-9C27-3C06-94C6-353DA59FEC28}.Debug|x86.Build.0 = Debug|Win32
		{D9EB2CC4-9C27-3C06-94C6-353DA59FEC28}.MinSizeRel|x64.ActiveCfg = MinSizeRel|Win32
		{D9EB2CC4-9C27-3C06-94C6-353DA59FEC28}.MinSizeRel|x86.ActiveCfg = MinSizeRel|Win32
		{D9EB2CC4-9C27-3C06-94C6-353DA59FEC28}.MinSizeRel|x86.Build.0 = MinSizeRel|Win32
		{D9EB2CC4-9C27-3C06-94C6-353DA59FEC28}.Release|x64.ActiveCfg = Release|Win32
		{D9EB2CC4-9C27-3C06-94C6-353DA59FEC28}.Release|x86.ActiveCfg = Release|Win32
		{D9EB2CC4-9C27-3C06-94C6-353DA59FEC28}.Release|x86.Build.0 = Release|Win32
		{D9EB2CC4-9C27-3C06-94C6-353DA59FEC28}.RelWithDebInfo|x64.ActiveCfg = RelWithDebInfo|Win32
		{D9EB2CC4-9C27-3C06-94C6-353DA59FEC28}.RelWithDebInfo|x86.ActiveCfg = RelWithDebInfo|Win32
		{D9EB2CC4-9C27-3C06-94C6-353DA59FEC28}.RelWithDebInfo|x86.Build.0 = RelWithDebInfo|Win32
		{51E83CD8-AFBC-31E9-93AE-DCBE9A97887D}.Debug|x64.ActiveCfg = Debug|Win32
		{51E83CD8-AFBC-31E9-93AE-DCBE9A97887D}.Debug|x86.ActiveCfg = Debug|Win32
		{51E83CD8-AFBC-31E9-93AE-DCBE9A97887D}.Debug|x86.Build.0 = Debug|Win32
		{51E83CD8-AFBC-31E9-93AE-DCBE9A97887D}.MinSizeRel|x64.ActiveCfg = MinSizeRel|Win32
		{51E83CD8-AFBC-31E9-93AE-DCBE9A97887D}.MinSizeRel|x86.ActiveCfg = MinSizeRel|Win32
		{51E83CD8-AFBC-31E9-93AE-DCBE9A97887D}.MinSizeRel|x86.Build.0 = MinSizeRel|Win32
		{51E83CD8-AFBC-31E9-93AE-DCBE9A97887D}.Release|x64.ActiveCfg = Release|Win32
		{51E83CD8-AFBC-31E9-93AE-DCBE9A97887D}.Release|x86.ActiveCfg = Release|Win32
		{51E83CD8-AFBC-31E9-93AE-DCBE9A97887D}.Release|x86.Build.0 = Release|Win32
		{51E83CD8-AFBC-31E9-93AE-DCBE9A97887D}.RelWithDebInfo|x64.ActiveCfg = RelWithDebInfo|Win32
		{51E83CD8-AFBC-31E9-93AE-DCBE9A97887D}.RelWithDebInfo|x86.ActiveCfg = RelWithDebInfo|Win32
		{51E83CD8-AFBC-31E9-93AE-DCBE9A97887D}.RelWithDebInfo|x86.Build.0 = RelWithDebInfo|Win32
		{DA6CF95B-62C0-355C-BF44-0EA9A8AF6932}.Debug|x64.ActiveCfg = Debug|Win32
		{DA6CF95B-62C0-355C-BF44-0EA9A8AF6932}.Debug|x86.ActiveCfg = Debug|Win32
		{DA6CF95B-62C0-355C-BF44-0EA9A8AF6932}.Debug|x86.Build.0 = Debug|Win32
		{DA6CF95B-62C0-355C-BF44-0EA9A8AF6932}.MinSizeRel|x64.ActiveCfg = MinSizeRel|Win32
		{DA6CF95B-62C0-355C-BF44-0EA9A8AF6932}.MinSizeRel|x86.ActiveCfg = MinSizeRel|Win32
		{DA6CF95B-62C0-355C-BF44-0EA9A8AF6932}.MinSizeRel|x86.Build.0 = MinSizeRel|Win32
		{DA6CF95B-62C0-355C-BF44-0EA9A8AF6932}.Release|x64.ActiveCfg = Release|Win32
		{DA6CF95B-62C0-355C-BF44-0EA9A8AF6932}.Release|x86.ActiveCfg = Release|Win32
		{DA6CF95B-62C0-355C-BF44-0EA9A8AF6932}.Release|x86.Build.0 = Release|Win32
		{DA6CF95B-62C0-355C-BF44-0EA9A8AF6932}.RelWithDebInfo|x64.ActiveCfg = RelWithDebInfo|Win32
		{DA6CF95B-62C0-355C-BF44-0EA9A8AF6932}.RelWithDebInfo|x86.ActiveCfg = RelWithDebInfo|Win32
		{DA6CF95B-62C0-355C-BF44-0EA9A8AF6932}.RelWithDebInfo|x86.Build.0 = RelWithDebInfo|Win32
	EndGlobalSection
	GlobalSection(SolutionProperties) = preSolution
		HideSolutionNode = FALSE
	EndGlobalSection
EndGlobal
